
Microsoft Visual Studio Solution File, Format Version 12.00
Project("{FAE04EC0-301F-11D3-BF4B-00C04F79EFBC}") = "P_01_01", "P_01_01\P_01_01.csproj", "{86B13EAB-4605-4D6A-AF0E-E21B4E973320}"
EndProject
Project("{FAE04EC0-301F-11D3-BF4B-00C04F79EFBC}") = "P_01_01.Tests", "P_01_01.Tests\P_01_01.Tests.csproj", "{3F386F94-FC93-4181-A561-21E8491004B8}"
EndProject
Project("{FAE04EC0-301F-11D3-BF4B-00C04F79EFBC}") = "P_01_02.Tests", "P_01_02.Tests\P_01_02.Tests.csproj", "{A54D58EB-3A84-49A2-BACB-CF2ACA2CEDAA}"
EndProject
Project("{FAE04EC0-301F-11D3-BF4B-00C04F79EFBC}") = "P_01_03.Tests", "P_01_03.Tests\P_01_03.Tests.csproj", "{BEF0D50E-3609-4216-A7C6-ACB201EE5557}"
EndProject
Project("{FAE04EC0-301F-11D3-BF4B-00C04F79EFBC}") = "P_01_04.Tests", "P_01_04.Tests\P_01_04.Tests.csproj", "{0B92A575-8A27-47AE-978E-6CDC6271521E}"
EndProject
Project("{FAE04EC0-301F-11D3-BF4B-00C04F79EFBC}") = "P_01_05.Tests", "P_01_05.Tests\P_01_05.Tests.csproj", "{D8677B20-1EA6-4C3F-9C27-C1D4C00494E7}"
EndProject
Project("{FAE04EC0-301F-11D3-BF4B-00C04F79EFBC}") = "P_01_02", "P_01_02\P_01_02.csproj", "{3AB2B4AF-1EEC-4803-ADA2-2EEA9327A5DD}"
EndProject
Project("{FAE04EC0-301F-11D3-BF4B-00C04F79EFBC}") = "P_01_03", "P_01_03\P_01_03.csproj", "{98367C41-78AD-4313-B6AB-1E2737CFCD38}"
EndProject
Project("{FAE04EC0-301F-11D3-BF4B-00C04F79EFBC}") = "P_01_05", "P_01_05\P_01_05.csproj", "{445ADE2E-8E87-4222-A923-6BDA8F3315BC}"
EndProject
Project("{FAE04EC0-301F-11D3-BF4B-00C04F79EFBC}") = "P_01_04", "P_01_04\P_01_04.csproj", "{8BDC0E00-D7F2-4F91-963F-B7F9EB308034}"
EndProject
Project("{FAE04EC0-301F-11D3-BF4B-00C04F79EFBC}") = "P_01_06", "P_01_06\P_01_06.csproj", "{5FE67B7F-5E28-4F20-A9E0-C520C42079E1}"
EndProject
Project("{FAE04EC0-301F-11D3-BF4B-00C04F79EFBC}") = "P_01_07", "P_01_07\P_01_07.csproj", "{C7446045-A8A1-4567-9412-DDDD4A9F46BF}"
EndProject
Project("{FAE04EC0-301F-11D3-BF4B-00C04F79EFBC}") = "P_01_08", "P_01_08\P_01_08.csproj", "{782E64DB-0D67-4295-99ED-0C244321B344}"
EndProject
Project("{FAE04EC0-301F-11D3-BF4B-00C04F79EFBC}") = "P_01_09", "P_01_09\P_01_09.csproj", "{5BA33D0D-1FD2-441C-BB63-C476B958B7EF}"
EndProject
Project("{FAE04EC0-301F-11D3-BF4B-00C04F79EFBC}") = "P_01_06.Tests", "P_01_06.Tests\P_01_06.Tests.csproj", "{37906D38-9BE8-4211-85E2-9ACCADB52337}"
EndProject
Project("{FAE04EC0-301F-11D3-BF4B-00C04F79EFBC}") = "P_01_07.Tests", "P_01_07.Tests\P_01_07.Tests.csproj", "{6945CB8B-6DE5-431B-A047-7D49803BC576}"
EndProject
Project("{FAE04EC0-301F-11D3-BF4B-00C04F79EFBC}") = "P_01_08.Tests", "P_01_08.Tests\P_01_08.Tests.csproj", "{6AC2DB24-E544-4782-957C-32484D18CAA8}"
EndProject
Project("{FAE04EC0-301F-11D3-BF4B-00C04F79EFBC}") = "P_01_09.Tests", "P_01_09.Tests\P_01_09.Tests.csproj", "{F2F90618-2F0A-49A2-B2CE-B873FB7029F8}"
EndProject
Project("{FAE04EC0-301F-11D3-BF4B-00C04F79EFBC}") = "P_03_04", "P_03_04\P_03_04.csproj", "{775CD75F-B9DE-4698-85AA-1CB88CCF3BF8}"
EndProject
Project("{FAE04EC0-301F-11D3-BF4B-00C04F79EFBC}") = "P_03_04.Tests", "P_03_04.Tests\P_03_04.Tests.csproj", "{C6477A7C-75F1-4675-B02D-568FD1A483D0}"
EndProject
Project("{FAE04EC0-301F-11D3-BF4B-00C04F79EFBC}") = "P_03_05", "P_03_05\P_03_05.csproj", "{726517D3-202B-4105-A2A5-7AD96AFDA11E}"
EndProject
Project("{FAE04EC0-301F-11D3-BF4B-00C04F79EFBC}") = "P_03_05.Tests", "P_03_05.Tests\P_03_05.Tests.csproj", "{2B71BA62-A694-4E5A-BC7D-BBA46496B9D6}"
EndProject
Global
	GlobalSection(SolutionConfigurationPlatforms) = preSolution
		Debug|Any CPU = Debug|Any CPU
		Release|Any CPU = Release|Any CPU
	EndGlobalSection
	GlobalSection(ProjectConfigurationPlatforms) = postSolution
		{86B13EAB-4605-4D6A-AF0E-E21B4E973320}.Debug|Any CPU.ActiveCfg = Debug|Any CPU
		{86B13EAB-4605-4D6A-AF0E-E21B4E973320}.Debug|Any CPU.Build.0 = Debug|Any CPU
		{86B13EAB-4605-4D6A-AF0E-E21B4E973320}.Release|Any CPU.ActiveCfg = Release|Any CPU
		{86B13EAB-4605-4D6A-AF0E-E21B4E973320}.Release|Any CPU.Build.0 = Release|Any CPU
		{3F386F94-FC93-4181-A561-21E8491004B8}.Debug|Any CPU.ActiveCfg = Debug|Any CPU
		{3F386F94-FC93-4181-A561-21E8491004B8}.Debug|Any CPU.Build.0 = Debug|Any CPU
		{3F386F94-FC93-4181-A561-21E8491004B8}.Release|Any CPU.ActiveCfg = Release|Any CPU
		{3F386F94-FC93-4181-A561-21E8491004B8}.Release|Any CPU.Build.0 = Release|Any CPU
		{A54D58EB-3A84-49A2-BACB-CF2ACA2CEDAA}.Debug|Any CPU.ActiveCfg = Debug|Any CPU
		{A54D58EB-3A84-49A2-BACB-CF2ACA2CEDAA}.Debug|Any CPU.Build.0 = Debug|Any CPU
		{A54D58EB-3A84-49A2-BACB-CF2ACA2CEDAA}.Release|Any CPU.ActiveCfg = Release|Any CPU
		{A54D58EB-3A84-49A2-BACB-CF2ACA2CEDAA}.Release|Any CPU.Build.0 = Release|Any CPU
		{BEF0D50E-3609-4216-A7C6-ACB201EE5557}.Debug|Any CPU.ActiveCfg = Debug|Any CPU
		{BEF0D50E-3609-4216-A7C6-ACB201EE5557}.Debug|Any CPU.Build.0 = Debug|Any CPU
		{BEF0D50E-3609-4216-A7C6-ACB201EE5557}.Release|Any CPU.ActiveCfg = Release|Any CPU
		{BEF0D50E-3609-4216-A7C6-ACB201EE5557}.Release|Any CPU.Build.0 = Release|Any CPU
		{0B92A575-8A27-47AE-978E-6CDC6271521E}.Debug|Any CPU.ActiveCfg = Debug|Any CPU
		{0B92A575-8A27-47AE-978E-6CDC6271521E}.Debug|Any CPU.Build.0 = Debug|Any CPU
		{0B92A575-8A27-47AE-978E-6CDC6271521E}.Release|Any CPU.ActiveCfg = Release|Any CPU
		{0B92A575-8A27-47AE-978E-6CDC6271521E}.Release|Any CPU.Build.0 = Release|Any CPU
		{D8677B20-1EA6-4C3F-9C27-C1D4C00494E7}.Debug|Any CPU.ActiveCfg = Debug|Any CPU
		{D8677B20-1EA6-4C3F-9C27-C1D4C00494E7}.Debug|Any CPU.Build.0 = Debug|Any CPU
		{D8677B20-1EA6-4C3F-9C27-C1D4C00494E7}.Release|Any CPU.ActiveCfg = Release|Any CPU
		{D8677B20-1EA6-4C3F-9C27-C1D4C00494E7}.Release|Any CPU.Build.0 = Release|Any CPU
		{3AB2B4AF-1EEC-4803-ADA2-2EEA9327A5DD}.Debug|Any CPU.ActiveCfg = Debug|Any CPU
		{3AB2B4AF-1EEC-4803-ADA2-2EEA9327A5DD}.Debug|Any CPU.Build.0 = Debug|Any CPU
		{3AB2B4AF-1EEC-4803-ADA2-2EEA9327A5DD}.Release|Any CPU.ActiveCfg = Release|Any CPU
		{3AB2B4AF-1EEC-4803-ADA2-2EEA9327A5DD}.Release|Any CPU.Build.0 = Release|Any CPU
		{98367C41-78AD-4313-B6AB-1E2737CFCD38}.Debug|Any CPU.ActiveCfg = Debug|Any CPU
		{98367C41-78AD-4313-B6AB-1E2737CFCD38}.Debug|Any CPU.Build.0 = Debug|Any CPU
		{98367C41-78AD-4313-B6AB-1E2737CFCD38}.Release|Any CPU.ActiveCfg = Release|Any CPU
		{98367C41-78AD-4313-B6AB-1E2737CFCD38}.Release|Any CPU.Build.0 = Release|Any CPU
		{445ADE2E-8E87-4222-A923-6BDA8F3315BC}.Debug|Any CPU.ActiveCfg = Debug|Any CPU
		{445ADE2E-8E87-4222-A923-6BDA8F3315BC}.Debug|Any CPU.Build.0 = Debug|Any CPU
		{445ADE2E-8E87-4222-A923-6BDA8F3315BC}.Release|Any CPU.ActiveCfg = Release|Any CPU
		{445ADE2E-8E87-4222-A923-6BDA8F3315BC}.Release|Any CPU.Build.0 = Release|Any CPU
		{8BDC0E00-D7F2-4F91-963F-B7F9EB308034}.Debug|Any CPU.ActiveCfg = Debug|Any CPU
		{8BDC0E00-D7F2-4F91-963F-B7F9EB308034}.Debug|Any CPU.Build.0 = Debug|Any CPU
		{8BDC0E00-D7F2-4F91-963F-B7F9EB308034}.Release|Any CPU.ActiveCfg = Release|Any CPU
		{8BDC0E00-D7F2-4F91-963F-B7F9EB308034}.Release|Any CPU.Build.0 = Release|Any CPU
		{5FE67B7F-5E28-4F20-A9E0-C520C42079E1}.Debug|Any CPU.ActiveCfg = Debug|Any CPU
		{5FE67B7F-5E28-4F20-A9E0-C520C42079E1}.Debug|Any CPU.Build.0 = Debug|Any CPU
		{5FE67B7F-5E28-4F20-A9E0-C520C42079E1}.Release|Any CPU.ActiveCfg = Release|Any CPU
		{5FE67B7F-5E28-4F20-A9E0-C520C42079E1}.Release|Any CPU.Build.0 = Release|Any CPU
		{C7446045-A8A1-4567-9412-DDDD4A9F46BF}.Debug|Any CPU.ActiveCfg = Debug|Any CPU
		{C7446045-A8A1-4567-9412-DDDD4A9F46BF}.Debug|Any CPU.Build.0 = Debug|Any CPU
		{C7446045-A8A1-4567-9412-DDDD4A9F46BF}.Release|Any CPU.ActiveCfg = Release|Any CPU
		{C7446045-A8A1-4567-9412-DDDD4A9F46BF}.Release|Any CPU.Build.0 = Release|Any CPU
		{782E64DB-0D67-4295-99ED-0C244321B344}.Debug|Any CPU.ActiveCfg = Debug|Any CPU
		{782E64DB-0D67-4295-99ED-0C244321B344}.Debug|Any CPU.Build.0 = Debug|Any CPU
		{782E64DB-0D67-4295-99ED-0C244321B344}.Release|Any CPU.ActiveCfg = Release|Any CPU
		{782E64DB-0D67-4295-99ED-0C244321B344}.Release|Any CPU.Build.0 = Release|Any CPU
		{5BA33D0D-1FD2-441C-BB63-C476B958B7EF}.Debug|Any CPU.ActiveCfg = Debug|Any CPU
		{5BA33D0D-1FD2-441C-BB63-C476B958B7EF}.Debug|Any CPU.Build.0 = Debug|Any CPU
		{5BA33D0D-1FD2-441C-BB63-C476B958B7EF}.Release|Any CPU.ActiveCfg = Release|Any CPU
		{5BA33D0D-1FD2-441C-BB63-C476B958B7EF}.Release|Any CPU.Build.0 = Release|Any CPU
		{37906D38-9BE8-4211-85E2-9ACCADB52337}.Debug|Any CPU.ActiveCfg = Debug|Any CPU
		{37906D38-9BE8-4211-85E2-9ACCADB52337}.Debug|Any CPU.Build.0 = Debug|Any CPU
		{37906D38-9BE8-4211-85E2-9ACCADB52337}.Release|Any CPU.ActiveCfg = Release|Any CPU
		{37906D38-9BE8-4211-85E2-9ACCADB52337}.Release|Any CPU.Build.0 = Release|Any CPU
		{6945CB8B-6DE5-431B-A047-7D49803BC576}.Debug|Any CPU.ActiveCfg = Debug|Any CPU
		{6945CB8B-6DE5-431B-A047-7D49803BC576}.Debug|Any CPU.Build.0 = Debug|Any CPU
		{6945CB8B-6DE5-431B-A047-7D49803BC576}.Release|Any CPU.ActiveCfg = Release|Any CPU
		{6945CB8B-6DE5-431B-A047-7D49803BC576}.Release|Any CPU.Build.0 = Release|Any CPU
		{6AC2DB24-E544-4782-957C-32484D18CAA8}.Debug|Any CPU.ActiveCfg = Debug|Any CPU
		{6AC2DB24-E544-4782-957C-32484D18CAA8}.Debug|Any CPU.Build.0 = Debug|Any CPU
		{6AC2DB24-E544-4782-957C-32484D18CAA8}.Release|Any CPU.ActiveCfg = Release|Any CPU
		{6AC2DB24-E544-4782-957C-32484D18CAA8}.Release|Any CPU.Build.0 = Release|Any CPU
		{F2F90618-2F0A-49A2-B2CE-B873FB7029F8}.Debug|Any CPU.ActiveCfg = Debug|Any CPU
		{F2F90618-2F0A-49A2-B2CE-B873FB7029F8}.Debug|Any CPU.Build.0 = Debug|Any CPU
		{F2F90618-2F0A-49A2-B2CE-B873FB7029F8}.Release|Any CPU.ActiveCfg = Release|Any CPU
		{F2F90618-2F0A-49A2-B2CE-B873FB7029F8}.Release|Any CPU.Build.0 = Release|Any CPU
		{775CD75F-B9DE-4698-85AA-1CB88CCF3BF8}.Debug|Any CPU.ActiveCfg = Debug|Any CPU
		{775CD75F-B9DE-4698-85AA-1CB88CCF3BF8}.Debug|Any CPU.Build.0 = Debug|Any CPU
		{775CD75F-B9DE-4698-85AA-1CB88CCF3BF8}.Release|Any CPU.ActiveCfg = Release|Any CPU
		{775CD75F-B9DE-4698-85AA-1CB88CCF3BF8}.Release|Any CPU.Build.0 = Release|Any CPU
		{C6477A7C-75F1-4675-B02D-568FD1A483D0}.Debug|Any CPU.ActiveCfg = Debug|Any CPU
		{C6477A7C-75F1-4675-B02D-568FD1A483D0}.Debug|Any CPU.Build.0 = Debug|Any CPU
		{C6477A7C-75F1-4675-B02D-568FD1A483D0}.Release|Any CPU.ActiveCfg = Release|Any CPU
		{C6477A7C-75F1-4675-B02D-568FD1A483D0}.Release|Any CPU.Build.0 = Release|Any CPU
		{726517D3-202B-4105-A2A5-7AD96AFDA11E}.Debug|Any CPU.ActiveCfg = Debug|Any CPU
		{726517D3-202B-4105-A2A5-7AD96AFDA11E}.Debug|Any CPU.Build.0 = Debug|Any CPU
		{726517D3-202B-4105-A2A5-7AD96AFDA11E}.Release|Any CPU.ActiveCfg = Release|Any CPU
		{726517D3-202B-4105-A2A5-7AD96AFDA11E}.Release|Any CPU.Build.0 = Release|Any CPU
		{2B71BA62-A694-4E5A-BC7D-BBA46496B9D6}.Debug|Any CPU.ActiveCfg = Debug|Any CPU
		{2B71BA62-A694-4E5A-BC7D-BBA46496B9D6}.Debug|Any CPU.Build.0 = Debug|Any CPU
		{2B71BA62-A694-4E5A-BC7D-BBA46496B9D6}.Release|Any CPU.ActiveCfg = Release|Any CPU
		{2B71BA62-A694-4E5A-BC7D-BBA46496B9D6}.Release|Any CPU.Build.0 = Release|Any CPU
	EndGlobalSection
EndGlobal
