
Microsoft Visual Studio Solution File, Format Version 12.00
Project("{FAE04EC0-301F-11D3-BF4B-00C04F79EFBC}") = "L.Tests", "L.Tests\L.Tests.csproj", "{CF1295FA-0DE8-4C66-9F5A-A83CE5BFA0D5}"
EndProject
Project("{FAE04EC0-301F-11D3-BF4B-00C04F79EFBC}") = "A", "A\A.csproj", "{109081E8-C8EE-4754-8A6B-D38DE070AE84}"
EndProject
Project("{FAE04EC0-301F-11D3-BF4B-00C04F79EFBC}") = "A.Tests", "A.Tests\A.Tests.csproj", "{7AB5C6BB-0815-416F-A09E-45DE35FE595B}"
EndProject
Project("{FAE04EC0-301F-11D3-BF4B-00C04F79EFBC}") = "L", "L\L.csproj", "{F5670241-8221-44D2-AADF-4774AD523520}"
EndProject
Project("{FAE04EC0-301F-11D3-BF4B-00C04F79EFBC}") = "B", "B\B.csproj", "{C1FA8B22-7848-48F7-98A2-3C3E18768D40}"
EndProject
Project("{FAE04EC0-301F-11D3-BF4B-00C04F79EFBC}") = "B.Tests", "B.Tests\B.Tests.csproj", "{176C9968-C51D-4597-B32C-388265A9E832}"
EndProject
Project("{FAE04EC0-301F-11D3-BF4B-00C04F79EFBC}") = "J", "J\J.csproj", "{0CC565FD-9A12-4744-AB5F-6716798B2DEF}"
EndProject
Project("{FAE04EC0-301F-11D3-BF4B-00C04F79EFBC}") = "J.Tests", "J.Tests\J.Tests.csproj", "{042BB383-D1C4-464C-AE81-CC4D42C427D1}"
EndProject
Project("{FAE04EC0-301F-11D3-BF4B-00C04F79EFBC}") = "H", "H\H.csproj", "{6D5B50D6-846B-4A12-AE71-A86090B6E642}"
EndProject
Project("{FAE04EC0-301F-11D3-BF4B-00C04F79EFBC}") = "H.Tests", "H.Tests\H.Tests.csproj", "{28C1016E-E695-4990-9A41-4037F8EE6739}"
EndProject
Project("{FAE04EC0-301F-11D3-BF4B-00C04F79EFBC}") = "C", "C\C.csproj", "{9B09ECA7-188E-4254-B847-EA970CD942AE}"
EndProject
Project("{FAE04EC0-301F-11D3-BF4B-00C04F79EFBC}") = "C.Tests", "C.Tests\C.Tests.csproj", "{723BB05D-348F-4CF7-ACA2-132521ED6A6C}"
EndProject
Project("{FAE04EC0-301F-11D3-BF4B-00C04F79EFBC}") = "K", "K\K.csproj", "{4ED27805-DBA3-44BB-8420-6917A4FE8694}"
EndProject
Project("{FAE04EC0-301F-11D3-BF4B-00C04F79EFBC}") = "K.Tests", "K.Tests\K.Tests.csproj", "{BA5F4418-5DD4-4F2E-992E-28612FD9E3E8}"
EndProject
Project("{FAE04EC0-301F-11D3-BF4B-00C04F79EFBC}") = "N", "N\N.csproj", "{B618A6A9-FD89-46EF-A43A-8A7195CE4390}"
EndProject
Project("{FAE04EC0-301F-11D3-BF4B-00C04F79EFBC}") = "N.Tests", "N.Tests\N.Tests.csproj", "{CA79682E-1823-4FEC-AF7A-852DCCD8D9CC}"
EndProject
Project("{FAE04EC0-301F-11D3-BF4B-00C04F79EFBC}") = "G", "G\G.csproj", "{242F49A7-A3CE-4A9B-A0E2-0A08534C7C73}"
EndProject
Project("{FAE04EC0-301F-11D3-BF4B-00C04F79EFBC}") = "G.Tests", "G.Tests\G.Tests.csproj", "{92CFF232-EBD8-4698-B897-1F2C70751646}"
EndProject
Global
	GlobalSection(SolutionConfigurationPlatforms) = preSolution
		Debug|Any CPU = Debug|Any CPU
		Release|Any CPU = Release|Any CPU
	EndGlobalSection
	GlobalSection(ProjectConfigurationPlatforms) = postSolution
		{CF1295FA-0DE8-4C66-9F5A-A83CE5BFA0D5}.Debug|Any CPU.ActiveCfg = Debug|Any CPU
		{CF1295FA-0DE8-4C66-9F5A-A83CE5BFA0D5}.Debug|Any CPU.Build.0 = Debug|Any CPU
		{CF1295FA-0DE8-4C66-9F5A-A83CE5BFA0D5}.Release|Any CPU.ActiveCfg = Release|Any CPU
		{CF1295FA-0DE8-4C66-9F5A-A83CE5BFA0D5}.Release|Any CPU.Build.0 = Release|Any CPU
		{109081E8-C8EE-4754-8A6B-D38DE070AE84}.Debug|Any CPU.ActiveCfg = Debug|Any CPU
		{109081E8-C8EE-4754-8A6B-D38DE070AE84}.Debug|Any CPU.Build.0 = Debug|Any CPU
		{109081E8-C8EE-4754-8A6B-D38DE070AE84}.Release|Any CPU.ActiveCfg = Release|Any CPU
		{109081E8-C8EE-4754-8A6B-D38DE070AE84}.Release|Any CPU.Build.0 = Release|Any CPU
		{7AB5C6BB-0815-416F-A09E-45DE35FE595B}.Debug|Any CPU.ActiveCfg = Debug|Any CPU
		{7AB5C6BB-0815-416F-A09E-45DE35FE595B}.Debug|Any CPU.Build.0 = Debug|Any CPU
		{7AB5C6BB-0815-416F-A09E-45DE35FE595B}.Release|Any CPU.ActiveCfg = Release|Any CPU
		{7AB5C6BB-0815-416F-A09E-45DE35FE595B}.Release|Any CPU.Build.0 = Release|Any CPU
		{F5670241-8221-44D2-AADF-4774AD523520}.Debug|Any CPU.ActiveCfg = Debug|Any CPU
		{F5670241-8221-44D2-AADF-4774AD523520}.Debug|Any CPU.Build.0 = Debug|Any CPU
		{F5670241-8221-44D2-AADF-4774AD523520}.Release|Any CPU.ActiveCfg = Release|Any CPU
		{F5670241-8221-44D2-AADF-4774AD523520}.Release|Any CPU.Build.0 = Release|Any CPU
		{C1FA8B22-7848-48F7-98A2-3C3E18768D40}.Debug|Any CPU.ActiveCfg = Debug|Any CPU
		{C1FA8B22-7848-48F7-98A2-3C3E18768D40}.Debug|Any CPU.Build.0 = Debug|Any CPU
		{C1FA8B22-7848-48F7-98A2-3C3E18768D40}.Release|Any CPU.ActiveCfg = Release|Any CPU
		{C1FA8B22-7848-48F7-98A2-3C3E18768D40}.Release|Any CPU.Build.0 = Release|Any CPU
		{176C9968-C51D-4597-B32C-388265A9E832}.Debug|Any CPU.ActiveCfg = Debug|Any CPU
		{176C9968-C51D-4597-B32C-388265A9E832}.Debug|Any CPU.Build.0 = Debug|Any CPU
		{176C9968-C51D-4597-B32C-388265A9E832}.Release|Any CPU.ActiveCfg = Release|Any CPU
		{176C9968-C51D-4597-B32C-388265A9E832}.Release|Any CPU.Build.0 = Release|Any CPU
		{0CC565FD-9A12-4744-AB5F-6716798B2DEF}.Debug|Any CPU.ActiveCfg = Debug|Any CPU
		{0CC565FD-9A12-4744-AB5F-6716798B2DEF}.Debug|Any CPU.Build.0 = Debug|Any CPU
		{0CC565FD-9A12-4744-AB5F-6716798B2DEF}.Release|Any CPU.ActiveCfg = Release|Any CPU
		{0CC565FD-9A12-4744-AB5F-6716798B2DEF}.Release|Any CPU.Build.0 = Release|Any CPU
		{042BB383-D1C4-464C-AE81-CC4D42C427D1}.Debug|Any CPU.ActiveCfg = Debug|Any CPU
		{042BB383-D1C4-464C-AE81-CC4D42C427D1}.Debug|Any CPU.Build.0 = Debug|Any CPU
		{042BB383-D1C4-464C-AE81-CC4D42C427D1}.Release|Any CPU.ActiveCfg = Release|Any CPU
		{042BB383-D1C4-464C-AE81-CC4D42C427D1}.Release|Any CPU.Build.0 = Release|Any CPU
		{6D5B50D6-846B-4A12-AE71-A86090B6E642}.Debug|Any CPU.ActiveCfg = Debug|Any CPU
		{6D5B50D6-846B-4A12-AE71-A86090B6E642}.Debug|Any CPU.Build.0 = Debug|Any CPU
		{6D5B50D6-846B-4A12-AE71-A86090B6E642}.Release|Any CPU.ActiveCfg = Release|Any CPU
		{6D5B50D6-846B-4A12-AE71-A86090B6E642}.Release|Any CPU.Build.0 = Release|Any CPU
		{28C1016E-E695-4990-9A41-4037F8EE6739}.Debug|Any CPU.ActiveCfg = Debug|Any CPU
		{28C1016E-E695-4990-9A41-4037F8EE6739}.Debug|Any CPU.Build.0 = Debug|Any CPU
		{28C1016E-E695-4990-9A41-4037F8EE6739}.Release|Any CPU.ActiveCfg = Release|Any CPU
		{28C1016E-E695-4990-9A41-4037F8EE6739}.Release|Any CPU.Build.0 = Release|Any CPU
		{9B09ECA7-188E-4254-B847-EA970CD942AE}.Debug|Any CPU.ActiveCfg = Debug|Any CPU
		{9B09ECA7-188E-4254-B847-EA970CD942AE}.Debug|Any CPU.Build.0 = Debug|Any CPU
		{9B09ECA7-188E-4254-B847-EA970CD942AE}.Release|Any CPU.ActiveCfg = Release|Any CPU
		{9B09ECA7-188E-4254-B847-EA970CD942AE}.Release|Any CPU.Build.0 = Release|Any CPU
		{723BB05D-348F-4CF7-ACA2-132521ED6A6C}.Debug|Any CPU.ActiveCfg = Debug|Any CPU
		{723BB05D-348F-4CF7-ACA2-132521ED6A6C}.Debug|Any CPU.Build.0 = Debug|Any CPU
		{723BB05D-348F-4CF7-ACA2-132521ED6A6C}.Release|Any CPU.ActiveCfg = Release|Any CPU
		{723BB05D-348F-4CF7-ACA2-132521ED6A6C}.Release|Any CPU.Build.0 = Release|Any CPU
		{4ED27805-DBA3-44BB-8420-6917A4FE8694}.Debug|Any CPU.ActiveCfg = Debug|Any CPU
		{4ED27805-DBA3-44BB-8420-6917A4FE8694}.Debug|Any CPU.Build.0 = Debug|Any CPU
		{4ED27805-DBA3-44BB-8420-6917A4FE8694}.Release|Any CPU.ActiveCfg = Release|Any CPU
		{4ED27805-DBA3-44BB-8420-6917A4FE8694}.Release|Any CPU.Build.0 = Release|Any CPU
		{BA5F4418-5DD4-4F2E-992E-28612FD9E3E8}.Debug|Any CPU.ActiveCfg = Debug|Any CPU
		{BA5F4418-5DD4-4F2E-992E-28612FD9E3E8}.Debug|Any CPU.Build.0 = Debug|Any CPU
		{BA5F4418-5DD4-4F2E-992E-28612FD9E3E8}.Release|Any CPU.ActiveCfg = Release|Any CPU
		{BA5F4418-5DD4-4F2E-992E-28612FD9E3E8}.Release|Any CPU.Build.0 = Release|Any CPU
		{B618A6A9-FD89-46EF-A43A-8A7195CE4390}.Debug|Any CPU.ActiveCfg = Debug|Any CPU
		{B618A6A9-FD89-46EF-A43A-8A7195CE4390}.Debug|Any CPU.Build.0 = Debug|Any CPU
		{B618A6A9-FD89-46EF-A43A-8A7195CE4390}.Release|Any CPU.ActiveCfg = Release|Any CPU
		{B618A6A9-FD89-46EF-A43A-8A7195CE4390}.Release|Any CPU.Build.0 = Release|Any CPU
		{CA79682E-1823-4FEC-AF7A-852DCCD8D9CC}.Debug|Any CPU.ActiveCfg = Debug|Any CPU
		{CA79682E-1823-4FEC-AF7A-852DCCD8D9CC}.Debug|Any CPU.Build.0 = Debug|Any CPU
		{CA79682E-1823-4FEC-AF7A-852DCCD8D9CC}.Release|Any CPU.ActiveCfg = Release|Any CPU
		{CA79682E-1823-4FEC-AF7A-852DCCD8D9CC}.Release|Any CPU.Build.0 = Release|Any CPU
		{242F49A7-A3CE-4A9B-A0E2-0A08534C7C73}.Debug|Any CPU.ActiveCfg = Debug|Any CPU
		{242F49A7-A3CE-4A9B-A0E2-0A08534C7C73}.Debug|Any CPU.Build.0 = Debug|Any CPU
		{242F49A7-A3CE-4A9B-A0E2-0A08534C7C73}.Release|Any CPU.ActiveCfg = Release|Any CPU
		{242F49A7-A3CE-4A9B-A0E2-0A08534C7C73}.Release|Any CPU.Build.0 = Release|Any CPU
		{92CFF232-EBD8-4698-B897-1F2C70751646}.Debug|Any CPU.ActiveCfg = Debug|Any CPU
		{92CFF232-EBD8-4698-B897-1F2C70751646}.Debug|Any CPU.Build.0 = Debug|Any CPU
		{92CFF232-EBD8-4698-B897-1F2C70751646}.Release|Any CPU.ActiveCfg = Release|Any CPU
		{92CFF232-EBD8-4698-B897-1F2C70751646}.Release|Any CPU.Build.0 = Release|Any CPU
	EndGlobalSection
EndGlobal
