
Microsoft Visual Studio Solution File, Format Version 12.00
Project("{FAE04EC0-301F-11D3-BF4B-00C04F79EFBC}") = "A", "A\A.csproj", "{FD71581C-2827-4378-877B-30DE460CE8E9}"
EndProject
Project("{FAE04EC0-301F-11D3-BF4B-00C04F79EFBC}") = "A.Tests", "A.Tests\A.Tests.csproj", "{9717A507-BDCE-4588-9D19-E55BF55AEF0A}"
EndProject
Project("{FAE04EC0-301F-11D3-BF4B-00C04F79EFBC}") = "B", "B\B.csproj", "{5A5A6E96-D693-4142-A9B9-616949A5E73C}"
EndProject
Project("{FAE04EC0-301F-11D3-BF4B-00C04F79EFBC}") = "B.Tests", "B.Tests\B.Tests.csproj", "{09B792C7-123D-4C8A-B2C1-DA339C8FEE60}"
EndProject
Project("{FAE04EC0-301F-11D3-BF4B-00C04F79EFBC}") = "C", "C\C.csproj", "{2782A969-327B-4672-A254-DC5325A0CC91}"
EndProject
Project("{FAE04EC0-301F-11D3-BF4B-00C04F79EFBC}") = "C.Tests", "C.Tests\C.Tests.csproj", "{FAD2A437-112D-49D0-B242-6F9351B8B4BF}"
EndProject
Project("{FAE04EC0-301F-11D3-BF4B-00C04F79EFBC}") = "D", "D\D.csproj", "{866647BC-FB24-47B2-9BAE-E6655127DD1A}"
EndProject
Project("{FAE04EC0-301F-11D3-BF4B-00C04F79EFBC}") = "D.Tests", "D.Tests\D.Tests.csproj", "{37562710-25FA-4269-83B3-FF4DD3649268}"
EndProject
Project("{FAE04EC0-301F-11D3-BF4B-00C04F79EFBC}") = "E", "E\E.csproj", "{EF8D17BA-6033-4859-9067-45B9361F6EF8}"
EndProject
Project("{FAE04EC0-301F-11D3-BF4B-00C04F79EFBC}") = "E.Tests", "E.Tests\E.Tests.csproj", "{5EB52049-1B42-4E1A-AC9D-AC28D24FEFEE}"
EndProject
Project("{FAE04EC0-301F-11D3-BF4B-00C04F79EFBC}") = "F", "F\F.csproj", "{4564BCC2-9A30-487C-96C9-87E1677A2EBA}"
EndProject
Project("{FAE04EC0-301F-11D3-BF4B-00C04F79EFBC}") = "F.Tests", "F.Tests\F.Tests.csproj", "{D38D0E8C-6359-4F27-8825-207FAF0557A8}"
EndProject
Project("{FAE04EC0-301F-11D3-BF4B-00C04F79EFBC}") = "G", "G\G.csproj", "{7DA1BFC0-B118-49E9-A278-D3AF39D6F2A0}"
EndProject
Project("{FAE04EC0-301F-11D3-BF4B-00C04F79EFBC}") = "G.Tests", "G.Tests\G.Tests.csproj", "{90785A20-1DD2-479D-A28B-E0842262C4B8}"
EndProject
Project("{FAE04EC0-301F-11D3-BF4B-00C04F79EFBC}") = "H", "H\H.csproj", "{B42A64A6-942E-43B8-B41F-848AE5538AA5}"
EndProject
Project("{FAE04EC0-301F-11D3-BF4B-00C04F79EFBC}") = "H.Tests", "H.Tests\H.Tests.csproj", "{560F0F47-DDD9-4F30-9412-C862123212CD}"
EndProject
Global
	GlobalSection(SolutionConfigurationPlatforms) = preSolution
		Debug|Any CPU = Debug|Any CPU
		Release|Any CPU = Release|Any CPU
	EndGlobalSection
	GlobalSection(ProjectConfigurationPlatforms) = postSolution
		{FD71581C-2827-4378-877B-30DE460CE8E9}.Debug|Any CPU.ActiveCfg = Debug|Any CPU
		{FD71581C-2827-4378-877B-30DE460CE8E9}.Debug|Any CPU.Build.0 = Debug|Any CPU
		{FD71581C-2827-4378-877B-30DE460CE8E9}.Release|Any CPU.ActiveCfg = Release|Any CPU
		{FD71581C-2827-4378-877B-30DE460CE8E9}.Release|Any CPU.Build.0 = Release|Any CPU
		{9717A507-BDCE-4588-9D19-E55BF55AEF0A}.Debug|Any CPU.ActiveCfg = Debug|Any CPU
		{9717A507-BDCE-4588-9D19-E55BF55AEF0A}.Debug|Any CPU.Build.0 = Debug|Any CPU
		{9717A507-BDCE-4588-9D19-E55BF55AEF0A}.Release|Any CPU.ActiveCfg = Release|Any CPU
		{9717A507-BDCE-4588-9D19-E55BF55AEF0A}.Release|Any CPU.Build.0 = Release|Any CPU
		{5A5A6E96-D693-4142-A9B9-616949A5E73C}.Debug|Any CPU.ActiveCfg = Debug|Any CPU
		{5A5A6E96-D693-4142-A9B9-616949A5E73C}.Debug|Any CPU.Build.0 = Debug|Any CPU
		{5A5A6E96-D693-4142-A9B9-616949A5E73C}.Release|Any CPU.ActiveCfg = Release|Any CPU
		{5A5A6E96-D693-4142-A9B9-616949A5E73C}.Release|Any CPU.Build.0 = Release|Any CPU
		{09B792C7-123D-4C8A-B2C1-DA339C8FEE60}.Debug|Any CPU.ActiveCfg = Debug|Any CPU
		{09B792C7-123D-4C8A-B2C1-DA339C8FEE60}.Debug|Any CPU.Build.0 = Debug|Any CPU
		{09B792C7-123D-4C8A-B2C1-DA339C8FEE60}.Release|Any CPU.ActiveCfg = Release|Any CPU
		{09B792C7-123D-4C8A-B2C1-DA339C8FEE60}.Release|Any CPU.Build.0 = Release|Any CPU
		{2782A969-327B-4672-A254-DC5325A0CC91}.Debug|Any CPU.ActiveCfg = Debug|Any CPU
		{2782A969-327B-4672-A254-DC5325A0CC91}.Debug|Any CPU.Build.0 = Debug|Any CPU
		{2782A969-327B-4672-A254-DC5325A0CC91}.Release|Any CPU.ActiveCfg = Release|Any CPU
		{2782A969-327B-4672-A254-DC5325A0CC91}.Release|Any CPU.Build.0 = Release|Any CPU
		{FAD2A437-112D-49D0-B242-6F9351B8B4BF}.Debug|Any CPU.ActiveCfg = Debug|Any CPU
		{FAD2A437-112D-49D0-B242-6F9351B8B4BF}.Debug|Any CPU.Build.0 = Debug|Any CPU
		{FAD2A437-112D-49D0-B242-6F9351B8B4BF}.Release|Any CPU.ActiveCfg = Release|Any CPU
		{FAD2A437-112D-49D0-B242-6F9351B8B4BF}.Release|Any CPU.Build.0 = Release|Any CPU
		{866647BC-FB24-47B2-9BAE-E6655127DD1A}.Debug|Any CPU.ActiveCfg = Debug|Any CPU
		{866647BC-FB24-47B2-9BAE-E6655127DD1A}.Debug|Any CPU.Build.0 = Debug|Any CPU
		{866647BC-FB24-47B2-9BAE-E6655127DD1A}.Release|Any CPU.ActiveCfg = Release|Any CPU
		{866647BC-FB24-47B2-9BAE-E6655127DD1A}.Release|Any CPU.Build.0 = Release|Any CPU
		{37562710-25FA-4269-83B3-FF4DD3649268}.Debug|Any CPU.ActiveCfg = Debug|Any CPU
		{37562710-25FA-4269-83B3-FF4DD3649268}.Debug|Any CPU.Build.0 = Debug|Any CPU
		{37562710-25FA-4269-83B3-FF4DD3649268}.Release|Any CPU.ActiveCfg = Release|Any CPU
		{37562710-25FA-4269-83B3-FF4DD3649268}.Release|Any CPU.Build.0 = Release|Any CPU
		{EF8D17BA-6033-4859-9067-45B9361F6EF8}.Debug|Any CPU.ActiveCfg = Debug|Any CPU
		{EF8D17BA-6033-4859-9067-45B9361F6EF8}.Debug|Any CPU.Build.0 = Debug|Any CPU
		{EF8D17BA-6033-4859-9067-45B9361F6EF8}.Release|Any CPU.ActiveCfg = Release|Any CPU
		{EF8D17BA-6033-4859-9067-45B9361F6EF8}.Release|Any CPU.Build.0 = Release|Any CPU
		{5EB52049-1B42-4E1A-AC9D-AC28D24FEFEE}.Debug|Any CPU.ActiveCfg = Debug|Any CPU
		{5EB52049-1B42-4E1A-AC9D-AC28D24FEFEE}.Debug|Any CPU.Build.0 = Debug|Any CPU
		{5EB52049-1B42-4E1A-AC9D-AC28D24FEFEE}.Release|Any CPU.ActiveCfg = Release|Any CPU
		{5EB52049-1B42-4E1A-AC9D-AC28D24FEFEE}.Release|Any CPU.Build.0 = Release|Any CPU
		{4564BCC2-9A30-487C-96C9-87E1677A2EBA}.Debug|Any CPU.ActiveCfg = Debug|Any CPU
		{4564BCC2-9A30-487C-96C9-87E1677A2EBA}.Debug|Any CPU.Build.0 = Debug|Any CPU
		{4564BCC2-9A30-487C-96C9-87E1677A2EBA}.Release|Any CPU.ActiveCfg = Release|Any CPU
		{4564BCC2-9A30-487C-96C9-87E1677A2EBA}.Release|Any CPU.Build.0 = Release|Any CPU
		{D38D0E8C-6359-4F27-8825-207FAF0557A8}.Debug|Any CPU.ActiveCfg = Debug|Any CPU
		{D38D0E8C-6359-4F27-8825-207FAF0557A8}.Debug|Any CPU.Build.0 = Debug|Any CPU
		{D38D0E8C-6359-4F27-8825-207FAF0557A8}.Release|Any CPU.ActiveCfg = Release|Any CPU
		{D38D0E8C-6359-4F27-8825-207FAF0557A8}.Release|Any CPU.Build.0 = Release|Any CPU
		{7DA1BFC0-B118-49E9-A278-D3AF39D6F2A0}.Debug|Any CPU.ActiveCfg = Debug|Any CPU
		{7DA1BFC0-B118-49E9-A278-D3AF39D6F2A0}.Debug|Any CPU.Build.0 = Debug|Any CPU
		{7DA1BFC0-B118-49E9-A278-D3AF39D6F2A0}.Release|Any CPU.ActiveCfg = Release|Any CPU
		{7DA1BFC0-B118-49E9-A278-D3AF39D6F2A0}.Release|Any CPU.Build.0 = Release|Any CPU
		{90785A20-1DD2-479D-A28B-E0842262C4B8}.Debug|Any CPU.ActiveCfg = Debug|Any CPU
		{90785A20-1DD2-479D-A28B-E0842262C4B8}.Debug|Any CPU.Build.0 = Debug|Any CPU
		{90785A20-1DD2-479D-A28B-E0842262C4B8}.Release|Any CPU.ActiveCfg = Release|Any CPU
		{90785A20-1DD2-479D-A28B-E0842262C4B8}.Release|Any CPU.Build.0 = Release|Any CPU
		{B42A64A6-942E-43B8-B41F-848AE5538AA5}.Debug|Any CPU.ActiveCfg = Debug|Any CPU
		{B42A64A6-942E-43B8-B41F-848AE5538AA5}.Debug|Any CPU.Build.0 = Debug|Any CPU
		{B42A64A6-942E-43B8-B41F-848AE5538AA5}.Release|Any CPU.ActiveCfg = Release|Any CPU
		{B42A64A6-942E-43B8-B41F-848AE5538AA5}.Release|Any CPU.Build.0 = Release|Any CPU
		{560F0F47-DDD9-4F30-9412-C862123212CD}.Debug|Any CPU.ActiveCfg = Debug|Any CPU
		{560F0F47-DDD9-4F30-9412-C862123212CD}.Debug|Any CPU.Build.0 = Debug|Any CPU
		{560F0F47-DDD9-4F30-9412-C862123212CD}.Release|Any CPU.ActiveCfg = Release|Any CPU
		{560F0F47-DDD9-4F30-9412-C862123212CD}.Release|Any CPU.Build.0 = Release|Any CPU
	EndGlobalSection
EndGlobal
