
Microsoft Visual Studio Solution File, Format Version 12.00
Project("{FAE04EC0-301F-11D3-BF4B-00C04F79EFBC}") = "D", "D\D.csproj", "{9D90A167-BD47-467D-A229-176F1EEE5E17}"
EndProject
Project("{FAE04EC0-301F-11D3-BF4B-00C04F79EFBC}") = "D.Tests", "D.Tests\D.Tests.csproj", "{13C6586A-C444-4E0D-847C-1EE8D585EA33}"
EndProject
Project("{FAE04EC0-301F-11D3-BF4B-00C04F79EFBC}") = "G", "G\G.csproj", "{A18A81F3-B50A-4DB0-A24C-9981B687A6FB}"
EndProject
Project("{FAE04EC0-301F-11D3-BF4B-00C04F79EFBC}") = "G.Tests", "G.Tests\G.Tests.csproj", "{5989BF1F-1945-4FB0-AEFF-B3B7A0B16B4D}"
EndProject
Project("{FAE04EC0-301F-11D3-BF4B-00C04F79EFBC}") = "H", "H\H.csproj", "{008AEBAF-6DEC-47FF-B7CD-6037C36A3118}"
EndProject
Project("{FAE04EC0-301F-11D3-BF4B-00C04F79EFBC}") = "H.Tests", "H.Tests\H.Tests.csproj", "{ABECA499-60E0-457C-8BBF-FB484A8AE09F}"
EndProject
Project("{FAE04EC0-301F-11D3-BF4B-00C04F79EFBC}") = "A", "A\A.csproj", "{570B1119-B3AB-4BA2-A98F-7663A10077B5}"
EndProject
Project("{FAE04EC0-301F-11D3-BF4B-00C04F79EFBC}") = "A.Tests", "A.Tests\A.Tests.csproj", "{C7DAE047-A6AA-4BC4-8AF1-F4D801D20770}"
EndProject
Project("{FAE04EC0-301F-11D3-BF4B-00C04F79EFBC}") = "B", "B\B.csproj", "{4127558C-BBA9-4E62-889D-172ED858A2DB}"
EndProject
Project("{FAE04EC0-301F-11D3-BF4B-00C04F79EFBC}") = "B.Tests", "B.Tests\B.Tests.csproj", "{E73C6848-DDED-4214-AA4D-976CC3420B70}"
EndProject
Project("{FAE04EC0-301F-11D3-BF4B-00C04F79EFBC}") = "C", "C\C.csproj", "{EFB173B8-6EBA-4592-9ABF-56016A3FDEF2}"
EndProject
Project("{FAE04EC0-301F-11D3-BF4B-00C04F79EFBC}") = "C.Tests", "C.Tests\C.Tests.csproj", "{6DCE52D5-6472-4F04-A16E-699E7EC6434C}"
EndProject
Project("{FAE04EC0-301F-11D3-BF4B-00C04F79EFBC}") = "J", "J\J.csproj", "{8C8D0519-944C-4401-BD64-B1860F990CA5}"
EndProject
Project("{FAE04EC0-301F-11D3-BF4B-00C04F79EFBC}") = "J.Tests", "J.Tests\J.Tests.csproj", "{B1B21BB9-B796-4EDD-9DD2-A667ECAA0D0F}"
EndProject
Project("{FAE04EC0-301F-11D3-BF4B-00C04F79EFBC}") = "E", "E\E.csproj", "{CB50456F-711B-402B-A0C0-457C05B7FAFD}"
EndProject
Project("{FAE04EC0-301F-11D3-BF4B-00C04F79EFBC}") = "E.Tests", "E.Tests\E.Tests.csproj", "{96FC633F-9760-4FC9-8454-4BE4CEA543C0}"
EndProject
Project("{FAE04EC0-301F-11D3-BF4B-00C04F79EFBC}") = "F", "F\F.csproj", "{FD8B7067-EDE6-497C-82BE-7A2D15F7D477}"
EndProject
Project("{FAE04EC0-301F-11D3-BF4B-00C04F79EFBC}") = "F.Tests", "F.Tests\F.Tests.csproj", "{A450BD89-A42E-441A-8A91-B0F48353EA4B}"
EndProject
Project("{FAE04EC0-301F-11D3-BF4B-00C04F79EFBC}") = "I", "I\I.csproj", "{CF7C6B94-101B-4209-BD44-82846873D57E}"
EndProject
Project("{FAE04EC0-301F-11D3-BF4B-00C04F79EFBC}") = "I.Tests", "I.Tests\I.Tests.csproj", "{8C615B5F-B356-4035-96CA-299D7C2D55A3}"
EndProject
Project("{FAE04EC0-301F-11D3-BF4B-00C04F79EFBC}") = "K", "K\K.csproj", "{CE5C5822-775C-4601-A204-3AE1D08BF384}"
EndProject
Project("{FAE04EC0-301F-11D3-BF4B-00C04F79EFBC}") = "K.Tests", "K.Tests\K.Tests.csproj", "{EC02F5C7-E94E-4464-AC00-2DDD6B7529DB}"
EndProject
Project("{FAE04EC0-301F-11D3-BF4B-00C04F79EFBC}") = "L", "L\L.csproj", "{EF38CAE3-C389-4D18-BA2E-381B33A9BF3A}"
EndProject
Project("{FAE04EC0-301F-11D3-BF4B-00C04F79EFBC}") = "L.Tests", "L.Tests\L.Tests.csproj", "{ED5CEB8C-4B92-4217-A128-9A0529D8CF7A}"
EndProject
Global
	GlobalSection(SolutionConfigurationPlatforms) = preSolution
		Debug|Any CPU = Debug|Any CPU
		Release|Any CPU = Release|Any CPU
	EndGlobalSection
	GlobalSection(ProjectConfigurationPlatforms) = postSolution
		{9D90A167-BD47-467D-A229-176F1EEE5E17}.Debug|Any CPU.ActiveCfg = Debug|Any CPU
		{9D90A167-BD47-467D-A229-176F1EEE5E17}.Debug|Any CPU.Build.0 = Debug|Any CPU
		{9D90A167-BD47-467D-A229-176F1EEE5E17}.Release|Any CPU.ActiveCfg = Release|Any CPU
		{9D90A167-BD47-467D-A229-176F1EEE5E17}.Release|Any CPU.Build.0 = Release|Any CPU
		{13C6586A-C444-4E0D-847C-1EE8D585EA33}.Debug|Any CPU.ActiveCfg = Debug|Any CPU
		{13C6586A-C444-4E0D-847C-1EE8D585EA33}.Debug|Any CPU.Build.0 = Debug|Any CPU
		{13C6586A-C444-4E0D-847C-1EE8D585EA33}.Release|Any CPU.ActiveCfg = Release|Any CPU
		{13C6586A-C444-4E0D-847C-1EE8D585EA33}.Release|Any CPU.Build.0 = Release|Any CPU
		{A18A81F3-B50A-4DB0-A24C-9981B687A6FB}.Debug|Any CPU.ActiveCfg = Debug|Any CPU
		{A18A81F3-B50A-4DB0-A24C-9981B687A6FB}.Debug|Any CPU.Build.0 = Debug|Any CPU
		{A18A81F3-B50A-4DB0-A24C-9981B687A6FB}.Release|Any CPU.ActiveCfg = Release|Any CPU
		{A18A81F3-B50A-4DB0-A24C-9981B687A6FB}.Release|Any CPU.Build.0 = Release|Any CPU
		{5989BF1F-1945-4FB0-AEFF-B3B7A0B16B4D}.Debug|Any CPU.ActiveCfg = Debug|Any CPU
		{5989BF1F-1945-4FB0-AEFF-B3B7A0B16B4D}.Debug|Any CPU.Build.0 = Debug|Any CPU
		{5989BF1F-1945-4FB0-AEFF-B3B7A0B16B4D}.Release|Any CPU.ActiveCfg = Release|Any CPU
		{5989BF1F-1945-4FB0-AEFF-B3B7A0B16B4D}.Release|Any CPU.Build.0 = Release|Any CPU
		{008AEBAF-6DEC-47FF-B7CD-6037C36A3118}.Debug|Any CPU.ActiveCfg = Debug|Any CPU
		{008AEBAF-6DEC-47FF-B7CD-6037C36A3118}.Debug|Any CPU.Build.0 = Debug|Any CPU
		{008AEBAF-6DEC-47FF-B7CD-6037C36A3118}.Release|Any CPU.ActiveCfg = Release|Any CPU
		{008AEBAF-6DEC-47FF-B7CD-6037C36A3118}.Release|Any CPU.Build.0 = Release|Any CPU
		{ABECA499-60E0-457C-8BBF-FB484A8AE09F}.Debug|Any CPU.ActiveCfg = Debug|Any CPU
		{ABECA499-60E0-457C-8BBF-FB484A8AE09F}.Debug|Any CPU.Build.0 = Debug|Any CPU
		{ABECA499-60E0-457C-8BBF-FB484A8AE09F}.Release|Any CPU.ActiveCfg = Release|Any CPU
		{ABECA499-60E0-457C-8BBF-FB484A8AE09F}.Release|Any CPU.Build.0 = Release|Any CPU
		{570B1119-B3AB-4BA2-A98F-7663A10077B5}.Debug|Any CPU.ActiveCfg = Debug|Any CPU
		{570B1119-B3AB-4BA2-A98F-7663A10077B5}.Debug|Any CPU.Build.0 = Debug|Any CPU
		{570B1119-B3AB-4BA2-A98F-7663A10077B5}.Release|Any CPU.ActiveCfg = Release|Any CPU
		{570B1119-B3AB-4BA2-A98F-7663A10077B5}.Release|Any CPU.Build.0 = Release|Any CPU
		{C7DAE047-A6AA-4BC4-8AF1-F4D801D20770}.Debug|Any CPU.ActiveCfg = Debug|Any CPU
		{C7DAE047-A6AA-4BC4-8AF1-F4D801D20770}.Debug|Any CPU.Build.0 = Debug|Any CPU
		{C7DAE047-A6AA-4BC4-8AF1-F4D801D20770}.Release|Any CPU.ActiveCfg = Release|Any CPU
		{C7DAE047-A6AA-4BC4-8AF1-F4D801D20770}.Release|Any CPU.Build.0 = Release|Any CPU
		{4127558C-BBA9-4E62-889D-172ED858A2DB}.Debug|Any CPU.ActiveCfg = Debug|Any CPU
		{4127558C-BBA9-4E62-889D-172ED858A2DB}.Debug|Any CPU.Build.0 = Debug|Any CPU
		{4127558C-BBA9-4E62-889D-172ED858A2DB}.Release|Any CPU.ActiveCfg = Release|Any CPU
		{4127558C-BBA9-4E62-889D-172ED858A2DB}.Release|Any CPU.Build.0 = Release|Any CPU
		{E73C6848-DDED-4214-AA4D-976CC3420B70}.Debug|Any CPU.ActiveCfg = Debug|Any CPU
		{E73C6848-DDED-4214-AA4D-976CC3420B70}.Debug|Any CPU.Build.0 = Debug|Any CPU
		{E73C6848-DDED-4214-AA4D-976CC3420B70}.Release|Any CPU.ActiveCfg = Release|Any CPU
		{E73C6848-DDED-4214-AA4D-976CC3420B70}.Release|Any CPU.Build.0 = Release|Any CPU
		{EFB173B8-6EBA-4592-9ABF-56016A3FDEF2}.Debug|Any CPU.ActiveCfg = Debug|Any CPU
		{EFB173B8-6EBA-4592-9ABF-56016A3FDEF2}.Debug|Any CPU.Build.0 = Debug|Any CPU
		{EFB173B8-6EBA-4592-9ABF-56016A3FDEF2}.Release|Any CPU.ActiveCfg = Release|Any CPU
		{EFB173B8-6EBA-4592-9ABF-56016A3FDEF2}.Release|Any CPU.Build.0 = Release|Any CPU
		{6DCE52D5-6472-4F04-A16E-699E7EC6434C}.Debug|Any CPU.ActiveCfg = Debug|Any CPU
		{6DCE52D5-6472-4F04-A16E-699E7EC6434C}.Debug|Any CPU.Build.0 = Debug|Any CPU
		{6DCE52D5-6472-4F04-A16E-699E7EC6434C}.Release|Any CPU.ActiveCfg = Release|Any CPU
		{6DCE52D5-6472-4F04-A16E-699E7EC6434C}.Release|Any CPU.Build.0 = Release|Any CPU
		{8C8D0519-944C-4401-BD64-B1860F990CA5}.Debug|Any CPU.ActiveCfg = Debug|Any CPU
		{8C8D0519-944C-4401-BD64-B1860F990CA5}.Debug|Any CPU.Build.0 = Debug|Any CPU
		{8C8D0519-944C-4401-BD64-B1860F990CA5}.Release|Any CPU.ActiveCfg = Release|Any CPU
		{8C8D0519-944C-4401-BD64-B1860F990CA5}.Release|Any CPU.Build.0 = Release|Any CPU
		{B1B21BB9-B796-4EDD-9DD2-A667ECAA0D0F}.Debug|Any CPU.ActiveCfg = Debug|Any CPU
		{B1B21BB9-B796-4EDD-9DD2-A667ECAA0D0F}.Debug|Any CPU.Build.0 = Debug|Any CPU
		{B1B21BB9-B796-4EDD-9DD2-A667ECAA0D0F}.Release|Any CPU.ActiveCfg = Release|Any CPU
		{B1B21BB9-B796-4EDD-9DD2-A667ECAA0D0F}.Release|Any CPU.Build.0 = Release|Any CPU
		{CB50456F-711B-402B-A0C0-457C05B7FAFD}.Debug|Any CPU.ActiveCfg = Debug|Any CPU
		{CB50456F-711B-402B-A0C0-457C05B7FAFD}.Debug|Any CPU.Build.0 = Debug|Any CPU
		{CB50456F-711B-402B-A0C0-457C05B7FAFD}.Release|Any CPU.ActiveCfg = Release|Any CPU
		{CB50456F-711B-402B-A0C0-457C05B7FAFD}.Release|Any CPU.Build.0 = Release|Any CPU
		{96FC633F-9760-4FC9-8454-4BE4CEA543C0}.Debug|Any CPU.ActiveCfg = Debug|Any CPU
		{96FC633F-9760-4FC9-8454-4BE4CEA543C0}.Debug|Any CPU.Build.0 = Debug|Any CPU
		{96FC633F-9760-4FC9-8454-4BE4CEA543C0}.Release|Any CPU.ActiveCfg = Release|Any CPU
		{96FC633F-9760-4FC9-8454-4BE4CEA543C0}.Release|Any CPU.Build.0 = Release|Any CPU
		{FD8B7067-EDE6-497C-82BE-7A2D15F7D477}.Debug|Any CPU.ActiveCfg = Debug|Any CPU
		{FD8B7067-EDE6-497C-82BE-7A2D15F7D477}.Debug|Any CPU.Build.0 = Debug|Any CPU
		{FD8B7067-EDE6-497C-82BE-7A2D15F7D477}.Release|Any CPU.ActiveCfg = Release|Any CPU
		{FD8B7067-EDE6-497C-82BE-7A2D15F7D477}.Release|Any CPU.Build.0 = Release|Any CPU
		{A450BD89-A42E-441A-8A91-B0F48353EA4B}.Debug|Any CPU.ActiveCfg = Debug|Any CPU
		{A450BD89-A42E-441A-8A91-B0F48353EA4B}.Debug|Any CPU.Build.0 = Debug|Any CPU
		{A450BD89-A42E-441A-8A91-B0F48353EA4B}.Release|Any CPU.ActiveCfg = Release|Any CPU
		{A450BD89-A42E-441A-8A91-B0F48353EA4B}.Release|Any CPU.Build.0 = Release|Any CPU
		{CF7C6B94-101B-4209-BD44-82846873D57E}.Debug|Any CPU.ActiveCfg = Debug|Any CPU
		{CF7C6B94-101B-4209-BD44-82846873D57E}.Debug|Any CPU.Build.0 = Debug|Any CPU
		{CF7C6B94-101B-4209-BD44-82846873D57E}.Release|Any CPU.ActiveCfg = Release|Any CPU
		{CF7C6B94-101B-4209-BD44-82846873D57E}.Release|Any CPU.Build.0 = Release|Any CPU
		{8C615B5F-B356-4035-96CA-299D7C2D55A3}.Debug|Any CPU.ActiveCfg = Debug|Any CPU
		{8C615B5F-B356-4035-96CA-299D7C2D55A3}.Debug|Any CPU.Build.0 = Debug|Any CPU
		{8C615B5F-B356-4035-96CA-299D7C2D55A3}.Release|Any CPU.ActiveCfg = Release|Any CPU
		{8C615B5F-B356-4035-96CA-299D7C2D55A3}.Release|Any CPU.Build.0 = Release|Any CPU
		{CE5C5822-775C-4601-A204-3AE1D08BF384}.Debug|Any CPU.ActiveCfg = Debug|Any CPU
		{CE5C5822-775C-4601-A204-3AE1D08BF384}.Debug|Any CPU.Build.0 = Debug|Any CPU
		{CE5C5822-775C-4601-A204-3AE1D08BF384}.Release|Any CPU.ActiveCfg = Release|Any CPU
		{CE5C5822-775C-4601-A204-3AE1D08BF384}.Release|Any CPU.Build.0 = Release|Any CPU
		{EC02F5C7-E94E-4464-AC00-2DDD6B7529DB}.Debug|Any CPU.ActiveCfg = Debug|Any CPU
		{EC02F5C7-E94E-4464-AC00-2DDD6B7529DB}.Debug|Any CPU.Build.0 = Debug|Any CPU
		{EC02F5C7-E94E-4464-AC00-2DDD6B7529DB}.Release|Any CPU.ActiveCfg = Release|Any CPU
		{EC02F5C7-E94E-4464-AC00-2DDD6B7529DB}.Release|Any CPU.Build.0 = Release|Any CPU
		{EF38CAE3-C389-4D18-BA2E-381B33A9BF3A}.Debug|Any CPU.ActiveCfg = Debug|Any CPU
		{EF38CAE3-C389-4D18-BA2E-381B33A9BF3A}.Debug|Any CPU.Build.0 = Debug|Any CPU
		{EF38CAE3-C389-4D18-BA2E-381B33A9BF3A}.Release|Any CPU.ActiveCfg = Release|Any CPU
		{EF38CAE3-C389-4D18-BA2E-381B33A9BF3A}.Release|Any CPU.Build.0 = Release|Any CPU
		{ED5CEB8C-4B92-4217-A128-9A0529D8CF7A}.Debug|Any CPU.ActiveCfg = Debug|Any CPU
		{ED5CEB8C-4B92-4217-A128-9A0529D8CF7A}.Debug|Any CPU.Build.0 = Debug|Any CPU
		{ED5CEB8C-4B92-4217-A128-9A0529D8CF7A}.Release|Any CPU.ActiveCfg = Release|Any CPU
		{ED5CEB8C-4B92-4217-A128-9A0529D8CF7A}.Release|Any CPU.Build.0 = Release|Any CPU
	EndGlobalSection
EndGlobal
