
Microsoft Visual Studio Solution File, Format Version 12.00
Project("{FAE04EC0-301F-11D3-BF4B-00C04F79EFBC}") = "A", "A\A.csproj", "{44FE5585-4C15-4E3E-BF8C-AC2087FFD0FC}"
EndProject
Project("{FAE04EC0-301F-11D3-BF4B-00C04F79EFBC}") = "B", "B\B.csproj", "{547CF2E4-9A33-4D35-880B-13B2265ED704}"
EndProject
Project("{FAE04EC0-301F-11D3-BF4B-00C04F79EFBC}") = "C", "C\C.csproj", "{9BE78012-974A-469B-93E9-1282154780B9}"
EndProject
Project("{FAE04EC0-301F-11D3-BF4B-00C04F79EFBC}") = "D", "D\D.csproj", "{2F676E1C-DE0E-4A43-AA5D-33E48B6D111F}"
EndProject
Project("{FAE04EC0-301F-11D3-BF4B-00C04F79EFBC}") = "E", "E\E.csproj", "{F76559EF-1F52-4A28-98E1-44F305047A00}"
EndProject
Project("{FAE04EC0-301F-11D3-BF4B-00C04F79EFBC}") = "F", "F\F.csproj", "{B650CAA9-E399-4C85-89BE-680AD9969819}"
EndProject
Project("{FAE04EC0-301F-11D3-BF4B-00C04F79EFBC}") = "G", "G\G.csproj", "{73FDE7DB-9B3D-4E62-B069-E377BFD71B3B}"
EndProject
Project("{FAE04EC0-301F-11D3-BF4B-00C04F79EFBC}") = "H", "H\H.csproj", "{AE3F1B49-C853-4F17-88A1-6D690CEDD7A6}"
EndProject
Project("{FAE04EC0-301F-11D3-BF4B-00C04F79EFBC}") = "I", "I\I.csproj", "{BD8B1FF2-8BC6-4F10-B172-63ECAAEC21C7}"
EndProject
Project("{FAE04EC0-301F-11D3-BF4B-00C04F79EFBC}") = "J", "J\J.csproj", "{2F4B1C51-A0C2-40A4-9E79-0F2CE56F3571}"
EndProject
Project("{FAE04EC0-301F-11D3-BF4B-00C04F79EFBC}") = "K", "K\K.csproj", "{9D876BF1-7C53-4CD7-9CF7-371680DD2AF1}"
EndProject
Project("{FAE04EC0-301F-11D3-BF4B-00C04F79EFBC}") = "L", "L\L.csproj", "{8FCAD34E-743F-49BC-A804-951614B2BCDE}"
EndProject
Project("{FAE04EC0-301F-11D3-BF4B-00C04F79EFBC}") = "A.Tests", "A.Tests\A.Tests.csproj", "{FBFCF869-257A-4F3A-B042-8D9E3115D90A}"
EndProject
Project("{FAE04EC0-301F-11D3-BF4B-00C04F79EFBC}") = "B.Tests", "B.Tests\B.Tests.csproj", "{0978602B-AC70-4176-9AC5-8E6FD5702FF9}"
EndProject
Project("{FAE04EC0-301F-11D3-BF4B-00C04F79EFBC}") = "C.Tests", "C.Tests\C.Tests.csproj", "{FBFF752C-308F-4458-A564-EF968FF1FB63}"
EndProject
Project("{FAE04EC0-301F-11D3-BF4B-00C04F79EFBC}") = "D.Tests", "D.Tests\D.Tests.csproj", "{5964C2D7-1746-4B79-8381-A9FCA2D91CD9}"
EndProject
Project("{FAE04EC0-301F-11D3-BF4B-00C04F79EFBC}") = "E.Tests", "E.Tests\E.Tests.csproj", "{ECCE2F2D-A27B-40DF-8573-370361FFDBD3}"
EndProject
Project("{FAE04EC0-301F-11D3-BF4B-00C04F79EFBC}") = "F.Tests", "F.Tests\F.Tests.csproj", "{67E338B6-C39F-4F42-A692-4D31E5364FCD}"
EndProject
Project("{FAE04EC0-301F-11D3-BF4B-00C04F79EFBC}") = "G.Tests", "G.Tests\G.Tests.csproj", "{C431D80F-B3C8-46BB-9A91-A2E134E9D004}"
EndProject
Project("{FAE04EC0-301F-11D3-BF4B-00C04F79EFBC}") = "H.Tests", "H.Tests\H.Tests.csproj", "{6102A00D-A3D3-44F6-A22F-7DF8756EFE16}"
EndProject
Project("{FAE04EC0-301F-11D3-BF4B-00C04F79EFBC}") = "I.Tests", "I.Tests\I.Tests.csproj", "{B16F435B-DC07-407C-A928-9FBC2FAB11D5}"
EndProject
Project("{FAE04EC0-301F-11D3-BF4B-00C04F79EFBC}") = "J.Tests", "J.Tests\J.Tests.csproj", "{B101FA1D-1954-4A20-B94C-2E3110DD2B80}"
EndProject
Project("{FAE04EC0-301F-11D3-BF4B-00C04F79EFBC}") = "K.Tests", "K.Tests\K.Tests.csproj", "{A3B6B2C4-C2C4-487B-AD34-6CF8211203B4}"
EndProject
Project("{FAE04EC0-301F-11D3-BF4B-00C04F79EFBC}") = "L.Tests", "L.Tests\L.Tests.csproj", "{23346001-EB70-4F7C-B5CF-C6E5CBD2AC45}"
EndProject
Global
	GlobalSection(SolutionConfigurationPlatforms) = preSolution
		Debug|Any CPU = Debug|Any CPU
		Release|Any CPU = Release|Any CPU
	EndGlobalSection
	GlobalSection(ProjectConfigurationPlatforms) = postSolution
		{44FE5585-4C15-4E3E-BF8C-AC2087FFD0FC}.Debug|Any CPU.ActiveCfg = Debug|Any CPU
		{44FE5585-4C15-4E3E-BF8C-AC2087FFD0FC}.Debug|Any CPU.Build.0 = Debug|Any CPU
		{44FE5585-4C15-4E3E-BF8C-AC2087FFD0FC}.Release|Any CPU.ActiveCfg = Release|Any CPU
		{44FE5585-4C15-4E3E-BF8C-AC2087FFD0FC}.Release|Any CPU.Build.0 = Release|Any CPU
		{547CF2E4-9A33-4D35-880B-13B2265ED704}.Debug|Any CPU.ActiveCfg = Debug|Any CPU
		{547CF2E4-9A33-4D35-880B-13B2265ED704}.Debug|Any CPU.Build.0 = Debug|Any CPU
		{547CF2E4-9A33-4D35-880B-13B2265ED704}.Release|Any CPU.ActiveCfg = Release|Any CPU
		{547CF2E4-9A33-4D35-880B-13B2265ED704}.Release|Any CPU.Build.0 = Release|Any CPU
		{9BE78012-974A-469B-93E9-1282154780B9}.Debug|Any CPU.ActiveCfg = Debug|Any CPU
		{9BE78012-974A-469B-93E9-1282154780B9}.Debug|Any CPU.Build.0 = Debug|Any CPU
		{9BE78012-974A-469B-93E9-1282154780B9}.Release|Any CPU.ActiveCfg = Release|Any CPU
		{9BE78012-974A-469B-93E9-1282154780B9}.Release|Any CPU.Build.0 = Release|Any CPU
		{2F676E1C-DE0E-4A43-AA5D-33E48B6D111F}.Debug|Any CPU.ActiveCfg = Debug|Any CPU
		{2F676E1C-DE0E-4A43-AA5D-33E48B6D111F}.Debug|Any CPU.Build.0 = Debug|Any CPU
		{2F676E1C-DE0E-4A43-AA5D-33E48B6D111F}.Release|Any CPU.ActiveCfg = Release|Any CPU
		{2F676E1C-DE0E-4A43-AA5D-33E48B6D111F}.Release|Any CPU.Build.0 = Release|Any CPU
		{F76559EF-1F52-4A28-98E1-44F305047A00}.Debug|Any CPU.ActiveCfg = Debug|Any CPU
		{F76559EF-1F52-4A28-98E1-44F305047A00}.Debug|Any CPU.Build.0 = Debug|Any CPU
		{F76559EF-1F52-4A28-98E1-44F305047A00}.Release|Any CPU.ActiveCfg = Release|Any CPU
		{F76559EF-1F52-4A28-98E1-44F305047A00}.Release|Any CPU.Build.0 = Release|Any CPU
		{B650CAA9-E399-4C85-89BE-680AD9969819}.Debug|Any CPU.ActiveCfg = Debug|Any CPU
		{B650CAA9-E399-4C85-89BE-680AD9969819}.Debug|Any CPU.Build.0 = Debug|Any CPU
		{B650CAA9-E399-4C85-89BE-680AD9969819}.Release|Any CPU.ActiveCfg = Release|Any CPU
		{B650CAA9-E399-4C85-89BE-680AD9969819}.Release|Any CPU.Build.0 = Release|Any CPU
		{73FDE7DB-9B3D-4E62-B069-E377BFD71B3B}.Debug|Any CPU.ActiveCfg = Debug|Any CPU
		{73FDE7DB-9B3D-4E62-B069-E377BFD71B3B}.Debug|Any CPU.Build.0 = Debug|Any CPU
		{73FDE7DB-9B3D-4E62-B069-E377BFD71B3B}.Release|Any CPU.ActiveCfg = Release|Any CPU
		{73FDE7DB-9B3D-4E62-B069-E377BFD71B3B}.Release|Any CPU.Build.0 = Release|Any CPU
		{AE3F1B49-C853-4F17-88A1-6D690CEDD7A6}.Debug|Any CPU.ActiveCfg = Debug|Any CPU
		{AE3F1B49-C853-4F17-88A1-6D690CEDD7A6}.Debug|Any CPU.Build.0 = Debug|Any CPU
		{AE3F1B49-C853-4F17-88A1-6D690CEDD7A6}.Release|Any CPU.ActiveCfg = Release|Any CPU
		{AE3F1B49-C853-4F17-88A1-6D690CEDD7A6}.Release|Any CPU.Build.0 = Release|Any CPU
		{BD8B1FF2-8BC6-4F10-B172-63ECAAEC21C7}.Debug|Any CPU.ActiveCfg = Debug|Any CPU
		{BD8B1FF2-8BC6-4F10-B172-63ECAAEC21C7}.Debug|Any CPU.Build.0 = Debug|Any CPU
		{BD8B1FF2-8BC6-4F10-B172-63ECAAEC21C7}.Release|Any CPU.ActiveCfg = Release|Any CPU
		{BD8B1FF2-8BC6-4F10-B172-63ECAAEC21C7}.Release|Any CPU.Build.0 = Release|Any CPU
		{2F4B1C51-A0C2-40A4-9E79-0F2CE56F3571}.Debug|Any CPU.ActiveCfg = Debug|Any CPU
		{2F4B1C51-A0C2-40A4-9E79-0F2CE56F3571}.Debug|Any CPU.Build.0 = Debug|Any CPU
		{2F4B1C51-A0C2-40A4-9E79-0F2CE56F3571}.Release|Any CPU.ActiveCfg = Release|Any CPU
		{2F4B1C51-A0C2-40A4-9E79-0F2CE56F3571}.Release|Any CPU.Build.0 = Release|Any CPU
		{9D876BF1-7C53-4CD7-9CF7-371680DD2AF1}.Debug|Any CPU.ActiveCfg = Debug|Any CPU
		{9D876BF1-7C53-4CD7-9CF7-371680DD2AF1}.Debug|Any CPU.Build.0 = Debug|Any CPU
		{9D876BF1-7C53-4CD7-9CF7-371680DD2AF1}.Release|Any CPU.ActiveCfg = Release|Any CPU
		{9D876BF1-7C53-4CD7-9CF7-371680DD2AF1}.Release|Any CPU.Build.0 = Release|Any CPU
		{8FCAD34E-743F-49BC-A804-951614B2BCDE}.Debug|Any CPU.ActiveCfg = Debug|Any CPU
		{8FCAD34E-743F-49BC-A804-951614B2BCDE}.Debug|Any CPU.Build.0 = Debug|Any CPU
		{8FCAD34E-743F-49BC-A804-951614B2BCDE}.Release|Any CPU.ActiveCfg = Release|Any CPU
		{8FCAD34E-743F-49BC-A804-951614B2BCDE}.Release|Any CPU.Build.0 = Release|Any CPU
		{FBFCF869-257A-4F3A-B042-8D9E3115D90A}.Debug|Any CPU.ActiveCfg = Debug|Any CPU
		{FBFCF869-257A-4F3A-B042-8D9E3115D90A}.Debug|Any CPU.Build.0 = Debug|Any CPU
		{FBFCF869-257A-4F3A-B042-8D9E3115D90A}.Release|Any CPU.ActiveCfg = Release|Any CPU
		{FBFCF869-257A-4F3A-B042-8D9E3115D90A}.Release|Any CPU.Build.0 = Release|Any CPU
		{0978602B-AC70-4176-9AC5-8E6FD5702FF9}.Debug|Any CPU.ActiveCfg = Debug|Any CPU
		{0978602B-AC70-4176-9AC5-8E6FD5702FF9}.Debug|Any CPU.Build.0 = Debug|Any CPU
		{0978602B-AC70-4176-9AC5-8E6FD5702FF9}.Release|Any CPU.ActiveCfg = Release|Any CPU
		{0978602B-AC70-4176-9AC5-8E6FD5702FF9}.Release|Any CPU.Build.0 = Release|Any CPU
		{FBFF752C-308F-4458-A564-EF968FF1FB63}.Debug|Any CPU.ActiveCfg = Debug|Any CPU
		{FBFF752C-308F-4458-A564-EF968FF1FB63}.Debug|Any CPU.Build.0 = Debug|Any CPU
		{FBFF752C-308F-4458-A564-EF968FF1FB63}.Release|Any CPU.ActiveCfg = Release|Any CPU
		{FBFF752C-308F-4458-A564-EF968FF1FB63}.Release|Any CPU.Build.0 = Release|Any CPU
		{5964C2D7-1746-4B79-8381-A9FCA2D91CD9}.Debug|Any CPU.ActiveCfg = Debug|Any CPU
		{5964C2D7-1746-4B79-8381-A9FCA2D91CD9}.Debug|Any CPU.Build.0 = Debug|Any CPU
		{5964C2D7-1746-4B79-8381-A9FCA2D91CD9}.Release|Any CPU.ActiveCfg = Release|Any CPU
		{5964C2D7-1746-4B79-8381-A9FCA2D91CD9}.Release|Any CPU.Build.0 = Release|Any CPU
		{ECCE2F2D-A27B-40DF-8573-370361FFDBD3}.Debug|Any CPU.ActiveCfg = Debug|Any CPU
		{ECCE2F2D-A27B-40DF-8573-370361FFDBD3}.Debug|Any CPU.Build.0 = Debug|Any CPU
		{ECCE2F2D-A27B-40DF-8573-370361FFDBD3}.Release|Any CPU.ActiveCfg = Release|Any CPU
		{ECCE2F2D-A27B-40DF-8573-370361FFDBD3}.Release|Any CPU.Build.0 = Release|Any CPU
		{67E338B6-C39F-4F42-A692-4D31E5364FCD}.Debug|Any CPU.ActiveCfg = Debug|Any CPU
		{67E338B6-C39F-4F42-A692-4D31E5364FCD}.Debug|Any CPU.Build.0 = Debug|Any CPU
		{67E338B6-C39F-4F42-A692-4D31E5364FCD}.Release|Any CPU.ActiveCfg = Release|Any CPU
		{67E338B6-C39F-4F42-A692-4D31E5364FCD}.Release|Any CPU.Build.0 = Release|Any CPU
		{C431D80F-B3C8-46BB-9A91-A2E134E9D004}.Debug|Any CPU.ActiveCfg = Debug|Any CPU
		{C431D80F-B3C8-46BB-9A91-A2E134E9D004}.Debug|Any CPU.Build.0 = Debug|Any CPU
		{C431D80F-B3C8-46BB-9A91-A2E134E9D004}.Release|Any CPU.ActiveCfg = Release|Any CPU
		{C431D80F-B3C8-46BB-9A91-A2E134E9D004}.Release|Any CPU.Build.0 = Release|Any CPU
		{6102A00D-A3D3-44F6-A22F-7DF8756EFE16}.Debug|Any CPU.ActiveCfg = Debug|Any CPU
		{6102A00D-A3D3-44F6-A22F-7DF8756EFE16}.Debug|Any CPU.Build.0 = Debug|Any CPU
		{6102A00D-A3D3-44F6-A22F-7DF8756EFE16}.Release|Any CPU.ActiveCfg = Release|Any CPU
		{6102A00D-A3D3-44F6-A22F-7DF8756EFE16}.Release|Any CPU.Build.0 = Release|Any CPU
		{B16F435B-DC07-407C-A928-9FBC2FAB11D5}.Debug|Any CPU.ActiveCfg = Debug|Any CPU
		{B16F435B-DC07-407C-A928-9FBC2FAB11D5}.Debug|Any CPU.Build.0 = Debug|Any CPU
		{B16F435B-DC07-407C-A928-9FBC2FAB11D5}.Release|Any CPU.ActiveCfg = Release|Any CPU
		{B16F435B-DC07-407C-A928-9FBC2FAB11D5}.Release|Any CPU.Build.0 = Release|Any CPU
		{B101FA1D-1954-4A20-B94C-2E3110DD2B80}.Debug|Any CPU.ActiveCfg = Debug|Any CPU
		{B101FA1D-1954-4A20-B94C-2E3110DD2B80}.Debug|Any CPU.Build.0 = Debug|Any CPU
		{B101FA1D-1954-4A20-B94C-2E3110DD2B80}.Release|Any CPU.ActiveCfg = Release|Any CPU
		{B101FA1D-1954-4A20-B94C-2E3110DD2B80}.Release|Any CPU.Build.0 = Release|Any CPU
		{A3B6B2C4-C2C4-487B-AD34-6CF8211203B4}.Debug|Any CPU.ActiveCfg = Debug|Any CPU
		{A3B6B2C4-C2C4-487B-AD34-6CF8211203B4}.Debug|Any CPU.Build.0 = Debug|Any CPU
		{A3B6B2C4-C2C4-487B-AD34-6CF8211203B4}.Release|Any CPU.ActiveCfg = Release|Any CPU
		{A3B6B2C4-C2C4-487B-AD34-6CF8211203B4}.Release|Any CPU.Build.0 = Release|Any CPU
		{23346001-EB70-4F7C-B5CF-C6E5CBD2AC45}.Debug|Any CPU.ActiveCfg = Debug|Any CPU
		{23346001-EB70-4F7C-B5CF-C6E5CBD2AC45}.Debug|Any CPU.Build.0 = Debug|Any CPU
		{23346001-EB70-4F7C-B5CF-C6E5CBD2AC45}.Release|Any CPU.ActiveCfg = Release|Any CPU
		{23346001-EB70-4F7C-B5CF-C6E5CBD2AC45}.Release|Any CPU.Build.0 = Release|Any CPU
	EndGlobalSection
EndGlobal
