
Microsoft Visual Studio Solution File, Format Version 12.00
Project("{FAE04EC0-301F-11D3-BF4B-00C04F79EFBC}") = "TwoSum", "TwoSum\TwoSum.csproj", "{36DC6A5D-C09C-403F-B824-E2668434ABEF}"
EndProject
Project("{FAE04EC0-301F-11D3-BF4B-00C04F79EFBC}") = "TwoSum.Tests", "TwoSum.Tests\TwoSum.Tests.csproj", "{2EE878BC-40C3-4D9D-86CD-6C9596207381}"
EndProject
Project("{FAE04EC0-301F-11D3-BF4B-00C04F79EFBC}") = "AddTwoNumbers", "AddTwoNumbers\AddTwoNumbers.csproj", "{AE415384-D38B-4A8D-B975-AF07ACDA1070}"
EndProject
Project("{FAE04EC0-301F-11D3-BF4B-00C04F79EFBC}") = "AddTwoNumbers.Tests", "AddTwoNumbers.Tests\AddTwoNumbers.Tests.csproj", "{CFC23A35-3607-489B-B96C-B2566C4D5DB0}"
EndProject
Project("{FAE04EC0-301F-11D3-BF4B-00C04F79EFBC}") = "LongestSubstringWithoutRepeatingCharacters", "LongestSubstringWithoutRepeatingCharacters\LongestSubstringWithoutRepeatingCharacters.csproj", "{6C9B5956-BD6D-4337-AC6A-CF9B19D1C606}"
EndProject
Project("{FAE04EC0-301F-11D3-BF4B-00C04F79EFBC}") = "LongestSubstringWithoutRepeatingCharacters.Tests", "LongestSubstringWithoutRepeatingCharacters.Tests\LongestSubstringWithoutRepeatingCharacters.Tests.csproj", "{64293D6B-A960-4046-BA12-8A6FD175EE1E}"
EndProject
Project("{FAE04EC0-301F-11D3-BF4B-00C04F79EFBC}") = "MedianOfTwoSortedArrays", "MedianOfTwoSortedArrays\MedianOfTwoSortedArrays.csproj", "{24B6AFF9-E5DE-4517-9B11-3CFED2A6808F}"
EndProject
Project("{FAE04EC0-301F-11D3-BF4B-00C04F79EFBC}") = "MedianOfTwoSortedArrays.Tests", "MedianOfTwoSortedArrays.Tests\MedianOfTwoSortedArrays.Tests.csproj", "{557BB099-C6A9-4110-AEAE-D8903A568D9E}"
EndProject
Project("{FAE04EC0-301F-11D3-BF4B-00C04F79EFBC}") = "LongestPalindromicSubstring", "LongestPalindromicSubstring\LongestPalindromicSubstring.csproj", "{61370C46-D962-453C-9C83-57C7E4BEB081}"
EndProject
Project("{FAE04EC0-301F-11D3-BF4B-00C04F79EFBC}") = "LongestPalindromicSubstring.Tests", "LongestPalindromicSubstring.Tests\LongestPalindromicSubstring.Tests.csproj", "{CF2CE390-5565-44BC-BA53-F9161C7FE2B2}"
EndProject
Project("{FAE04EC0-301F-11D3-BF4B-00C04F79EFBC}") = "ReverseInteger", "ReverseInteger\ReverseInteger.csproj", "{28E72447-D44F-4821-B101-24ABFDA9997F}"
EndProject
Project("{FAE04EC0-301F-11D3-BF4B-00C04F79EFBC}") = "ReverseInteger.Tests", "ReverseInteger.Tests\ReverseInteger.Tests.csproj", "{2F77DC30-84EE-4A38-B424-6CA5EDAF20A9}"
EndProject
Project("{FAE04EC0-301F-11D3-BF4B-00C04F79EFBC}") = "LargestNumber", "LargestNumber\LargestNumber.csproj", "{2513C888-FEC2-465F-BF0F-B9B7DFA48A8E}"
EndProject
Project("{FAE04EC0-301F-11D3-BF4B-00C04F79EFBC}") = "LargestNumber.Tests", "LargestNumber.Tests\LargestNumber.Tests.csproj", "{E9C85956-7432-4876-9A6E-FAA27D80BA1D}"
EndProject
Global
	GlobalSection(SolutionConfigurationPlatforms) = preSolution
		Debug|Any CPU = Debug|Any CPU
		Release|Any CPU = Release|Any CPU
	EndGlobalSection
	GlobalSection(ProjectConfigurationPlatforms) = postSolution
		{36DC6A5D-C09C-403F-B824-E2668434ABEF}.Debug|Any CPU.ActiveCfg = Debug|Any CPU
		{36DC6A5D-C09C-403F-B824-E2668434ABEF}.Debug|Any CPU.Build.0 = Debug|Any CPU
		{36DC6A5D-C09C-403F-B824-E2668434ABEF}.Release|Any CPU.ActiveCfg = Release|Any CPU
		{36DC6A5D-C09C-403F-B824-E2668434ABEF}.Release|Any CPU.Build.0 = Release|Any CPU
		{2EE878BC-40C3-4D9D-86CD-6C9596207381}.Debug|Any CPU.ActiveCfg = Debug|Any CPU
		{2EE878BC-40C3-4D9D-86CD-6C9596207381}.Debug|Any CPU.Build.0 = Debug|Any CPU
		{2EE878BC-40C3-4D9D-86CD-6C9596207381}.Release|Any CPU.ActiveCfg = Release|Any CPU
		{2EE878BC-40C3-4D9D-86CD-6C9596207381}.Release|Any CPU.Build.0 = Release|Any CPU
		{AE415384-D38B-4A8D-B975-AF07ACDA1070}.Debug|Any CPU.ActiveCfg = Debug|Any CPU
		{AE415384-D38B-4A8D-B975-AF07ACDA1070}.Debug|Any CPU.Build.0 = Debug|Any CPU
		{AE415384-D38B-4A8D-B975-AF07ACDA1070}.Release|Any CPU.ActiveCfg = Release|Any CPU
		{AE415384-D38B-4A8D-B975-AF07ACDA1070}.Release|Any CPU.Build.0 = Release|Any CPU
		{CFC23A35-3607-489B-B96C-B2566C4D5DB0}.Debug|Any CPU.ActiveCfg = Debug|Any CPU
		{CFC23A35-3607-489B-B96C-B2566C4D5DB0}.Debug|Any CPU.Build.0 = Debug|Any CPU
		{CFC23A35-3607-489B-B96C-B2566C4D5DB0}.Release|Any CPU.ActiveCfg = Release|Any CPU
		{CFC23A35-3607-489B-B96C-B2566C4D5DB0}.Release|Any CPU.Build.0 = Release|Any CPU
		{6C9B5956-BD6D-4337-AC6A-CF9B19D1C606}.Debug|Any CPU.ActiveCfg = Debug|Any CPU
		{6C9B5956-BD6D-4337-AC6A-CF9B19D1C606}.Debug|Any CPU.Build.0 = Debug|Any CPU
		{6C9B5956-BD6D-4337-AC6A-CF9B19D1C606}.Release|Any CPU.ActiveCfg = Release|Any CPU
		{6C9B5956-BD6D-4337-AC6A-CF9B19D1C606}.Release|Any CPU.Build.0 = Release|Any CPU
		{64293D6B-A960-4046-BA12-8A6FD175EE1E}.Debug|Any CPU.ActiveCfg = Debug|Any CPU
		{64293D6B-A960-4046-BA12-8A6FD175EE1E}.Debug|Any CPU.Build.0 = Debug|Any CPU
		{64293D6B-A960-4046-BA12-8A6FD175EE1E}.Release|Any CPU.ActiveCfg = Release|Any CPU
		{64293D6B-A960-4046-BA12-8A6FD175EE1E}.Release|Any CPU.Build.0 = Release|Any CPU
		{24B6AFF9-E5DE-4517-9B11-3CFED2A6808F}.Debug|Any CPU.ActiveCfg = Debug|Any CPU
		{24B6AFF9-E5DE-4517-9B11-3CFED2A6808F}.Debug|Any CPU.Build.0 = Debug|Any CPU
		{24B6AFF9-E5DE-4517-9B11-3CFED2A6808F}.Release|Any CPU.ActiveCfg = Release|Any CPU
		{24B6AFF9-E5DE-4517-9B11-3CFED2A6808F}.Release|Any CPU.Build.0 = Release|Any CPU
		{557BB099-C6A9-4110-AEAE-D8903A568D9E}.Debug|Any CPU.ActiveCfg = Debug|Any CPU
		{557BB099-C6A9-4110-AEAE-D8903A568D9E}.Debug|Any CPU.Build.0 = Debug|Any CPU
		{557BB099-C6A9-4110-AEAE-D8903A568D9E}.Release|Any CPU.ActiveCfg = Release|Any CPU
		{557BB099-C6A9-4110-AEAE-D8903A568D9E}.Release|Any CPU.Build.0 = Release|Any CPU
		{61370C46-D962-453C-9C83-57C7E4BEB081}.Debug|Any CPU.ActiveCfg = Debug|Any CPU
		{61370C46-D962-453C-9C83-57C7E4BEB081}.Debug|Any CPU.Build.0 = Debug|Any CPU
		{61370C46-D962-453C-9C83-57C7E4BEB081}.Release|Any CPU.ActiveCfg = Release|Any CPU
		{61370C46-D962-453C-9C83-57C7E4BEB081}.Release|Any CPU.Build.0 = Release|Any CPU
		{CF2CE390-5565-44BC-BA53-F9161C7FE2B2}.Debug|Any CPU.ActiveCfg = Debug|Any CPU
		{CF2CE390-5565-44BC-BA53-F9161C7FE2B2}.Debug|Any CPU.Build.0 = Debug|Any CPU
		{CF2CE390-5565-44BC-BA53-F9161C7FE2B2}.Release|Any CPU.ActiveCfg = Release|Any CPU
		{CF2CE390-5565-44BC-BA53-F9161C7FE2B2}.Release|Any CPU.Build.0 = Release|Any CPU
		{28E72447-D44F-4821-B101-24ABFDA9997F}.Debug|Any CPU.ActiveCfg = Debug|Any CPU
		{28E72447-D44F-4821-B101-24ABFDA9997F}.Debug|Any CPU.Build.0 = Debug|Any CPU
		{28E72447-D44F-4821-B101-24ABFDA9997F}.Release|Any CPU.ActiveCfg = Release|Any CPU
		{28E72447-D44F-4821-B101-24ABFDA9997F}.Release|Any CPU.Build.0 = Release|Any CPU
		{2F77DC30-84EE-4A38-B424-6CA5EDAF20A9}.Debug|Any CPU.ActiveCfg = Debug|Any CPU
		{2F77DC30-84EE-4A38-B424-6CA5EDAF20A9}.Debug|Any CPU.Build.0 = Debug|Any CPU
		{2F77DC30-84EE-4A38-B424-6CA5EDAF20A9}.Release|Any CPU.ActiveCfg = Release|Any CPU
		{2F77DC30-84EE-4A38-B424-6CA5EDAF20A9}.Release|Any CPU.Build.0 = Release|Any CPU
		{2513C888-FEC2-465F-BF0F-B9B7DFA48A8E}.Debug|Any CPU.ActiveCfg = Debug|Any CPU
		{2513C888-FEC2-465F-BF0F-B9B7DFA48A8E}.Debug|Any CPU.Build.0 = Debug|Any CPU
		{2513C888-FEC2-465F-BF0F-B9B7DFA48A8E}.Release|Any CPU.ActiveCfg = Release|Any CPU
		{2513C888-FEC2-465F-BF0F-B9B7DFA48A8E}.Release|Any CPU.Build.0 = Release|Any CPU
		{E9C85956-7432-4876-9A6E-FAA27D80BA1D}.Debug|Any CPU.ActiveCfg = Debug|Any CPU
		{E9C85956-7432-4876-9A6E-FAA27D80BA1D}.Debug|Any CPU.Build.0 = Debug|Any CPU
		{E9C85956-7432-4876-9A6E-FAA27D80BA1D}.Release|Any CPU.ActiveCfg = Release|Any CPU
		{E9C85956-7432-4876-9A6E-FAA27D80BA1D}.Release|Any CPU.Build.0 = Release|Any CPU
	EndGlobalSection
EndGlobal
