
Microsoft Visual Studio Solution File, Format Version 12.00
Project("{FAE04EC0-301F-11D3-BF4B-00C04F79EFBC}") = "TwoSum", "TwoSum\TwoSum.csproj", "{36DC6A5D-C09C-403F-B824-E2668434ABEF}"
EndProject
Project("{FAE04EC0-301F-11D3-BF4B-00C04F79EFBC}") = "TwoSum.Tests", "TwoSum.Tests\TwoSum.Tests.csproj", "{2EE878BC-40C3-4D9D-86CD-6C9596207381}"
EndProject
Project("{FAE04EC0-301F-11D3-BF4B-00C04F79EFBC}") = "AddTwoNumbers", "AddTwoNumbers\AddTwoNumbers.csproj", "{AE415384-D38B-4A8D-B975-AF07ACDA1070}"
EndProject
Project("{FAE04EC0-301F-11D3-BF4B-00C04F79EFBC}") = "AddTwoNumbers.Tests", "AddTwoNumbers.Tests\AddTwoNumbers.Tests.csproj", "{CFC23A35-3607-489B-B96C-B2566C4D5DB0}"
EndProject
Project("{FAE04EC0-301F-11D3-BF4B-00C04F79EFBC}") = "LongestSubstringWithoutRepeatingCharacters", "LongestSubstringWithoutRepeatingCharacters\LongestSubstringWithoutRepeatingCharacters.csproj", "{6C9B5956-BD6D-4337-AC6A-CF9B19D1C606}"
EndProject
Project("{FAE04EC0-301F-11D3-BF4B-00C04F79EFBC}") = "LongestSubstringWithoutRepeatingCharacters.Tests", "LongestSubstringWithoutRepeatingCharacters.Tests\LongestSubstringWithoutRepeatingCharacters.Tests.csproj", "{64293D6B-A960-4046-BA12-8A6FD175EE1E}"
EndProject
Project("{FAE04EC0-301F-11D3-BF4B-00C04F79EFBC}") = "MedianOfTwoSortedArrays", "MedianOfTwoSortedArrays\MedianOfTwoSortedArrays.csproj", "{24B6AFF9-E5DE-4517-9B11-3CFED2A6808F}"
EndProject
Project("{FAE04EC0-301F-11D3-BF4B-00C04F79EFBC}") = "MedianOfTwoSortedArrays.Tests", "MedianOfTwoSortedArrays.Tests\MedianOfTwoSortedArrays.Tests.csproj", "{557BB099-C6A9-4110-AEAE-D8903A568D9E}"
EndProject
Project("{FAE04EC0-301F-11D3-BF4B-00C04F79EFBC}") = "LongestPalindromicSubstring", "LongestPalindromicSubstring\LongestPalindromicSubstring.csproj", "{61370C46-D962-453C-9C83-57C7E4BEB081}"
EndProject
Project("{FAE04EC0-301F-11D3-BF4B-00C04F79EFBC}") = "LongestPalindromicSubstring.Tests", "LongestPalindromicSubstring.Tests\LongestPalindromicSubstring.Tests.csproj", "{CF2CE390-5565-44BC-BA53-F9161C7FE2B2}"
EndProject
Project("{FAE04EC0-301F-11D3-BF4B-00C04F79EFBC}") = "ReverseInteger", "ReverseInteger\ReverseInteger.csproj", "{28E72447-D44F-4821-B101-24ABFDA9997F}"
EndProject
Project("{FAE04EC0-301F-11D3-BF4B-00C04F79EFBC}") = "ReverseInteger.Tests", "ReverseInteger.Tests\ReverseInteger.Tests.csproj", "{2F77DC30-84EE-4A38-B424-6CA5EDAF20A9}"
EndProject
Project("{FAE04EC0-301F-11D3-BF4B-00C04F79EFBC}") = "LargestNumber", "LargestNumber\LargestNumber.csproj", "{2513C888-FEC2-465F-BF0F-B9B7DFA48A8E}"
EndProject
Project("{FAE04EC0-301F-11D3-BF4B-00C04F79EFBC}") = "LargestNumber.Tests", "LargestNumber.Tests\LargestNumber.Tests.csproj", "{E9C85956-7432-4876-9A6E-FAA27D80BA1D}"
EndProject
Project("{FAE04EC0-301F-11D3-BF4B-00C04F79EFBC}") = "ReverseString", "ReverseString\ReverseString.csproj", "{F5DB21F4-E48B-4B45-B739-6FA7B8BD8DB4}"
EndProject
Project("{FAE04EC0-301F-11D3-BF4B-00C04F79EFBC}") = "Permutations", "Permutations\Permutations.csproj", "{41562B9D-4C1C-4CA9-B28E-C1B7E4CBC4FB}"
EndProject
Project("{FAE04EC0-301F-11D3-BF4B-00C04F79EFBC}") = "DeleteNodeInALinkedList", "DeleteNodeInALinkedList\DeleteNodeInALinkedList.csproj", "{D2230102-CC35-45BF-AE30-CC5A6D54EAFA}"
EndProject
Project("{FAE04EC0-301F-11D3-BF4B-00C04F79EFBC}") = "MaximumDepthOfBinaryTree", "MaximumDepthOfBinaryTree\MaximumDepthOfBinaryTree.csproj", "{335FCBA0-199B-40FC-A76E-6F7F33E27AA8}"
EndProject
Project("{FAE04EC0-301F-11D3-BF4B-00C04F79EFBC}") = "DeleteNodeInALinkedList.Tests", "DeleteNodeInALinkedList.Tests\DeleteNodeInALinkedList.Tests.csproj", "{EB612F8A-A1B2-4E71-B6C1-C200835C3090}"
EndProject
Project("{FAE04EC0-301F-11D3-BF4B-00C04F79EFBC}") = "MaximumDepthOfBinaryTree.Tests", "MaximumDepthOfBinaryTree.Tests\MaximumDepthOfBinaryTree.Tests.csproj", "{13D3B8CC-2968-41EF-8566-8FC3B1B4F8AD}"
EndProject
Project("{FAE04EC0-301F-11D3-BF4B-00C04F79EFBC}") = "Permutations.Tests", "Permutations.Tests\Permutations.Tests.csproj", "{F80C11C7-017F-4546-9B0B-40580C315DDF}"
EndProject
Project("{FAE04EC0-301F-11D3-BF4B-00C04F79EFBC}") = "ReverseString.Tests", "ReverseString.Tests\ReverseString.Tests.csproj", "{8D2E4B1E-7FC7-46D1-9C65-A1EDF114891F}"
EndProject
Project("{FAE04EC0-301F-11D3-BF4B-00C04F79EFBC}") = "LargestVariance", "LargestVariance\LargestVariance.csproj", "{883B2740-9F39-49CC-849E-4A37CC8A2010}"
EndProject
Project("{FAE04EC0-301F-11D3-BF4B-00C04F79EFBC}") = "LargestVariance.Tests", "LargestVariance.Tests\LargestVariance.Tests.csproj", "{2C4431B8-E2A0-476E-B3EE-7A842ECAC94E}"
EndProject
Project("{FAE04EC0-301F-11D3-BF4B-00C04F79EFBC}") = "MinimumNumberOfIncrementsOnSubarraysToFormATargetArray.Tests", "MinimumNumberOfIncrementsOnSubarraysToFormATargetArray.Tests\MinimumNumberOfIncrementsOnSubarraysToFormATargetArray.Tests.csproj", "{AFA19E1F-6603-4665-B842-DA3E3EE39CEF}"
EndProject
Project("{FAE04EC0-301F-11D3-BF4B-00C04F79EFBC}") = "MinimumNumberOfIncrementsOnSubarraysToFormATargetArray", "MinimumNumberOfIncrementsOnSubarraysToFormATargetArray\MinimumNumberOfIncrementsOnSubarraysToFormATargetArray.csproj", "{D5459660-4694-4788-B7D9-2CEC96E91443}"
EndProject
Project("{FAE04EC0-301F-11D3-BF4B-00C04F79EFBC}") = "FindAllAnagramsInAString", "FindAllAnagramsInAString\FindAllAnagramsInAString.csproj", "{24D9DEDD-4298-4ACB-84D7-A360FB80CBE1}"
EndProject
Project("{FAE04EC0-301F-11D3-BF4B-00C04F79EFBC}") = "FindAllAnagramsInAString.Tests", "FindAllAnagramsInAString.Tests\FindAllAnagramsInAString.Tests.csproj", "{72826E31-A951-44FA-B36D-5B1722CE4CF6}"
EndProject
Project("{FAE04EC0-301F-11D3-BF4B-00C04F79EFBC}") = "CheckIfNumberIsASumOfPowersOfThree", "CheckIfNumberIsASumOfPowersOfThree\CheckIfNumberIsASumOfPowersOfThree.csproj", "{76C8462C-4FB2-4DA1-834B-CC0B8CAB88EA}"
EndProject
Project("{FAE04EC0-301F-11D3-BF4B-00C04F79EFBC}") = "CheckIfNumberIsASumOfPowersOfThree.Tests", "CheckIfNumberIsASumOfPowersOfThree.Tests\CheckIfNumberIsASumOfPowersOfThree.Tests.csproj", "{554FDDBA-EBD3-48B0-957A-8DFF49F4A7DD}"
EndProject
Project("{FAE04EC0-301F-11D3-BF4B-00C04F79EFBC}") = "CountArrayPairsDivisibleByK", "CountArrayPairsDivisibleByK\CountArrayPairsDivisibleByK.csproj", "{E129618F-F81C-41C1-A4CE-4DA5A1AD7953}"
EndProject
Project("{FAE04EC0-301F-11D3-BF4B-00C04F79EFBC}") = "CountArrayPairsDivisibleByK.Tests", "CountArrayPairsDivisibleByK.Tests\CountArrayPairsDivisibleByK.Tests.csproj", "{ACFA49D4-7834-4485-9457-45966F70353C}"
EndProject
Project("{FAE04EC0-301F-11D3-BF4B-00C04F79EFBC}") = "CountEqualAndDivisiblePairsInAnArray", "CountEqualAndDivisiblePairsInAnArray\CountEqualAndDivisiblePairsInAnArray.csproj", "{C280CBD4-4A57-449E-8BFA-0EA60BD836BE}"
EndProject
Project("{FAE04EC0-301F-11D3-BF4B-00C04F79EFBC}") = "CountEqualAndDivisiblePairsInAnArray.Tests", "CountEqualAndDivisiblePairsInAnArray.Tests\CountEqualAndDivisiblePairsInAnArray.Tests.csproj", "{EE7D3A36-86D1-42BF-AE1F-6457A4C5AF3D}"
EndProject
Project("{FAE04EC0-301F-11D3-BF4B-00C04F79EFBC}") = "CheckIfArrayPairsAreDivisibleByK", "CheckIfArrayPairsAreDivisibleByK\CheckIfArrayPairsAreDivisibleByK.csproj", "{8D918C78-B32C-41BE-B238-CED5B55CB1B1}"
EndProject
Project("{FAE04EC0-301F-11D3-BF4B-00C04F79EFBC}") = "CheckIfArrayPairsAreDivisibleByK.Tests", "CheckIfArrayPairsAreDivisibleByK.Tests\CheckIfArrayPairsAreDivisibleByK.Tests.csproj", "{08851A62-D3CF-469E-9D2D-DB00169B97BA}"
EndProject
Project("{FAE04EC0-301F-11D3-BF4B-00C04F79EFBC}") = "AddTwoNumbersII", "AddTwoNumbersII\AddTwoNumbersII.csproj", "{507B3264-ADBF-46DF-A94C-625FCAA7A3C6}"
EndProject
Project("{FAE04EC0-301F-11D3-BF4B-00C04F79EFBC}") = "AddTwoNumbersII.Tests", "AddTwoNumbersII.Tests\AddTwoNumbersII.Tests.csproj", "{14B61A65-E61D-4206-826A-48E50103A7E5}"
EndProject
Project("{FAE04EC0-301F-11D3-BF4B-00C04F79EFBC}") = "PalindromeLinkedList", "PalindromeLinkedList\PalindromeLinkedList.csproj", "{66E6500D-E661-4765-8BC5-9C77A64E5B8C}"
EndProject
Project("{FAE04EC0-301F-11D3-BF4B-00C04F79EFBC}") = "PalindromeLinkedList.Tests", "PalindromeLinkedList.Tests\PalindromeLinkedList.Tests.csproj", "{344FA90F-6D3F-410A-BEE0-6AD2F1D71F1E}"
EndProject
Project("{FAE04EC0-301F-11D3-BF4B-00C04F79EFBC}") = "LinkedListCycle", "LinkedListCycle\LinkedListCycle.csproj", "{0995EB82-ECFF-4466-961A-7057474C5A60}"
EndProject
Project("{FAE04EC0-301F-11D3-BF4B-00C04F79EFBC}") = "LinkedListCycle.Tests", "LinkedListCycle.Tests\LinkedListCycle.Tests.csproj", "{0F63839B-2805-4520-8C5E-60AA7960699C}"
EndProject
Project("{FAE04EC0-301F-11D3-BF4B-00C04F79EFBC}") = "LinkedListCycleII", "LinkedListCycleII\LinkedListCycleII.csproj", "{4EDD3F93-EF18-43A0-BB16-8848BE519574}"
EndProject
Project("{FAE04EC0-301F-11D3-BF4B-00C04F79EFBC}") = "LinkedListCycleII.Tests", "LinkedListCycleII.Tests\LinkedListCycleII.Tests.csproj", "{0CB2C49C-C199-4DC6-A91D-303BA3C47B99}"
EndProject
Project("{FAE04EC0-301F-11D3-BF4B-00C04F79EFBC}") = "ExpressionAddOperators", "ExpressionAddOperators\ExpressionAddOperators.csproj", "{949AE15A-F8B5-4DC0-B2FB-0DBC37BD069D}"
EndProject
Project("{FAE04EC0-301F-11D3-BF4B-00C04F79EFBC}") = "ExpressionAddOperators.Tests", "ExpressionAddOperators.Tests\ExpressionAddOperators.Tests.csproj", "{617C0787-936F-40BB-B562-6A434A305F42}"
EndProject
Project("{FAE04EC0-301F-11D3-BF4B-00C04F79EFBC}") = "PartitionArrayIntoTwoArraysToMinimizeSumDifference", "PartitionArrayIntoTwoArraysToMinimizeSumDifference\PartitionArrayIntoTwoArraysToMinimizeSumDifference.csproj", "{3F28CC48-8661-4503-B334-83A4B4D587E6}"
EndProject
Project("{FAE04EC0-301F-11D3-BF4B-00C04F79EFBC}") = "PartitionArrayIntoTwoArraysToMinimizeSumDifference.Tests", "PartitionArrayIntoTwoArraysToMinimizeSumDifference.Tests\PartitionArrayIntoTwoArraysToMinimizeSumDifference.Tests.csproj", "{711A1A01-39AA-47B5-93BF-08D37A576EB7}"
EndProject
Project("{FAE04EC0-301F-11D3-BF4B-00C04F79EFBC}") = "ClosestSubsequenceSum", "ClosestSubsequenceSum\ClosestSubsequenceSum.csproj", "{2B812BC7-105B-40E9-AC0D-1EAEE24654DB}"
EndProject
Project("{FAE04EC0-301F-11D3-BF4B-00C04F79EFBC}") = "ClosestSubsequenceSum.Tests", "ClosestSubsequenceSum.Tests\ClosestSubsequenceSum.Tests.csproj", "{9610F63F-1665-4E4D-B623-B005E3019005}"
EndProject
Project("{FAE04EC0-301F-11D3-BF4B-00C04F79EFBC}") = "LongestStringChain", "LongestStringChain\LongestStringChain.csproj", "{DA926292-936B-474B-8AF3-044041390344}"
EndProject
Project("{FAE04EC0-301F-11D3-BF4B-00C04F79EFBC}") = "LongestStringChain.Tests", "LongestStringChain.Tests\LongestStringChain.Tests.csproj", "{F300A94B-3A16-4336-8D65-73861A9FE124}"
EndProject
Project("{FAE04EC0-301F-11D3-BF4B-00C04F79EFBC}") = "AddBinary", "AddBinary\AddBinary.csproj", "{59BD22F9-4093-497D-B63A-1A3AFBB03B45}"
EndProject
Project("{FAE04EC0-301F-11D3-BF4B-00C04F79EFBC}") = "AddBinary.Tests", "AddBinary.Tests\AddBinary.Tests.csproj", "{CB80AF48-76BD-4AC3-9BEB-6F2BE31E53F4}"
EndProject
Project("{FAE04EC0-301F-11D3-BF4B-00C04F79EFBC}") = "ImplementStrStr", "ImplementStrStr\ImplementStrStr.csproj", "{166D1EBC-65DB-4228-B136-3C0270E76E54}"
EndProject
Project("{FAE04EC0-301F-11D3-BF4B-00C04F79EFBC}") = "ImplementStrStr.Tests", "ImplementStrStr.Tests\ImplementStrStr.Tests.csproj", "{9BB225C3-D782-424D-A9A9-8DD71C3F4F2F}"
EndProject
Project("{FAE04EC0-301F-11D3-BF4B-00C04F79EFBC}") = "ReverseWordsInString", "ReverseWordsInString\ReverseWordsInString.csproj", "{D856F2F3-9A16-4B35-AF6C-875BC9CAAEEB}"
EndProject
Project("{FAE04EC0-301F-11D3-BF4B-00C04F79EFBC}") = "ReverseWordsInString.Tests", "ReverseWordsInString.Tests\ReverseWordsInString.Tests.csproj", "{BC5BF15C-46BB-40D8-96FD-E7AD8BD56FF4}"
EndProject
Project("{FAE04EC0-301F-11D3-BF4B-00C04F79EFBC}") = "OpenTheLock", "OpenTheLock\OpenTheLock.csproj", "{1C00F945-AB1E-44F4-8CC1-692276E0A4D4}"
EndProject
Project("{FAE04EC0-301F-11D3-BF4B-00C04F79EFBC}") = "OpenTheLock.Tests", "OpenTheLock.Tests\OpenTheLock.Tests.csproj", "{5D9CD5A7-D84E-4A04-B10C-32CFFD15ADC4}"
EndProject
Project("{FAE04EC0-301F-11D3-BF4B-00C04F79EFBC}") = "FloodFill", "FloodFill\FloodFill.csproj", "{1848D1E5-3881-4A01-8ADF-A45F2A5E73D7}"
EndProject
Project("{FAE04EC0-301F-11D3-BF4B-00C04F79EFBC}") = "FloodFill.Tests", "FloodFill.Tests\FloodFill.Tests.csproj", "{EFAEBFC2-3627-4EF8-B5FD-3044E706D8BE}"
EndProject
Project("{FAE04EC0-301F-11D3-BF4B-00C04F79EFBC}") = "MaxSquare.Tests", "MaxSquare.Tests\MaxSquare.Tests.csproj", "{BE808170-6B01-4573-8F7F-26C52D22176E}"
EndProject
Project("{FAE04EC0-301F-11D3-BF4B-00C04F79EFBC}") = "MinimumDifficultyOfAJobSchedule.Tests", "MinimumDifficultyOfAJobSchedule.Tests\MinimumDifficultyOfAJobSchedule.Tests.csproj", "{A0DECAF9-03EA-4981-A09E-B69F9FE16E6E}"
EndProject
Project("{FAE04EC0-301F-11D3-BF4B-00C04F79EFBC}") = "CoinChange.Tests", "CoinChange.Tests\CoinChange.Tests.csproj", "{55127C67-ADB2-436F-B7D0-9903AB5B2557}"
EndProject
Project("{FAE04EC0-301F-11D3-BF4B-00C04F79EFBC}") = "NumberOfDiceRollsWithTargetSum.Tests", "NumberOfDiceRollsWithTargetSum.Tests\NumberOfDiceRollsWithTargetSum.Tests.csproj", "{948E9895-A803-45BF-9624-5FE0D24D1125}"
EndProject
Project("{FAE04EC0-301F-11D3-BF4B-00C04F79EFBC}") = "IsInterleave.Tests", "IsInterleave.Tests\IsInterleave.Tests.csproj", "{4FAC50AC-4480-4FEB-B6AC-EF350B2C7ACA}"
EndProject
Project("{FAE04EC0-301F-11D3-BF4B-00C04F79EFBC}") = "LRUCache.Tests", "LRUCache.Tests\LRUCache.Tests.csproj", "{FDBC7F67-5437-430B-A23F-8C1B65C27414}"
EndProject
Project("{FAE04EC0-301F-11D3-BF4B-00C04F79EFBC}") = "BinarySearch.Tests", "BinarySearch.Tests\BinarySearch.Tests.csproj", "{24DD2875-FD2C-43F0-B480-2722BE221ECF}"
EndProject
Global
	GlobalSection(SolutionConfigurationPlatforms) = preSolution
		Debug|Any CPU = Debug|Any CPU
		Release|Any CPU = Release|Any CPU
	EndGlobalSection
	GlobalSection(ProjectConfigurationPlatforms) = postSolution
		{36DC6A5D-C09C-403F-B824-E2668434ABEF}.Debug|Any CPU.ActiveCfg = Debug|Any CPU
		{36DC6A5D-C09C-403F-B824-E2668434ABEF}.Debug|Any CPU.Build.0 = Debug|Any CPU
		{36DC6A5D-C09C-403F-B824-E2668434ABEF}.Release|Any CPU.ActiveCfg = Release|Any CPU
		{36DC6A5D-C09C-403F-B824-E2668434ABEF}.Release|Any CPU.Build.0 = Release|Any CPU
		{2EE878BC-40C3-4D9D-86CD-6C9596207381}.Debug|Any CPU.ActiveCfg = Debug|Any CPU
		{2EE878BC-40C3-4D9D-86CD-6C9596207381}.Debug|Any CPU.Build.0 = Debug|Any CPU
		{2EE878BC-40C3-4D9D-86CD-6C9596207381}.Release|Any CPU.ActiveCfg = Release|Any CPU
		{2EE878BC-40C3-4D9D-86CD-6C9596207381}.Release|Any CPU.Build.0 = Release|Any CPU
		{AE415384-D38B-4A8D-B975-AF07ACDA1070}.Debug|Any CPU.ActiveCfg = Debug|Any CPU
		{AE415384-D38B-4A8D-B975-AF07ACDA1070}.Debug|Any CPU.Build.0 = Debug|Any CPU
		{AE415384-D38B-4A8D-B975-AF07ACDA1070}.Release|Any CPU.ActiveCfg = Release|Any CPU
		{AE415384-D38B-4A8D-B975-AF07ACDA1070}.Release|Any CPU.Build.0 = Release|Any CPU
		{CFC23A35-3607-489B-B96C-B2566C4D5DB0}.Debug|Any CPU.ActiveCfg = Debug|Any CPU
		{CFC23A35-3607-489B-B96C-B2566C4D5DB0}.Debug|Any CPU.Build.0 = Debug|Any CPU
		{CFC23A35-3607-489B-B96C-B2566C4D5DB0}.Release|Any CPU.ActiveCfg = Release|Any CPU
		{CFC23A35-3607-489B-B96C-B2566C4D5DB0}.Release|Any CPU.Build.0 = Release|Any CPU
		{6C9B5956-BD6D-4337-AC6A-CF9B19D1C606}.Debug|Any CPU.ActiveCfg = Debug|Any CPU
		{6C9B5956-BD6D-4337-AC6A-CF9B19D1C606}.Debug|Any CPU.Build.0 = Debug|Any CPU
		{6C9B5956-BD6D-4337-AC6A-CF9B19D1C606}.Release|Any CPU.ActiveCfg = Release|Any CPU
		{6C9B5956-BD6D-4337-AC6A-CF9B19D1C606}.Release|Any CPU.Build.0 = Release|Any CPU
		{64293D6B-A960-4046-BA12-8A6FD175EE1E}.Debug|Any CPU.ActiveCfg = Debug|Any CPU
		{64293D6B-A960-4046-BA12-8A6FD175EE1E}.Debug|Any CPU.Build.0 = Debug|Any CPU
		{64293D6B-A960-4046-BA12-8A6FD175EE1E}.Release|Any CPU.ActiveCfg = Release|Any CPU
		{64293D6B-A960-4046-BA12-8A6FD175EE1E}.Release|Any CPU.Build.0 = Release|Any CPU
		{24B6AFF9-E5DE-4517-9B11-3CFED2A6808F}.Debug|Any CPU.ActiveCfg = Debug|Any CPU
		{24B6AFF9-E5DE-4517-9B11-3CFED2A6808F}.Debug|Any CPU.Build.0 = Debug|Any CPU
		{24B6AFF9-E5DE-4517-9B11-3CFED2A6808F}.Release|Any CPU.ActiveCfg = Release|Any CPU
		{24B6AFF9-E5DE-4517-9B11-3CFED2A6808F}.Release|Any CPU.Build.0 = Release|Any CPU
		{557BB099-C6A9-4110-AEAE-D8903A568D9E}.Debug|Any CPU.ActiveCfg = Debug|Any CPU
		{557BB099-C6A9-4110-AEAE-D8903A568D9E}.Debug|Any CPU.Build.0 = Debug|Any CPU
		{557BB099-C6A9-4110-AEAE-D8903A568D9E}.Release|Any CPU.ActiveCfg = Release|Any CPU
		{557BB099-C6A9-4110-AEAE-D8903A568D9E}.Release|Any CPU.Build.0 = Release|Any CPU
		{61370C46-D962-453C-9C83-57C7E4BEB081}.Debug|Any CPU.ActiveCfg = Debug|Any CPU
		{61370C46-D962-453C-9C83-57C7E4BEB081}.Debug|Any CPU.Build.0 = Debug|Any CPU
		{61370C46-D962-453C-9C83-57C7E4BEB081}.Release|Any CPU.ActiveCfg = Release|Any CPU
		{61370C46-D962-453C-9C83-57C7E4BEB081}.Release|Any CPU.Build.0 = Release|Any CPU
		{CF2CE390-5565-44BC-BA53-F9161C7FE2B2}.Debug|Any CPU.ActiveCfg = Debug|Any CPU
		{CF2CE390-5565-44BC-BA53-F9161C7FE2B2}.Debug|Any CPU.Build.0 = Debug|Any CPU
		{CF2CE390-5565-44BC-BA53-F9161C7FE2B2}.Release|Any CPU.ActiveCfg = Release|Any CPU
		{CF2CE390-5565-44BC-BA53-F9161C7FE2B2}.Release|Any CPU.Build.0 = Release|Any CPU
		{28E72447-D44F-4821-B101-24ABFDA9997F}.Debug|Any CPU.ActiveCfg = Debug|Any CPU
		{28E72447-D44F-4821-B101-24ABFDA9997F}.Debug|Any CPU.Build.0 = Debug|Any CPU
		{28E72447-D44F-4821-B101-24ABFDA9997F}.Release|Any CPU.ActiveCfg = Release|Any CPU
		{28E72447-D44F-4821-B101-24ABFDA9997F}.Release|Any CPU.Build.0 = Release|Any CPU
		{2F77DC30-84EE-4A38-B424-6CA5EDAF20A9}.Debug|Any CPU.ActiveCfg = Debug|Any CPU
		{2F77DC30-84EE-4A38-B424-6CA5EDAF20A9}.Debug|Any CPU.Build.0 = Debug|Any CPU
		{2F77DC30-84EE-4A38-B424-6CA5EDAF20A9}.Release|Any CPU.ActiveCfg = Release|Any CPU
		{2F77DC30-84EE-4A38-B424-6CA5EDAF20A9}.Release|Any CPU.Build.0 = Release|Any CPU
		{2513C888-FEC2-465F-BF0F-B9B7DFA48A8E}.Debug|Any CPU.ActiveCfg = Debug|Any CPU
		{2513C888-FEC2-465F-BF0F-B9B7DFA48A8E}.Debug|Any CPU.Build.0 = Debug|Any CPU
		{2513C888-FEC2-465F-BF0F-B9B7DFA48A8E}.Release|Any CPU.ActiveCfg = Release|Any CPU
		{2513C888-FEC2-465F-BF0F-B9B7DFA48A8E}.Release|Any CPU.Build.0 = Release|Any CPU
		{E9C85956-7432-4876-9A6E-FAA27D80BA1D}.Debug|Any CPU.ActiveCfg = Debug|Any CPU
		{E9C85956-7432-4876-9A6E-FAA27D80BA1D}.Debug|Any CPU.Build.0 = Debug|Any CPU
		{E9C85956-7432-4876-9A6E-FAA27D80BA1D}.Release|Any CPU.ActiveCfg = Release|Any CPU
		{E9C85956-7432-4876-9A6E-FAA27D80BA1D}.Release|Any CPU.Build.0 = Release|Any CPU
		{F5DB21F4-E48B-4B45-B739-6FA7B8BD8DB4}.Debug|Any CPU.ActiveCfg = Debug|Any CPU
		{F5DB21F4-E48B-4B45-B739-6FA7B8BD8DB4}.Debug|Any CPU.Build.0 = Debug|Any CPU
		{F5DB21F4-E48B-4B45-B739-6FA7B8BD8DB4}.Release|Any CPU.ActiveCfg = Release|Any CPU
		{F5DB21F4-E48B-4B45-B739-6FA7B8BD8DB4}.Release|Any CPU.Build.0 = Release|Any CPU
		{41562B9D-4C1C-4CA9-B28E-C1B7E4CBC4FB}.Debug|Any CPU.ActiveCfg = Debug|Any CPU
		{41562B9D-4C1C-4CA9-B28E-C1B7E4CBC4FB}.Debug|Any CPU.Build.0 = Debug|Any CPU
		{41562B9D-4C1C-4CA9-B28E-C1B7E4CBC4FB}.Release|Any CPU.ActiveCfg = Release|Any CPU
		{41562B9D-4C1C-4CA9-B28E-C1B7E4CBC4FB}.Release|Any CPU.Build.0 = Release|Any CPU
		{D2230102-CC35-45BF-AE30-CC5A6D54EAFA}.Debug|Any CPU.ActiveCfg = Debug|Any CPU
		{D2230102-CC35-45BF-AE30-CC5A6D54EAFA}.Debug|Any CPU.Build.0 = Debug|Any CPU
		{D2230102-CC35-45BF-AE30-CC5A6D54EAFA}.Release|Any CPU.ActiveCfg = Release|Any CPU
		{D2230102-CC35-45BF-AE30-CC5A6D54EAFA}.Release|Any CPU.Build.0 = Release|Any CPU
		{335FCBA0-199B-40FC-A76E-6F7F33E27AA8}.Debug|Any CPU.ActiveCfg = Debug|Any CPU
		{335FCBA0-199B-40FC-A76E-6F7F33E27AA8}.Debug|Any CPU.Build.0 = Debug|Any CPU
		{335FCBA0-199B-40FC-A76E-6F7F33E27AA8}.Release|Any CPU.ActiveCfg = Release|Any CPU
		{335FCBA0-199B-40FC-A76E-6F7F33E27AA8}.Release|Any CPU.Build.0 = Release|Any CPU
		{EB612F8A-A1B2-4E71-B6C1-C200835C3090}.Debug|Any CPU.ActiveCfg = Debug|Any CPU
		{EB612F8A-A1B2-4E71-B6C1-C200835C3090}.Debug|Any CPU.Build.0 = Debug|Any CPU
		{EB612F8A-A1B2-4E71-B6C1-C200835C3090}.Release|Any CPU.ActiveCfg = Release|Any CPU
		{EB612F8A-A1B2-4E71-B6C1-C200835C3090}.Release|Any CPU.Build.0 = Release|Any CPU
		{13D3B8CC-2968-41EF-8566-8FC3B1B4F8AD}.Debug|Any CPU.ActiveCfg = Debug|Any CPU
		{13D3B8CC-2968-41EF-8566-8FC3B1B4F8AD}.Debug|Any CPU.Build.0 = Debug|Any CPU
		{13D3B8CC-2968-41EF-8566-8FC3B1B4F8AD}.Release|Any CPU.ActiveCfg = Release|Any CPU
		{13D3B8CC-2968-41EF-8566-8FC3B1B4F8AD}.Release|Any CPU.Build.0 = Release|Any CPU
		{F80C11C7-017F-4546-9B0B-40580C315DDF}.Debug|Any CPU.ActiveCfg = Debug|Any CPU
		{F80C11C7-017F-4546-9B0B-40580C315DDF}.Debug|Any CPU.Build.0 = Debug|Any CPU
		{F80C11C7-017F-4546-9B0B-40580C315DDF}.Release|Any CPU.ActiveCfg = Release|Any CPU
		{F80C11C7-017F-4546-9B0B-40580C315DDF}.Release|Any CPU.Build.0 = Release|Any CPU
		{8D2E4B1E-7FC7-46D1-9C65-A1EDF114891F}.Debug|Any CPU.ActiveCfg = Debug|Any CPU
		{8D2E4B1E-7FC7-46D1-9C65-A1EDF114891F}.Debug|Any CPU.Build.0 = Debug|Any CPU
		{8D2E4B1E-7FC7-46D1-9C65-A1EDF114891F}.Release|Any CPU.ActiveCfg = Release|Any CPU
		{8D2E4B1E-7FC7-46D1-9C65-A1EDF114891F}.Release|Any CPU.Build.0 = Release|Any CPU
		{883B2740-9F39-49CC-849E-4A37CC8A2010}.Debug|Any CPU.ActiveCfg = Debug|Any CPU
		{883B2740-9F39-49CC-849E-4A37CC8A2010}.Debug|Any CPU.Build.0 = Debug|Any CPU
		{883B2740-9F39-49CC-849E-4A37CC8A2010}.Release|Any CPU.ActiveCfg = Release|Any CPU
		{883B2740-9F39-49CC-849E-4A37CC8A2010}.Release|Any CPU.Build.0 = Release|Any CPU
		{2C4431B8-E2A0-476E-B3EE-7A842ECAC94E}.Debug|Any CPU.ActiveCfg = Debug|Any CPU
		{2C4431B8-E2A0-476E-B3EE-7A842ECAC94E}.Debug|Any CPU.Build.0 = Debug|Any CPU
		{2C4431B8-E2A0-476E-B3EE-7A842ECAC94E}.Release|Any CPU.ActiveCfg = Release|Any CPU
		{2C4431B8-E2A0-476E-B3EE-7A842ECAC94E}.Release|Any CPU.Build.0 = Release|Any CPU
		{AFA19E1F-6603-4665-B842-DA3E3EE39CEF}.Debug|Any CPU.ActiveCfg = Debug|Any CPU
		{AFA19E1F-6603-4665-B842-DA3E3EE39CEF}.Debug|Any CPU.Build.0 = Debug|Any CPU
		{AFA19E1F-6603-4665-B842-DA3E3EE39CEF}.Release|Any CPU.ActiveCfg = Release|Any CPU
		{AFA19E1F-6603-4665-B842-DA3E3EE39CEF}.Release|Any CPU.Build.0 = Release|Any CPU
		{D5459660-4694-4788-B7D9-2CEC96E91443}.Debug|Any CPU.ActiveCfg = Debug|Any CPU
		{D5459660-4694-4788-B7D9-2CEC96E91443}.Debug|Any CPU.Build.0 = Debug|Any CPU
		{D5459660-4694-4788-B7D9-2CEC96E91443}.Release|Any CPU.ActiveCfg = Release|Any CPU
		{D5459660-4694-4788-B7D9-2CEC96E91443}.Release|Any CPU.Build.0 = Release|Any CPU
		{24D9DEDD-4298-4ACB-84D7-A360FB80CBE1}.Debug|Any CPU.ActiveCfg = Debug|Any CPU
		{24D9DEDD-4298-4ACB-84D7-A360FB80CBE1}.Debug|Any CPU.Build.0 = Debug|Any CPU
		{24D9DEDD-4298-4ACB-84D7-A360FB80CBE1}.Release|Any CPU.ActiveCfg = Release|Any CPU
		{24D9DEDD-4298-4ACB-84D7-A360FB80CBE1}.Release|Any CPU.Build.0 = Release|Any CPU
		{72826E31-A951-44FA-B36D-5B1722CE4CF6}.Debug|Any CPU.ActiveCfg = Debug|Any CPU
		{72826E31-A951-44FA-B36D-5B1722CE4CF6}.Debug|Any CPU.Build.0 = Debug|Any CPU
		{72826E31-A951-44FA-B36D-5B1722CE4CF6}.Release|Any CPU.ActiveCfg = Release|Any CPU
		{72826E31-A951-44FA-B36D-5B1722CE4CF6}.Release|Any CPU.Build.0 = Release|Any CPU
		{76C8462C-4FB2-4DA1-834B-CC0B8CAB88EA}.Debug|Any CPU.ActiveCfg = Debug|Any CPU
		{76C8462C-4FB2-4DA1-834B-CC0B8CAB88EA}.Debug|Any CPU.Build.0 = Debug|Any CPU
		{76C8462C-4FB2-4DA1-834B-CC0B8CAB88EA}.Release|Any CPU.ActiveCfg = Release|Any CPU
		{76C8462C-4FB2-4DA1-834B-CC0B8CAB88EA}.Release|Any CPU.Build.0 = Release|Any CPU
		{554FDDBA-EBD3-48B0-957A-8DFF49F4A7DD}.Debug|Any CPU.ActiveCfg = Debug|Any CPU
		{554FDDBA-EBD3-48B0-957A-8DFF49F4A7DD}.Debug|Any CPU.Build.0 = Debug|Any CPU
		{554FDDBA-EBD3-48B0-957A-8DFF49F4A7DD}.Release|Any CPU.ActiveCfg = Release|Any CPU
		{554FDDBA-EBD3-48B0-957A-8DFF49F4A7DD}.Release|Any CPU.Build.0 = Release|Any CPU
		{E129618F-F81C-41C1-A4CE-4DA5A1AD7953}.Debug|Any CPU.ActiveCfg = Debug|Any CPU
		{E129618F-F81C-41C1-A4CE-4DA5A1AD7953}.Debug|Any CPU.Build.0 = Debug|Any CPU
		{E129618F-F81C-41C1-A4CE-4DA5A1AD7953}.Release|Any CPU.ActiveCfg = Release|Any CPU
		{E129618F-F81C-41C1-A4CE-4DA5A1AD7953}.Release|Any CPU.Build.0 = Release|Any CPU
		{ACFA49D4-7834-4485-9457-45966F70353C}.Debug|Any CPU.ActiveCfg = Debug|Any CPU
		{ACFA49D4-7834-4485-9457-45966F70353C}.Debug|Any CPU.Build.0 = Debug|Any CPU
		{ACFA49D4-7834-4485-9457-45966F70353C}.Release|Any CPU.ActiveCfg = Release|Any CPU
		{ACFA49D4-7834-4485-9457-45966F70353C}.Release|Any CPU.Build.0 = Release|Any CPU
		{C280CBD4-4A57-449E-8BFA-0EA60BD836BE}.Debug|Any CPU.ActiveCfg = Debug|Any CPU
		{C280CBD4-4A57-449E-8BFA-0EA60BD836BE}.Debug|Any CPU.Build.0 = Debug|Any CPU
		{C280CBD4-4A57-449E-8BFA-0EA60BD836BE}.Release|Any CPU.ActiveCfg = Release|Any CPU
		{C280CBD4-4A57-449E-8BFA-0EA60BD836BE}.Release|Any CPU.Build.0 = Release|Any CPU
		{EE7D3A36-86D1-42BF-AE1F-6457A4C5AF3D}.Debug|Any CPU.ActiveCfg = Debug|Any CPU
		{EE7D3A36-86D1-42BF-AE1F-6457A4C5AF3D}.Debug|Any CPU.Build.0 = Debug|Any CPU
		{EE7D3A36-86D1-42BF-AE1F-6457A4C5AF3D}.Release|Any CPU.ActiveCfg = Release|Any CPU
		{EE7D3A36-86D1-42BF-AE1F-6457A4C5AF3D}.Release|Any CPU.Build.0 = Release|Any CPU
		{8D918C78-B32C-41BE-B238-CED5B55CB1B1}.Debug|Any CPU.ActiveCfg = Debug|Any CPU
		{8D918C78-B32C-41BE-B238-CED5B55CB1B1}.Debug|Any CPU.Build.0 = Debug|Any CPU
		{8D918C78-B32C-41BE-B238-CED5B55CB1B1}.Release|Any CPU.ActiveCfg = Release|Any CPU
		{8D918C78-B32C-41BE-B238-CED5B55CB1B1}.Release|Any CPU.Build.0 = Release|Any CPU
		{08851A62-D3CF-469E-9D2D-DB00169B97BA}.Debug|Any CPU.ActiveCfg = Debug|Any CPU
		{08851A62-D3CF-469E-9D2D-DB00169B97BA}.Debug|Any CPU.Build.0 = Debug|Any CPU
		{08851A62-D3CF-469E-9D2D-DB00169B97BA}.Release|Any CPU.ActiveCfg = Release|Any CPU
		{08851A62-D3CF-469E-9D2D-DB00169B97BA}.Release|Any CPU.Build.0 = Release|Any CPU
		{507B3264-ADBF-46DF-A94C-625FCAA7A3C6}.Debug|Any CPU.ActiveCfg = Debug|Any CPU
		{507B3264-ADBF-46DF-A94C-625FCAA7A3C6}.Debug|Any CPU.Build.0 = Debug|Any CPU
		{507B3264-ADBF-46DF-A94C-625FCAA7A3C6}.Release|Any CPU.ActiveCfg = Release|Any CPU
		{507B3264-ADBF-46DF-A94C-625FCAA7A3C6}.Release|Any CPU.Build.0 = Release|Any CPU
		{14B61A65-E61D-4206-826A-48E50103A7E5}.Debug|Any CPU.ActiveCfg = Debug|Any CPU
		{14B61A65-E61D-4206-826A-48E50103A7E5}.Debug|Any CPU.Build.0 = Debug|Any CPU
		{14B61A65-E61D-4206-826A-48E50103A7E5}.Release|Any CPU.ActiveCfg = Release|Any CPU
		{14B61A65-E61D-4206-826A-48E50103A7E5}.Release|Any CPU.Build.0 = Release|Any CPU
		{66E6500D-E661-4765-8BC5-9C77A64E5B8C}.Debug|Any CPU.ActiveCfg = Debug|Any CPU
		{66E6500D-E661-4765-8BC5-9C77A64E5B8C}.Debug|Any CPU.Build.0 = Debug|Any CPU
		{66E6500D-E661-4765-8BC5-9C77A64E5B8C}.Release|Any CPU.ActiveCfg = Release|Any CPU
		{66E6500D-E661-4765-8BC5-9C77A64E5B8C}.Release|Any CPU.Build.0 = Release|Any CPU
		{344FA90F-6D3F-410A-BEE0-6AD2F1D71F1E}.Debug|Any CPU.ActiveCfg = Debug|Any CPU
		{344FA90F-6D3F-410A-BEE0-6AD2F1D71F1E}.Debug|Any CPU.Build.0 = Debug|Any CPU
		{344FA90F-6D3F-410A-BEE0-6AD2F1D71F1E}.Release|Any CPU.ActiveCfg = Release|Any CPU
		{344FA90F-6D3F-410A-BEE0-6AD2F1D71F1E}.Release|Any CPU.Build.0 = Release|Any CPU
		{0995EB82-ECFF-4466-961A-7057474C5A60}.Debug|Any CPU.ActiveCfg = Debug|Any CPU
		{0995EB82-ECFF-4466-961A-7057474C5A60}.Debug|Any CPU.Build.0 = Debug|Any CPU
		{0995EB82-ECFF-4466-961A-7057474C5A60}.Release|Any CPU.ActiveCfg = Release|Any CPU
		{0995EB82-ECFF-4466-961A-7057474C5A60}.Release|Any CPU.Build.0 = Release|Any CPU
		{0F63839B-2805-4520-8C5E-60AA7960699C}.Debug|Any CPU.ActiveCfg = Debug|Any CPU
		{0F63839B-2805-4520-8C5E-60AA7960699C}.Debug|Any CPU.Build.0 = Debug|Any CPU
		{0F63839B-2805-4520-8C5E-60AA7960699C}.Release|Any CPU.ActiveCfg = Release|Any CPU
		{0F63839B-2805-4520-8C5E-60AA7960699C}.Release|Any CPU.Build.0 = Release|Any CPU
		{4EDD3F93-EF18-43A0-BB16-8848BE519574}.Debug|Any CPU.ActiveCfg = Debug|Any CPU
		{4EDD3F93-EF18-43A0-BB16-8848BE519574}.Debug|Any CPU.Build.0 = Debug|Any CPU
		{4EDD3F93-EF18-43A0-BB16-8848BE519574}.Release|Any CPU.ActiveCfg = Release|Any CPU
		{4EDD3F93-EF18-43A0-BB16-8848BE519574}.Release|Any CPU.Build.0 = Release|Any CPU
		{0CB2C49C-C199-4DC6-A91D-303BA3C47B99}.Debug|Any CPU.ActiveCfg = Debug|Any CPU
		{0CB2C49C-C199-4DC6-A91D-303BA3C47B99}.Debug|Any CPU.Build.0 = Debug|Any CPU
		{0CB2C49C-C199-4DC6-A91D-303BA3C47B99}.Release|Any CPU.ActiveCfg = Release|Any CPU
		{0CB2C49C-C199-4DC6-A91D-303BA3C47B99}.Release|Any CPU.Build.0 = Release|Any CPU
		{949AE15A-F8B5-4DC0-B2FB-0DBC37BD069D}.Debug|Any CPU.ActiveCfg = Debug|Any CPU
		{949AE15A-F8B5-4DC0-B2FB-0DBC37BD069D}.Debug|Any CPU.Build.0 = Debug|Any CPU
		{949AE15A-F8B5-4DC0-B2FB-0DBC37BD069D}.Release|Any CPU.ActiveCfg = Release|Any CPU
		{949AE15A-F8B5-4DC0-B2FB-0DBC37BD069D}.Release|Any CPU.Build.0 = Release|Any CPU
		{617C0787-936F-40BB-B562-6A434A305F42}.Debug|Any CPU.ActiveCfg = Debug|Any CPU
		{617C0787-936F-40BB-B562-6A434A305F42}.Debug|Any CPU.Build.0 = Debug|Any CPU
		{617C0787-936F-40BB-B562-6A434A305F42}.Release|Any CPU.ActiveCfg = Release|Any CPU
		{617C0787-936F-40BB-B562-6A434A305F42}.Release|Any CPU.Build.0 = Release|Any CPU
		{3F28CC48-8661-4503-B334-83A4B4D587E6}.Debug|Any CPU.ActiveCfg = Debug|Any CPU
		{3F28CC48-8661-4503-B334-83A4B4D587E6}.Debug|Any CPU.Build.0 = Debug|Any CPU
		{3F28CC48-8661-4503-B334-83A4B4D587E6}.Release|Any CPU.ActiveCfg = Release|Any CPU
		{3F28CC48-8661-4503-B334-83A4B4D587E6}.Release|Any CPU.Build.0 = Release|Any CPU
		{711A1A01-39AA-47B5-93BF-08D37A576EB7}.Debug|Any CPU.ActiveCfg = Debug|Any CPU
		{711A1A01-39AA-47B5-93BF-08D37A576EB7}.Debug|Any CPU.Build.0 = Debug|Any CPU
		{711A1A01-39AA-47B5-93BF-08D37A576EB7}.Release|Any CPU.ActiveCfg = Release|Any CPU
		{711A1A01-39AA-47B5-93BF-08D37A576EB7}.Release|Any CPU.Build.0 = Release|Any CPU
		{2B812BC7-105B-40E9-AC0D-1EAEE24654DB}.Debug|Any CPU.ActiveCfg = Debug|Any CPU
		{2B812BC7-105B-40E9-AC0D-1EAEE24654DB}.Debug|Any CPU.Build.0 = Debug|Any CPU
		{2B812BC7-105B-40E9-AC0D-1EAEE24654DB}.Release|Any CPU.ActiveCfg = Release|Any CPU
		{2B812BC7-105B-40E9-AC0D-1EAEE24654DB}.Release|Any CPU.Build.0 = Release|Any CPU
		{9610F63F-1665-4E4D-B623-B005E3019005}.Debug|Any CPU.ActiveCfg = Debug|Any CPU
		{9610F63F-1665-4E4D-B623-B005E3019005}.Debug|Any CPU.Build.0 = Debug|Any CPU
		{9610F63F-1665-4E4D-B623-B005E3019005}.Release|Any CPU.ActiveCfg = Release|Any CPU
		{9610F63F-1665-4E4D-B623-B005E3019005}.Release|Any CPU.Build.0 = Release|Any CPU
		{DA926292-936B-474B-8AF3-044041390344}.Debug|Any CPU.ActiveCfg = Debug|Any CPU
		{DA926292-936B-474B-8AF3-044041390344}.Debug|Any CPU.Build.0 = Debug|Any CPU
		{DA926292-936B-474B-8AF3-044041390344}.Release|Any CPU.ActiveCfg = Release|Any CPU
		{DA926292-936B-474B-8AF3-044041390344}.Release|Any CPU.Build.0 = Release|Any CPU
		{F300A94B-3A16-4336-8D65-73861A9FE124}.Debug|Any CPU.ActiveCfg = Debug|Any CPU
		{F300A94B-3A16-4336-8D65-73861A9FE124}.Debug|Any CPU.Build.0 = Debug|Any CPU
		{F300A94B-3A16-4336-8D65-73861A9FE124}.Release|Any CPU.ActiveCfg = Release|Any CPU
		{F300A94B-3A16-4336-8D65-73861A9FE124}.Release|Any CPU.Build.0 = Release|Any CPU
		{59BD22F9-4093-497D-B63A-1A3AFBB03B45}.Debug|Any CPU.ActiveCfg = Debug|Any CPU
		{59BD22F9-4093-497D-B63A-1A3AFBB03B45}.Debug|Any CPU.Build.0 = Debug|Any CPU
		{59BD22F9-4093-497D-B63A-1A3AFBB03B45}.Release|Any CPU.ActiveCfg = Release|Any CPU
		{59BD22F9-4093-497D-B63A-1A3AFBB03B45}.Release|Any CPU.Build.0 = Release|Any CPU
		{CB80AF48-76BD-4AC3-9BEB-6F2BE31E53F4}.Debug|Any CPU.ActiveCfg = Debug|Any CPU
		{CB80AF48-76BD-4AC3-9BEB-6F2BE31E53F4}.Debug|Any CPU.Build.0 = Debug|Any CPU
		{CB80AF48-76BD-4AC3-9BEB-6F2BE31E53F4}.Release|Any CPU.ActiveCfg = Release|Any CPU
		{CB80AF48-76BD-4AC3-9BEB-6F2BE31E53F4}.Release|Any CPU.Build.0 = Release|Any CPU
		{166D1EBC-65DB-4228-B136-3C0270E76E54}.Debug|Any CPU.ActiveCfg = Debug|Any CPU
		{166D1EBC-65DB-4228-B136-3C0270E76E54}.Debug|Any CPU.Build.0 = Debug|Any CPU
		{166D1EBC-65DB-4228-B136-3C0270E76E54}.Release|Any CPU.ActiveCfg = Release|Any CPU
		{166D1EBC-65DB-4228-B136-3C0270E76E54}.Release|Any CPU.Build.0 = Release|Any CPU
		{9BB225C3-D782-424D-A9A9-8DD71C3F4F2F}.Debug|Any CPU.ActiveCfg = Debug|Any CPU
		{9BB225C3-D782-424D-A9A9-8DD71C3F4F2F}.Debug|Any CPU.Build.0 = Debug|Any CPU
		{9BB225C3-D782-424D-A9A9-8DD71C3F4F2F}.Release|Any CPU.ActiveCfg = Release|Any CPU
		{9BB225C3-D782-424D-A9A9-8DD71C3F4F2F}.Release|Any CPU.Build.0 = Release|Any CPU
		{D856F2F3-9A16-4B35-AF6C-875BC9CAAEEB}.Debug|Any CPU.ActiveCfg = Debug|Any CPU
		{D856F2F3-9A16-4B35-AF6C-875BC9CAAEEB}.Debug|Any CPU.Build.0 = Debug|Any CPU
		{D856F2F3-9A16-4B35-AF6C-875BC9CAAEEB}.Release|Any CPU.ActiveCfg = Release|Any CPU
		{D856F2F3-9A16-4B35-AF6C-875BC9CAAEEB}.Release|Any CPU.Build.0 = Release|Any CPU
		{BC5BF15C-46BB-40D8-96FD-E7AD8BD56FF4}.Debug|Any CPU.ActiveCfg = Debug|Any CPU
		{BC5BF15C-46BB-40D8-96FD-E7AD8BD56FF4}.Debug|Any CPU.Build.0 = Debug|Any CPU
		{BC5BF15C-46BB-40D8-96FD-E7AD8BD56FF4}.Release|Any CPU.ActiveCfg = Release|Any CPU
		{BC5BF15C-46BB-40D8-96FD-E7AD8BD56FF4}.Release|Any CPU.Build.0 = Release|Any CPU
		{1C00F945-AB1E-44F4-8CC1-692276E0A4D4}.Debug|Any CPU.ActiveCfg = Debug|Any CPU
		{1C00F945-AB1E-44F4-8CC1-692276E0A4D4}.Debug|Any CPU.Build.0 = Debug|Any CPU
		{1C00F945-AB1E-44F4-8CC1-692276E0A4D4}.Release|Any CPU.ActiveCfg = Release|Any CPU
		{1C00F945-AB1E-44F4-8CC1-692276E0A4D4}.Release|Any CPU.Build.0 = Release|Any CPU
		{5D9CD5A7-D84E-4A04-B10C-32CFFD15ADC4}.Debug|Any CPU.ActiveCfg = Debug|Any CPU
		{5D9CD5A7-D84E-4A04-B10C-32CFFD15ADC4}.Debug|Any CPU.Build.0 = Debug|Any CPU
		{5D9CD5A7-D84E-4A04-B10C-32CFFD15ADC4}.Release|Any CPU.ActiveCfg = Release|Any CPU
		{5D9CD5A7-D84E-4A04-B10C-32CFFD15ADC4}.Release|Any CPU.Build.0 = Release|Any CPU
		{1848D1E5-3881-4A01-8ADF-A45F2A5E73D7}.Debug|Any CPU.ActiveCfg = Debug|Any CPU
		{1848D1E5-3881-4A01-8ADF-A45F2A5E73D7}.Debug|Any CPU.Build.0 = Debug|Any CPU
		{1848D1E5-3881-4A01-8ADF-A45F2A5E73D7}.Release|Any CPU.ActiveCfg = Release|Any CPU
		{1848D1E5-3881-4A01-8ADF-A45F2A5E73D7}.Release|Any CPU.Build.0 = Release|Any CPU
		{EFAEBFC2-3627-4EF8-B5FD-3044E706D8BE}.Debug|Any CPU.ActiveCfg = Debug|Any CPU
		{EFAEBFC2-3627-4EF8-B5FD-3044E706D8BE}.Debug|Any CPU.Build.0 = Debug|Any CPU
		{EFAEBFC2-3627-4EF8-B5FD-3044E706D8BE}.Release|Any CPU.ActiveCfg = Release|Any CPU
		{EFAEBFC2-3627-4EF8-B5FD-3044E706D8BE}.Release|Any CPU.Build.0 = Release|Any CPU
		{BE808170-6B01-4573-8F7F-26C52D22176E}.Debug|Any CPU.ActiveCfg = Debug|Any CPU
		{BE808170-6B01-4573-8F7F-26C52D22176E}.Debug|Any CPU.Build.0 = Debug|Any CPU
		{BE808170-6B01-4573-8F7F-26C52D22176E}.Release|Any CPU.ActiveCfg = Release|Any CPU
		{BE808170-6B01-4573-8F7F-26C52D22176E}.Release|Any CPU.Build.0 = Release|Any CPU
		{A0DECAF9-03EA-4981-A09E-B69F9FE16E6E}.Debug|Any CPU.ActiveCfg = Debug|Any CPU
		{A0DECAF9-03EA-4981-A09E-B69F9FE16E6E}.Debug|Any CPU.Build.0 = Debug|Any CPU
		{A0DECAF9-03EA-4981-A09E-B69F9FE16E6E}.Release|Any CPU.ActiveCfg = Release|Any CPU
		{A0DECAF9-03EA-4981-A09E-B69F9FE16E6E}.Release|Any CPU.Build.0 = Release|Any CPU
		{55127C67-ADB2-436F-B7D0-9903AB5B2557}.Debug|Any CPU.ActiveCfg = Debug|Any CPU
		{55127C67-ADB2-436F-B7D0-9903AB5B2557}.Debug|Any CPU.Build.0 = Debug|Any CPU
		{55127C67-ADB2-436F-B7D0-9903AB5B2557}.Release|Any CPU.ActiveCfg = Release|Any CPU
		{55127C67-ADB2-436F-B7D0-9903AB5B2557}.Release|Any CPU.Build.0 = Release|Any CPU
		{948E9895-A803-45BF-9624-5FE0D24D1125}.Debug|Any CPU.ActiveCfg = Debug|Any CPU
		{948E9895-A803-45BF-9624-5FE0D24D1125}.Debug|Any CPU.Build.0 = Debug|Any CPU
		{948E9895-A803-45BF-9624-5FE0D24D1125}.Release|Any CPU.ActiveCfg = Release|Any CPU
		{948E9895-A803-45BF-9624-5FE0D24D1125}.Release|Any CPU.Build.0 = Release|Any CPU
		{4FAC50AC-4480-4FEB-B6AC-EF350B2C7ACA}.Debug|Any CPU.ActiveCfg = Debug|Any CPU
		{4FAC50AC-4480-4FEB-B6AC-EF350B2C7ACA}.Debug|Any CPU.Build.0 = Debug|Any CPU
		{4FAC50AC-4480-4FEB-B6AC-EF350B2C7ACA}.Release|Any CPU.ActiveCfg = Release|Any CPU
		{4FAC50AC-4480-4FEB-B6AC-EF350B2C7ACA}.Release|Any CPU.Build.0 = Release|Any CPU
		{FDBC7F67-5437-430B-A23F-8C1B65C27414}.Debug|Any CPU.ActiveCfg = Debug|Any CPU
		{FDBC7F67-5437-430B-A23F-8C1B65C27414}.Debug|Any CPU.Build.0 = Debug|Any CPU
		{FDBC7F67-5437-430B-A23F-8C1B65C27414}.Release|Any CPU.ActiveCfg = Release|Any CPU
		{FDBC7F67-5437-430B-A23F-8C1B65C27414}.Release|Any CPU.Build.0 = Release|Any CPU
		{24DD2875-FD2C-43F0-B480-2722BE221ECF}.Debug|Any CPU.ActiveCfg = Debug|Any CPU
		{24DD2875-FD2C-43F0-B480-2722BE221ECF}.Debug|Any CPU.Build.0 = Debug|Any CPU
		{24DD2875-FD2C-43F0-B480-2722BE221ECF}.Release|Any CPU.ActiveCfg = Release|Any CPU
		{24DD2875-FD2C-43F0-B480-2722BE221ECF}.Release|Any CPU.Build.0 = Release|Any CPU
	EndGlobalSection
EndGlobal
