
Microsoft Visual Studio Solution File, Format Version 12.00
Project("{FAE04EC0-301F-11D3-BF4B-00C04F79EFBC}") = "A", "A\A.csproj", "{7DA8CCF1-2D0B-4851-97DE-012DD3576835}"
EndProject
Project("{FAE04EC0-301F-11D3-BF4B-00C04F79EFBC}") = "A.Tests", "A.Tests\A.Tests.csproj", "{D47AD876-9538-4E1E-BA3C-1DDD939B2007}"
EndProject
Project("{FAE04EC0-301F-11D3-BF4B-00C04F79EFBC}") = "E", "E\E.csproj", "{4D5DD388-6E40-4486-98B6-50B5187EEBF8}"
EndProject
Project("{FAE04EC0-301F-11D3-BF4B-00C04F79EFBC}") = "E.Tests", "E.Tests\E.Tests.csproj", "{9DCDFC64-0E88-45EC-86BF-BA669FDB046F}"
EndProject
Project("{FAE04EC0-301F-11D3-BF4B-00C04F79EFBC}") = "I", "I\I.csproj", "{78395361-00FF-40E0-8216-18EFF879D499}"
EndProject
Project("{FAE04EC0-301F-11D3-BF4B-00C04F79EFBC}") = "I.Tests", "I.Tests\I.Tests.csproj", "{89265311-BFB5-4F4F-9314-67D37C1716D0}"
EndProject
Project("{FAE04EC0-301F-11D3-BF4B-00C04F79EFBC}") = "K", "K\K.csproj", "{3F26C9B1-9E71-4965-954B-B424CEAC0D97}"
EndProject
Project("{FAE04EC0-301F-11D3-BF4B-00C04F79EFBC}") = "K.Tests", "K.Tests\K.Tests.csproj", "{FA4A5A7B-9EBB-4C33-A5AE-08ABA870363F}"
EndProject
Project("{FAE04EC0-301F-11D3-BF4B-00C04F79EFBC}") = "J", "J\J.csproj", "{5DD8B157-F529-476B-B1CC-E1D7D14478DB}"
EndProject
Project("{FAE04EC0-301F-11D3-BF4B-00C04F79EFBC}") = "J.Tests", "J.Tests\J.Tests.csproj", "{F60C613F-3DEF-4AC0-886C-8945DAEE0612}"
EndProject
Project("{FAE04EC0-301F-11D3-BF4B-00C04F79EFBC}") = "B", "B\B.csproj", "{FF97822F-85B6-446B-AF51-3E6D3DB3697E}"
EndProject
Project("{FAE04EC0-301F-11D3-BF4B-00C04F79EFBC}") = "B.Tests", "B.Tests\B.Tests.csproj", "{6812B93A-F298-4981-A2A9-F13C9C022A37}"
EndProject
Project("{FAE04EC0-301F-11D3-BF4B-00C04F79EFBC}") = "M", "M\M.csproj", "{4C8ACA40-63F8-41D4-93BE-D4598999AFA1}"
EndProject
Project("{FAE04EC0-301F-11D3-BF4B-00C04F79EFBC}") = "M.Tests", "M.Tests\M.Tests.csproj", "{F5B53A4B-A7DB-4E9C-B27A-15BA48EACDAD}"
EndProject
Project("{FAE04EC0-301F-11D3-BF4B-00C04F79EFBC}") = "L", "L\L.csproj", "{D87BB1E2-AF6E-4C68-BB16-DEEA351C7DAA}"
EndProject
Project("{FAE04EC0-301F-11D3-BF4B-00C04F79EFBC}") = "L.Tests", "L.Tests\L.Tests.csproj", "{2F228D49-3B1E-4EF6-9346-C7B3424A7D32}"
EndProject
Project("{FAE04EC0-301F-11D3-BF4B-00C04F79EFBC}") = "N", "N\N.csproj", "{622D821A-9EBE-4883-9A90-076CA3CA5E36}"
EndProject
Project("{FAE04EC0-301F-11D3-BF4B-00C04F79EFBC}") = "N.Tests", "N.Tests\N.Tests.csproj", "{5E0AA647-D283-422B-B90D-C040EBD3DD14}"
EndProject
Project("{FAE04EC0-301F-11D3-BF4B-00C04F79EFBC}") = "C", "C\C.csproj", "{A5B1B9E8-E2E2-400E-90B3-40D25D4EB690}"
EndProject
Project("{FAE04EC0-301F-11D3-BF4B-00C04F79EFBC}") = "C.Tests", "C.Tests\C.Tests.csproj", "{BA257096-6789-4E15-B1C6-6D2A4D16490A}"
EndProject
Project("{FAE04EC0-301F-11D3-BF4B-00C04F79EFBC}") = "D", "D\D.csproj", "{688BF028-7C82-479F-B4C9-12F9365543BA}"
EndProject
Project("{FAE04EC0-301F-11D3-BF4B-00C04F79EFBC}") = "D.Tests", "D.Tests\D.Tests.csproj", "{5B1B1DC4-8CA5-4FE9-ABE3-F5A2EF1AB181}"
EndProject
Project("{FAE04EC0-301F-11D3-BF4B-00C04F79EFBC}") = "F", "F\F.csproj", "{5370981F-FFB4-46F5-B2F7-E65E5006B127}"
EndProject
Project("{FAE04EC0-301F-11D3-BF4B-00C04F79EFBC}") = "F.Tests", "F.Tests\F.Tests.csproj", "{EC4B1356-E224-408B-B072-7F02343716D2}"
EndProject
Project("{FAE04EC0-301F-11D3-BF4B-00C04F79EFBC}") = "G.Tests", "G.Tests\G.Tests.csproj", "{19FC0F96-F60B-48F0-89AC-38930F8E9981}"
EndProject
Project("{FAE04EC0-301F-11D3-BF4B-00C04F79EFBC}") = "G", "G\G.csproj", "{A5BCEBAF-5297-4BBB-89D3-03CD7BCBC466}"
EndProject
Project("{FAE04EC0-301F-11D3-BF4B-00C04F79EFBC}") = "H", "H\H.csproj", "{C4EC3FE0-3D75-4577-9EA5-2CB2715976CF}"
EndProject
Project("{FAE04EC0-301F-11D3-BF4B-00C04F79EFBC}") = "H.Tests", "H.Tests\H.Tests.csproj", "{AAB4DEC1-889E-471B-8419-C9AEC07454E0}"
EndProject
Global
	GlobalSection(SolutionConfigurationPlatforms) = preSolution
		Debug|Any CPU = Debug|Any CPU
		Release|Any CPU = Release|Any CPU
	EndGlobalSection
	GlobalSection(ProjectConfigurationPlatforms) = postSolution
		{7DA8CCF1-2D0B-4851-97DE-012DD3576835}.Debug|Any CPU.ActiveCfg = Debug|Any CPU
		{7DA8CCF1-2D0B-4851-97DE-012DD3576835}.Debug|Any CPU.Build.0 = Debug|Any CPU
		{7DA8CCF1-2D0B-4851-97DE-012DD3576835}.Release|Any CPU.ActiveCfg = Release|Any CPU
		{7DA8CCF1-2D0B-4851-97DE-012DD3576835}.Release|Any CPU.Build.0 = Release|Any CPU
		{D47AD876-9538-4E1E-BA3C-1DDD939B2007}.Debug|Any CPU.ActiveCfg = Debug|Any CPU
		{D47AD876-9538-4E1E-BA3C-1DDD939B2007}.Debug|Any CPU.Build.0 = Debug|Any CPU
		{D47AD876-9538-4E1E-BA3C-1DDD939B2007}.Release|Any CPU.ActiveCfg = Release|Any CPU
		{D47AD876-9538-4E1E-BA3C-1DDD939B2007}.Release|Any CPU.Build.0 = Release|Any CPU
		{4D5DD388-6E40-4486-98B6-50B5187EEBF8}.Debug|Any CPU.ActiveCfg = Debug|Any CPU
		{4D5DD388-6E40-4486-98B6-50B5187EEBF8}.Debug|Any CPU.Build.0 = Debug|Any CPU
		{4D5DD388-6E40-4486-98B6-50B5187EEBF8}.Release|Any CPU.ActiveCfg = Release|Any CPU
		{4D5DD388-6E40-4486-98B6-50B5187EEBF8}.Release|Any CPU.Build.0 = Release|Any CPU
		{9DCDFC64-0E88-45EC-86BF-BA669FDB046F}.Debug|Any CPU.ActiveCfg = Debug|Any CPU
		{9DCDFC64-0E88-45EC-86BF-BA669FDB046F}.Debug|Any CPU.Build.0 = Debug|Any CPU
		{9DCDFC64-0E88-45EC-86BF-BA669FDB046F}.Release|Any CPU.ActiveCfg = Release|Any CPU
		{9DCDFC64-0E88-45EC-86BF-BA669FDB046F}.Release|Any CPU.Build.0 = Release|Any CPU
		{78395361-00FF-40E0-8216-18EFF879D499}.Debug|Any CPU.ActiveCfg = Debug|Any CPU
		{78395361-00FF-40E0-8216-18EFF879D499}.Debug|Any CPU.Build.0 = Debug|Any CPU
		{78395361-00FF-40E0-8216-18EFF879D499}.Release|Any CPU.ActiveCfg = Release|Any CPU
		{78395361-00FF-40E0-8216-18EFF879D499}.Release|Any CPU.Build.0 = Release|Any CPU
		{89265311-BFB5-4F4F-9314-67D37C1716D0}.Debug|Any CPU.ActiveCfg = Debug|Any CPU
		{89265311-BFB5-4F4F-9314-67D37C1716D0}.Debug|Any CPU.Build.0 = Debug|Any CPU
		{89265311-BFB5-4F4F-9314-67D37C1716D0}.Release|Any CPU.ActiveCfg = Release|Any CPU
		{89265311-BFB5-4F4F-9314-67D37C1716D0}.Release|Any CPU.Build.0 = Release|Any CPU
		{3F26C9B1-9E71-4965-954B-B424CEAC0D97}.Debug|Any CPU.ActiveCfg = Debug|Any CPU
		{3F26C9B1-9E71-4965-954B-B424CEAC0D97}.Debug|Any CPU.Build.0 = Debug|Any CPU
		{3F26C9B1-9E71-4965-954B-B424CEAC0D97}.Release|Any CPU.ActiveCfg = Release|Any CPU
		{3F26C9B1-9E71-4965-954B-B424CEAC0D97}.Release|Any CPU.Build.0 = Release|Any CPU
		{FA4A5A7B-9EBB-4C33-A5AE-08ABA870363F}.Debug|Any CPU.ActiveCfg = Debug|Any CPU
		{FA4A5A7B-9EBB-4C33-A5AE-08ABA870363F}.Debug|Any CPU.Build.0 = Debug|Any CPU
		{FA4A5A7B-9EBB-4C33-A5AE-08ABA870363F}.Release|Any CPU.ActiveCfg = Release|Any CPU
		{FA4A5A7B-9EBB-4C33-A5AE-08ABA870363F}.Release|Any CPU.Build.0 = Release|Any CPU
		{5DD8B157-F529-476B-B1CC-E1D7D14478DB}.Debug|Any CPU.ActiveCfg = Debug|Any CPU
		{5DD8B157-F529-476B-B1CC-E1D7D14478DB}.Debug|Any CPU.Build.0 = Debug|Any CPU
		{5DD8B157-F529-476B-B1CC-E1D7D14478DB}.Release|Any CPU.ActiveCfg = Release|Any CPU
		{5DD8B157-F529-476B-B1CC-E1D7D14478DB}.Release|Any CPU.Build.0 = Release|Any CPU
		{F60C613F-3DEF-4AC0-886C-8945DAEE0612}.Debug|Any CPU.ActiveCfg = Debug|Any CPU
		{F60C613F-3DEF-4AC0-886C-8945DAEE0612}.Debug|Any CPU.Build.0 = Debug|Any CPU
		{F60C613F-3DEF-4AC0-886C-8945DAEE0612}.Release|Any CPU.ActiveCfg = Release|Any CPU
		{F60C613F-3DEF-4AC0-886C-8945DAEE0612}.Release|Any CPU.Build.0 = Release|Any CPU
		{FF97822F-85B6-446B-AF51-3E6D3DB3697E}.Debug|Any CPU.ActiveCfg = Debug|Any CPU
		{FF97822F-85B6-446B-AF51-3E6D3DB3697E}.Debug|Any CPU.Build.0 = Debug|Any CPU
		{FF97822F-85B6-446B-AF51-3E6D3DB3697E}.Release|Any CPU.ActiveCfg = Release|Any CPU
		{FF97822F-85B6-446B-AF51-3E6D3DB3697E}.Release|Any CPU.Build.0 = Release|Any CPU
		{6812B93A-F298-4981-A2A9-F13C9C022A37}.Debug|Any CPU.ActiveCfg = Debug|Any CPU
		{6812B93A-F298-4981-A2A9-F13C9C022A37}.Debug|Any CPU.Build.0 = Debug|Any CPU
		{6812B93A-F298-4981-A2A9-F13C9C022A37}.Release|Any CPU.ActiveCfg = Release|Any CPU
		{6812B93A-F298-4981-A2A9-F13C9C022A37}.Release|Any CPU.Build.0 = Release|Any CPU
		{4C8ACA40-63F8-41D4-93BE-D4598999AFA1}.Debug|Any CPU.ActiveCfg = Debug|Any CPU
		{4C8ACA40-63F8-41D4-93BE-D4598999AFA1}.Debug|Any CPU.Build.0 = Debug|Any CPU
		{4C8ACA40-63F8-41D4-93BE-D4598999AFA1}.Release|Any CPU.ActiveCfg = Release|Any CPU
		{4C8ACA40-63F8-41D4-93BE-D4598999AFA1}.Release|Any CPU.Build.0 = Release|Any CPU
		{F5B53A4B-A7DB-4E9C-B27A-15BA48EACDAD}.Debug|Any CPU.ActiveCfg = Debug|Any CPU
		{F5B53A4B-A7DB-4E9C-B27A-15BA48EACDAD}.Debug|Any CPU.Build.0 = Debug|Any CPU
		{F5B53A4B-A7DB-4E9C-B27A-15BA48EACDAD}.Release|Any CPU.ActiveCfg = Release|Any CPU
		{F5B53A4B-A7DB-4E9C-B27A-15BA48EACDAD}.Release|Any CPU.Build.0 = Release|Any CPU
		{D87BB1E2-AF6E-4C68-BB16-DEEA351C7DAA}.Debug|Any CPU.ActiveCfg = Debug|Any CPU
		{D87BB1E2-AF6E-4C68-BB16-DEEA351C7DAA}.Debug|Any CPU.Build.0 = Debug|Any CPU
		{D87BB1E2-AF6E-4C68-BB16-DEEA351C7DAA}.Release|Any CPU.ActiveCfg = Release|Any CPU
		{D87BB1E2-AF6E-4C68-BB16-DEEA351C7DAA}.Release|Any CPU.Build.0 = Release|Any CPU
		{2F228D49-3B1E-4EF6-9346-C7B3424A7D32}.Debug|Any CPU.ActiveCfg = Debug|Any CPU
		{2F228D49-3B1E-4EF6-9346-C7B3424A7D32}.Debug|Any CPU.Build.0 = Debug|Any CPU
		{2F228D49-3B1E-4EF6-9346-C7B3424A7D32}.Release|Any CPU.ActiveCfg = Release|Any CPU
		{2F228D49-3B1E-4EF6-9346-C7B3424A7D32}.Release|Any CPU.Build.0 = Release|Any CPU
		{622D821A-9EBE-4883-9A90-076CA3CA5E36}.Debug|Any CPU.ActiveCfg = Debug|Any CPU
		{622D821A-9EBE-4883-9A90-076CA3CA5E36}.Debug|Any CPU.Build.0 = Debug|Any CPU
		{622D821A-9EBE-4883-9A90-076CA3CA5E36}.Release|Any CPU.ActiveCfg = Release|Any CPU
		{622D821A-9EBE-4883-9A90-076CA3CA5E36}.Release|Any CPU.Build.0 = Release|Any CPU
		{5E0AA647-D283-422B-B90D-C040EBD3DD14}.Debug|Any CPU.ActiveCfg = Debug|Any CPU
		{5E0AA647-D283-422B-B90D-C040EBD3DD14}.Debug|Any CPU.Build.0 = Debug|Any CPU
		{5E0AA647-D283-422B-B90D-C040EBD3DD14}.Release|Any CPU.ActiveCfg = Release|Any CPU
		{5E0AA647-D283-422B-B90D-C040EBD3DD14}.Release|Any CPU.Build.0 = Release|Any CPU
		{A5B1B9E8-E2E2-400E-90B3-40D25D4EB690}.Debug|Any CPU.ActiveCfg = Debug|Any CPU
		{A5B1B9E8-E2E2-400E-90B3-40D25D4EB690}.Debug|Any CPU.Build.0 = Debug|Any CPU
		{A5B1B9E8-E2E2-400E-90B3-40D25D4EB690}.Release|Any CPU.ActiveCfg = Release|Any CPU
		{A5B1B9E8-E2E2-400E-90B3-40D25D4EB690}.Release|Any CPU.Build.0 = Release|Any CPU
		{BA257096-6789-4E15-B1C6-6D2A4D16490A}.Debug|Any CPU.ActiveCfg = Debug|Any CPU
		{BA257096-6789-4E15-B1C6-6D2A4D16490A}.Debug|Any CPU.Build.0 = Debug|Any CPU
		{BA257096-6789-4E15-B1C6-6D2A4D16490A}.Release|Any CPU.ActiveCfg = Release|Any CPU
		{BA257096-6789-4E15-B1C6-6D2A4D16490A}.Release|Any CPU.Build.0 = Release|Any CPU
		{688BF028-7C82-479F-B4C9-12F9365543BA}.Debug|Any CPU.ActiveCfg = Debug|Any CPU
		{688BF028-7C82-479F-B4C9-12F9365543BA}.Debug|Any CPU.Build.0 = Debug|Any CPU
		{688BF028-7C82-479F-B4C9-12F9365543BA}.Release|Any CPU.ActiveCfg = Release|Any CPU
		{688BF028-7C82-479F-B4C9-12F9365543BA}.Release|Any CPU.Build.0 = Release|Any CPU
		{5B1B1DC4-8CA5-4FE9-ABE3-F5A2EF1AB181}.Debug|Any CPU.ActiveCfg = Debug|Any CPU
		{5B1B1DC4-8CA5-4FE9-ABE3-F5A2EF1AB181}.Debug|Any CPU.Build.0 = Debug|Any CPU
		{5B1B1DC4-8CA5-4FE9-ABE3-F5A2EF1AB181}.Release|Any CPU.ActiveCfg = Release|Any CPU
		{5B1B1DC4-8CA5-4FE9-ABE3-F5A2EF1AB181}.Release|Any CPU.Build.0 = Release|Any CPU
		{5370981F-FFB4-46F5-B2F7-E65E5006B127}.Debug|Any CPU.ActiveCfg = Debug|Any CPU
		{5370981F-FFB4-46F5-B2F7-E65E5006B127}.Debug|Any CPU.Build.0 = Debug|Any CPU
		{5370981F-FFB4-46F5-B2F7-E65E5006B127}.Release|Any CPU.ActiveCfg = Release|Any CPU
		{5370981F-FFB4-46F5-B2F7-E65E5006B127}.Release|Any CPU.Build.0 = Release|Any CPU
		{EC4B1356-E224-408B-B072-7F02343716D2}.Debug|Any CPU.ActiveCfg = Debug|Any CPU
		{EC4B1356-E224-408B-B072-7F02343716D2}.Debug|Any CPU.Build.0 = Debug|Any CPU
		{EC4B1356-E224-408B-B072-7F02343716D2}.Release|Any CPU.ActiveCfg = Release|Any CPU
		{EC4B1356-E224-408B-B072-7F02343716D2}.Release|Any CPU.Build.0 = Release|Any CPU
		{19FC0F96-F60B-48F0-89AC-38930F8E9981}.Debug|Any CPU.ActiveCfg = Debug|Any CPU
		{19FC0F96-F60B-48F0-89AC-38930F8E9981}.Debug|Any CPU.Build.0 = Debug|Any CPU
		{19FC0F96-F60B-48F0-89AC-38930F8E9981}.Release|Any CPU.ActiveCfg = Release|Any CPU
		{19FC0F96-F60B-48F0-89AC-38930F8E9981}.Release|Any CPU.Build.0 = Release|Any CPU
		{A5BCEBAF-5297-4BBB-89D3-03CD7BCBC466}.Debug|Any CPU.ActiveCfg = Debug|Any CPU
		{A5BCEBAF-5297-4BBB-89D3-03CD7BCBC466}.Debug|Any CPU.Build.0 = Debug|Any CPU
		{A5BCEBAF-5297-4BBB-89D3-03CD7BCBC466}.Release|Any CPU.ActiveCfg = Release|Any CPU
		{A5BCEBAF-5297-4BBB-89D3-03CD7BCBC466}.Release|Any CPU.Build.0 = Release|Any CPU
		{C4EC3FE0-3D75-4577-9EA5-2CB2715976CF}.Debug|Any CPU.ActiveCfg = Debug|Any CPU
		{C4EC3FE0-3D75-4577-9EA5-2CB2715976CF}.Debug|Any CPU.Build.0 = Debug|Any CPU
		{C4EC3FE0-3D75-4577-9EA5-2CB2715976CF}.Release|Any CPU.ActiveCfg = Release|Any CPU
		{C4EC3FE0-3D75-4577-9EA5-2CB2715976CF}.Release|Any CPU.Build.0 = Release|Any CPU
		{AAB4DEC1-889E-471B-8419-C9AEC07454E0}.Debug|Any CPU.ActiveCfg = Debug|Any CPU
		{AAB4DEC1-889E-471B-8419-C9AEC07454E0}.Debug|Any CPU.Build.0 = Debug|Any CPU
		{AAB4DEC1-889E-471B-8419-C9AEC07454E0}.Release|Any CPU.ActiveCfg = Release|Any CPU
		{AAB4DEC1-889E-471B-8419-C9AEC07454E0}.Release|Any CPU.Build.0 = Release|Any CPU
	EndGlobalSection
EndGlobal
