
Microsoft Visual Studio Solution File, Format Version 12.00
Project("{FAE04EC0-301F-11D3-BF4B-00C04F79EFBC}") = "A", "A\A.csproj", "{4AC866B0-8BE9-413B-ACB2-3BCA9ABD034C}"
EndProject
Project("{FAE04EC0-301F-11D3-BF4B-00C04F79EFBC}") = "A.Tests", "A.Tests\A.Tests.csproj", "{DEAE1383-423C-43A9-9613-F6AD748B2A79}"
EndProject
Project("{FAE04EC0-301F-11D3-BF4B-00C04F79EFBC}") = "B", "B\B.csproj", "{C8F7527E-61BC-43ED-82E8-388F758B752F}"
EndProject
Project("{FAE04EC0-301F-11D3-BF4B-00C04F79EFBC}") = "B.Tests", "B.Tests\B.Tests.csproj", "{3BF0E92C-CC1F-4E4C-A59E-4E836C287CC7}"
EndProject
Project("{FAE04EC0-301F-11D3-BF4B-00C04F79EFBC}") = "C", "C\C.csproj", "{9C343474-A8C1-45CC-8FB4-795115D6BA1B}"
EndProject
Project("{FAE04EC0-301F-11D3-BF4B-00C04F79EFBC}") = "C.Tests", "C.Tests\C.Tests.csproj", "{83DBA4FC-BDD1-4BC5-8C91-33A60A0E6BC0}"
EndProject
Project("{FAE04EC0-301F-11D3-BF4B-00C04F79EFBC}") = "D", "D\D.csproj", "{1AB2853E-5FDA-4CB4-99C7-086396DF571D}"
EndProject
Project("{FAE04EC0-301F-11D3-BF4B-00C04F79EFBC}") = "D.Tests", "D.Tests\D.Tests.csproj", "{43F65CAA-8EA4-4E1D-A8BF-761F7FD1164D}"
EndProject
Project("{FAE04EC0-301F-11D3-BF4B-00C04F79EFBC}") = "E", "E\E.csproj", "{355D6DFA-BE2D-4A54-A4DC-48061AE17873}"
EndProject
Project("{FAE04EC0-301F-11D3-BF4B-00C04F79EFBC}") = "E.Tests", "E.Tests\E.Tests.csproj", "{EEB121BD-261C-413E-82C8-EE58D1685B5B}"
EndProject
Project("{FAE04EC0-301F-11D3-BF4B-00C04F79EFBC}") = "F", "F\F.csproj", "{E6C8D3DB-6C0C-4D7F-B2F9-F5D26CF02444}"
EndProject
Project("{FAE04EC0-301F-11D3-BF4B-00C04F79EFBC}") = "F.Tests", "F.Tests\F.Tests.csproj", "{0CC8AB7D-B105-43BB-A4CF-45C9DD5B27D4}"
EndProject
Project("{FAE04EC0-301F-11D3-BF4B-00C04F79EFBC}") = "G.Tests", "G.Tests\G.Tests.csproj", "{99F5AC25-36A2-40AF-B5EA-D03C76DBA8A6}"
EndProject
Project("{FAE04EC0-301F-11D3-BF4B-00C04F79EFBC}") = "G", "G\G.csproj", "{9BF611C7-3E1C-40F7-BAF6-A0262DF244FB}"
EndProject
Project("{FAE04EC0-301F-11D3-BF4B-00C04F79EFBC}") = "H", "H\H.csproj", "{7D785C28-6BA4-4824-ABBF-DD0C05FFCB0F}"
EndProject
Project("{FAE04EC0-301F-11D3-BF4B-00C04F79EFBC}") = "H.Tests", "H.Tests\H.Tests.csproj", "{C62EA5F1-1AEC-4D3D-97EE-160C5BE8AEC1}"
EndProject
Project("{FAE04EC0-301F-11D3-BF4B-00C04F79EFBC}") = "I", "I\I.csproj", "{430BBEDA-0767-4FB7-8B31-1A5CE0FB621D}"
EndProject
Project("{FAE04EC0-301F-11D3-BF4B-00C04F79EFBC}") = "I.Tests", "I.Tests\I.Tests.csproj", "{9A209949-1627-4C88-99C0-0A8319296CF6}"
EndProject
Project("{FAE04EC0-301F-11D3-BF4B-00C04F79EFBC}") = "J", "J\J.csproj", "{D1EE18E8-0C1B-4F86-8A2E-5F39B9D8FA9B}"
EndProject
Project("{FAE04EC0-301F-11D3-BF4B-00C04F79EFBC}") = "K", "K\K.csproj", "{80371C2C-14C5-4068-AF65-F2999F3E3445}"
EndProject
Project("{FAE04EC0-301F-11D3-BF4B-00C04F79EFBC}") = "L", "L\L.csproj", "{58C8D876-DB36-4F16-BA04-FE6BD3649FEC}"
EndProject
Project("{FAE04EC0-301F-11D3-BF4B-00C04F79EFBC}") = "J.Tests", "J.Tests\J.Tests.csproj", "{DB93E973-1305-4B9E-8749-F6067A70B024}"
EndProject
Project("{FAE04EC0-301F-11D3-BF4B-00C04F79EFBC}") = "K.Tests", "K.Tests\K.Tests.csproj", "{B8F88755-908B-4AEE-BAF0-A370C50BB2D9}"
EndProject
Project("{FAE04EC0-301F-11D3-BF4B-00C04F79EFBC}") = "L.Tests", "L.Tests\L.Tests.csproj", "{85DAC75C-FBF1-4AF4-8B81-BC8D414C0732}"
EndProject
Global
	GlobalSection(SolutionConfigurationPlatforms) = preSolution
		Debug|Any CPU = Debug|Any CPU
		Release|Any CPU = Release|Any CPU
	EndGlobalSection
	GlobalSection(ProjectConfigurationPlatforms) = postSolution
		{4AC866B0-8BE9-413B-ACB2-3BCA9ABD034C}.Debug|Any CPU.ActiveCfg = Debug|Any CPU
		{4AC866B0-8BE9-413B-ACB2-3BCA9ABD034C}.Debug|Any CPU.Build.0 = Debug|Any CPU
		{4AC866B0-8BE9-413B-ACB2-3BCA9ABD034C}.Release|Any CPU.ActiveCfg = Release|Any CPU
		{4AC866B0-8BE9-413B-ACB2-3BCA9ABD034C}.Release|Any CPU.Build.0 = Release|Any CPU
		{DEAE1383-423C-43A9-9613-F6AD748B2A79}.Debug|Any CPU.ActiveCfg = Debug|Any CPU
		{DEAE1383-423C-43A9-9613-F6AD748B2A79}.Debug|Any CPU.Build.0 = Debug|Any CPU
		{DEAE1383-423C-43A9-9613-F6AD748B2A79}.Release|Any CPU.ActiveCfg = Release|Any CPU
		{DEAE1383-423C-43A9-9613-F6AD748B2A79}.Release|Any CPU.Build.0 = Release|Any CPU
		{C8F7527E-61BC-43ED-82E8-388F758B752F}.Debug|Any CPU.ActiveCfg = Debug|Any CPU
		{C8F7527E-61BC-43ED-82E8-388F758B752F}.Debug|Any CPU.Build.0 = Debug|Any CPU
		{C8F7527E-61BC-43ED-82E8-388F758B752F}.Release|Any CPU.ActiveCfg = Release|Any CPU
		{C8F7527E-61BC-43ED-82E8-388F758B752F}.Release|Any CPU.Build.0 = Release|Any CPU
		{3BF0E92C-CC1F-4E4C-A59E-4E836C287CC7}.Debug|Any CPU.ActiveCfg = Debug|Any CPU
		{3BF0E92C-CC1F-4E4C-A59E-4E836C287CC7}.Debug|Any CPU.Build.0 = Debug|Any CPU
		{3BF0E92C-CC1F-4E4C-A59E-4E836C287CC7}.Release|Any CPU.ActiveCfg = Release|Any CPU
		{3BF0E92C-CC1F-4E4C-A59E-4E836C287CC7}.Release|Any CPU.Build.0 = Release|Any CPU
		{9C343474-A8C1-45CC-8FB4-795115D6BA1B}.Debug|Any CPU.ActiveCfg = Debug|Any CPU
		{9C343474-A8C1-45CC-8FB4-795115D6BA1B}.Debug|Any CPU.Build.0 = Debug|Any CPU
		{9C343474-A8C1-45CC-8FB4-795115D6BA1B}.Release|Any CPU.ActiveCfg = Release|Any CPU
		{9C343474-A8C1-45CC-8FB4-795115D6BA1B}.Release|Any CPU.Build.0 = Release|Any CPU
		{83DBA4FC-BDD1-4BC5-8C91-33A60A0E6BC0}.Debug|Any CPU.ActiveCfg = Debug|Any CPU
		{83DBA4FC-BDD1-4BC5-8C91-33A60A0E6BC0}.Debug|Any CPU.Build.0 = Debug|Any CPU
		{83DBA4FC-BDD1-4BC5-8C91-33A60A0E6BC0}.Release|Any CPU.ActiveCfg = Release|Any CPU
		{83DBA4FC-BDD1-4BC5-8C91-33A60A0E6BC0}.Release|Any CPU.Build.0 = Release|Any CPU
		{1AB2853E-5FDA-4CB4-99C7-086396DF571D}.Debug|Any CPU.ActiveCfg = Debug|Any CPU
		{1AB2853E-5FDA-4CB4-99C7-086396DF571D}.Debug|Any CPU.Build.0 = Debug|Any CPU
		{1AB2853E-5FDA-4CB4-99C7-086396DF571D}.Release|Any CPU.ActiveCfg = Release|Any CPU
		{1AB2853E-5FDA-4CB4-99C7-086396DF571D}.Release|Any CPU.Build.0 = Release|Any CPU
		{43F65CAA-8EA4-4E1D-A8BF-761F7FD1164D}.Debug|Any CPU.ActiveCfg = Debug|Any CPU
		{43F65CAA-8EA4-4E1D-A8BF-761F7FD1164D}.Debug|Any CPU.Build.0 = Debug|Any CPU
		{43F65CAA-8EA4-4E1D-A8BF-761F7FD1164D}.Release|Any CPU.ActiveCfg = Release|Any CPU
		{43F65CAA-8EA4-4E1D-A8BF-761F7FD1164D}.Release|Any CPU.Build.0 = Release|Any CPU
		{355D6DFA-BE2D-4A54-A4DC-48061AE17873}.Debug|Any CPU.ActiveCfg = Debug|Any CPU
		{355D6DFA-BE2D-4A54-A4DC-48061AE17873}.Debug|Any CPU.Build.0 = Debug|Any CPU
		{355D6DFA-BE2D-4A54-A4DC-48061AE17873}.Release|Any CPU.ActiveCfg = Release|Any CPU
		{355D6DFA-BE2D-4A54-A4DC-48061AE17873}.Release|Any CPU.Build.0 = Release|Any CPU
		{EEB121BD-261C-413E-82C8-EE58D1685B5B}.Debug|Any CPU.ActiveCfg = Debug|Any CPU
		{EEB121BD-261C-413E-82C8-EE58D1685B5B}.Debug|Any CPU.Build.0 = Debug|Any CPU
		{EEB121BD-261C-413E-82C8-EE58D1685B5B}.Release|Any CPU.ActiveCfg = Release|Any CPU
		{EEB121BD-261C-413E-82C8-EE58D1685B5B}.Release|Any CPU.Build.0 = Release|Any CPU
		{E6C8D3DB-6C0C-4D7F-B2F9-F5D26CF02444}.Debug|Any CPU.ActiveCfg = Debug|Any CPU
		{E6C8D3DB-6C0C-4D7F-B2F9-F5D26CF02444}.Debug|Any CPU.Build.0 = Debug|Any CPU
		{E6C8D3DB-6C0C-4D7F-B2F9-F5D26CF02444}.Release|Any CPU.ActiveCfg = Release|Any CPU
		{E6C8D3DB-6C0C-4D7F-B2F9-F5D26CF02444}.Release|Any CPU.Build.0 = Release|Any CPU
		{0CC8AB7D-B105-43BB-A4CF-45C9DD5B27D4}.Debug|Any CPU.ActiveCfg = Debug|Any CPU
		{0CC8AB7D-B105-43BB-A4CF-45C9DD5B27D4}.Debug|Any CPU.Build.0 = Debug|Any CPU
		{0CC8AB7D-B105-43BB-A4CF-45C9DD5B27D4}.Release|Any CPU.ActiveCfg = Release|Any CPU
		{0CC8AB7D-B105-43BB-A4CF-45C9DD5B27D4}.Release|Any CPU.Build.0 = Release|Any CPU
		{99F5AC25-36A2-40AF-B5EA-D03C76DBA8A6}.Debug|Any CPU.ActiveCfg = Debug|Any CPU
		{99F5AC25-36A2-40AF-B5EA-D03C76DBA8A6}.Debug|Any CPU.Build.0 = Debug|Any CPU
		{99F5AC25-36A2-40AF-B5EA-D03C76DBA8A6}.Release|Any CPU.ActiveCfg = Release|Any CPU
		{99F5AC25-36A2-40AF-B5EA-D03C76DBA8A6}.Release|Any CPU.Build.0 = Release|Any CPU
		{9BF611C7-3E1C-40F7-BAF6-A0262DF244FB}.Debug|Any CPU.ActiveCfg = Debug|Any CPU
		{9BF611C7-3E1C-40F7-BAF6-A0262DF244FB}.Debug|Any CPU.Build.0 = Debug|Any CPU
		{9BF611C7-3E1C-40F7-BAF6-A0262DF244FB}.Release|Any CPU.ActiveCfg = Release|Any CPU
		{9BF611C7-3E1C-40F7-BAF6-A0262DF244FB}.Release|Any CPU.Build.0 = Release|Any CPU
		{7D785C28-6BA4-4824-ABBF-DD0C05FFCB0F}.Debug|Any CPU.ActiveCfg = Debug|Any CPU
		{7D785C28-6BA4-4824-ABBF-DD0C05FFCB0F}.Debug|Any CPU.Build.0 = Debug|Any CPU
		{7D785C28-6BA4-4824-ABBF-DD0C05FFCB0F}.Release|Any CPU.ActiveCfg = Release|Any CPU
		{7D785C28-6BA4-4824-ABBF-DD0C05FFCB0F}.Release|Any CPU.Build.0 = Release|Any CPU
		{C62EA5F1-1AEC-4D3D-97EE-160C5BE8AEC1}.Debug|Any CPU.ActiveCfg = Debug|Any CPU
		{C62EA5F1-1AEC-4D3D-97EE-160C5BE8AEC1}.Debug|Any CPU.Build.0 = Debug|Any CPU
		{C62EA5F1-1AEC-4D3D-97EE-160C5BE8AEC1}.Release|Any CPU.ActiveCfg = Release|Any CPU
		{C62EA5F1-1AEC-4D3D-97EE-160C5BE8AEC1}.Release|Any CPU.Build.0 = Release|Any CPU
		{430BBEDA-0767-4FB7-8B31-1A5CE0FB621D}.Debug|Any CPU.ActiveCfg = Debug|Any CPU
		{430BBEDA-0767-4FB7-8B31-1A5CE0FB621D}.Debug|Any CPU.Build.0 = Debug|Any CPU
		{430BBEDA-0767-4FB7-8B31-1A5CE0FB621D}.Release|Any CPU.ActiveCfg = Release|Any CPU
		{430BBEDA-0767-4FB7-8B31-1A5CE0FB621D}.Release|Any CPU.Build.0 = Release|Any CPU
		{9A209949-1627-4C88-99C0-0A8319296CF6}.Debug|Any CPU.ActiveCfg = Debug|Any CPU
		{9A209949-1627-4C88-99C0-0A8319296CF6}.Debug|Any CPU.Build.0 = Debug|Any CPU
		{9A209949-1627-4C88-99C0-0A8319296CF6}.Release|Any CPU.ActiveCfg = Release|Any CPU
		{9A209949-1627-4C88-99C0-0A8319296CF6}.Release|Any CPU.Build.0 = Release|Any CPU
		{D1EE18E8-0C1B-4F86-8A2E-5F39B9D8FA9B}.Debug|Any CPU.ActiveCfg = Debug|Any CPU
		{D1EE18E8-0C1B-4F86-8A2E-5F39B9D8FA9B}.Debug|Any CPU.Build.0 = Debug|Any CPU
		{D1EE18E8-0C1B-4F86-8A2E-5F39B9D8FA9B}.Release|Any CPU.ActiveCfg = Release|Any CPU
		{D1EE18E8-0C1B-4F86-8A2E-5F39B9D8FA9B}.Release|Any CPU.Build.0 = Release|Any CPU
		{80371C2C-14C5-4068-AF65-F2999F3E3445}.Debug|Any CPU.ActiveCfg = Debug|Any CPU
		{80371C2C-14C5-4068-AF65-F2999F3E3445}.Debug|Any CPU.Build.0 = Debug|Any CPU
		{80371C2C-14C5-4068-AF65-F2999F3E3445}.Release|Any CPU.ActiveCfg = Release|Any CPU
		{80371C2C-14C5-4068-AF65-F2999F3E3445}.Release|Any CPU.Build.0 = Release|Any CPU
		{58C8D876-DB36-4F16-BA04-FE6BD3649FEC}.Debug|Any CPU.ActiveCfg = Debug|Any CPU
		{58C8D876-DB36-4F16-BA04-FE6BD3649FEC}.Debug|Any CPU.Build.0 = Debug|Any CPU
		{58C8D876-DB36-4F16-BA04-FE6BD3649FEC}.Release|Any CPU.ActiveCfg = Release|Any CPU
		{58C8D876-DB36-4F16-BA04-FE6BD3649FEC}.Release|Any CPU.Build.0 = Release|Any CPU
		{DB93E973-1305-4B9E-8749-F6067A70B024}.Debug|Any CPU.ActiveCfg = Debug|Any CPU
		{DB93E973-1305-4B9E-8749-F6067A70B024}.Debug|Any CPU.Build.0 = Debug|Any CPU
		{DB93E973-1305-4B9E-8749-F6067A70B024}.Release|Any CPU.ActiveCfg = Release|Any CPU
		{DB93E973-1305-4B9E-8749-F6067A70B024}.Release|Any CPU.Build.0 = Release|Any CPU
		{B8F88755-908B-4AEE-BAF0-A370C50BB2D9}.Debug|Any CPU.ActiveCfg = Debug|Any CPU
		{B8F88755-908B-4AEE-BAF0-A370C50BB2D9}.Debug|Any CPU.Build.0 = Debug|Any CPU
		{B8F88755-908B-4AEE-BAF0-A370C50BB2D9}.Release|Any CPU.ActiveCfg = Release|Any CPU
		{B8F88755-908B-4AEE-BAF0-A370C50BB2D9}.Release|Any CPU.Build.0 = Release|Any CPU
		{85DAC75C-FBF1-4AF4-8B81-BC8D414C0732}.Debug|Any CPU.ActiveCfg = Debug|Any CPU
		{85DAC75C-FBF1-4AF4-8B81-BC8D414C0732}.Debug|Any CPU.Build.0 = Debug|Any CPU
		{85DAC75C-FBF1-4AF4-8B81-BC8D414C0732}.Release|Any CPU.ActiveCfg = Release|Any CPU
		{85DAC75C-FBF1-4AF4-8B81-BC8D414C0732}.Release|Any CPU.Build.0 = Release|Any CPU
	EndGlobalSection
EndGlobal
