
Microsoft Visual Studio Solution File, Format Version 12.00
Project("{FAE04EC0-301F-11D3-BF4B-00C04F79EFBC}") = "A", "A\A.csproj", "{990D4370-4B8D-48E4-A899-4D1BEC2A88DD}"
EndProject
Project("{FAE04EC0-301F-11D3-BF4B-00C04F79EFBC}") = "A.Tests", "A.Tests\A.Tests.csproj", "{37100BAC-4CF0-4591-8083-F4AA5E6288E5}"
EndProject
Project("{FAE04EC0-301F-11D3-BF4B-00C04F79EFBC}") = "B", "B\B.csproj", "{7EDA2733-7A5D-419B-BB2E-EA6D941F1F34}"
EndProject
Project("{FAE04EC0-301F-11D3-BF4B-00C04F79EFBC}") = "B.Tests", "B.Tests\B.Tests.csproj", "{B02CDD5F-D2EA-45B7-8627-B4910FD4E257}"
EndProject
Project("{FAE04EC0-301F-11D3-BF4B-00C04F79EFBC}") = "C", "C\C.csproj", "{9B5A9166-755A-480F-B23F-FB4014F45A4A}"
EndProject
Project("{FAE04EC0-301F-11D3-BF4B-00C04F79EFBC}") = "C.Tests", "C.Tests\C.Tests.csproj", "{96C0A146-3F0D-4FC2-8957-1805F010A665}"
EndProject
Project("{FAE04EC0-301F-11D3-BF4B-00C04F79EFBC}") = "D", "D\D.csproj", "{A5E60CDC-EEA1-45F5-90DB-1612F1DDF557}"
EndProject
Project("{FAE04EC0-301F-11D3-BF4B-00C04F79EFBC}") = "D.Tests", "D.Tests\D.Tests.csproj", "{008D99E1-4A40-48A9-8247-F571A687843A}"
EndProject
Project("{FAE04EC0-301F-11D3-BF4B-00C04F79EFBC}") = "E", "E\E.csproj", "{77649E2D-ECF2-4B8C-B3E6-67A6A26A54A6}"
EndProject
Project("{FAE04EC0-301F-11D3-BF4B-00C04F79EFBC}") = "E.Tests", "E.Tests\E.Tests.csproj", "{4276ABD7-E6DC-4F18-B3A7-966A5A6F306B}"
EndProject
Project("{FAE04EC0-301F-11D3-BF4B-00C04F79EFBC}") = "F", "F\F.csproj", "{11C63C6E-1ACD-4767-95AC-F0ED8EA5CDE4}"
EndProject
Project("{FAE04EC0-301F-11D3-BF4B-00C04F79EFBC}") = "F.Tests", "F.Tests\F.Tests.csproj", "{7631D7FB-1B01-474E-8FB9-D8EEAAEAFE94}"
EndProject
Project("{FAE04EC0-301F-11D3-BF4B-00C04F79EFBC}") = "G", "G\G.csproj", "{6888162E-37B3-405D-AFEF-B44B2A89808A}"
EndProject
Project("{FAE04EC0-301F-11D3-BF4B-00C04F79EFBC}") = "G.Tests", "G.Tests\G.Tests.csproj", "{3F304767-C38F-4C1C-9E96-4F4E7ADE28B5}"
EndProject
Project("{FAE04EC0-301F-11D3-BF4B-00C04F79EFBC}") = "H", "H\H.csproj", "{0307F4F0-5571-4BBF-AAE3-159BEFDA2EB0}"
EndProject
Project("{FAE04EC0-301F-11D3-BF4B-00C04F79EFBC}") = "H.Tests", "H.Tests\H.Tests.csproj", "{24C53561-5E71-443B-B784-51B4EDC99C2B}"
EndProject
Project("{FAE04EC0-301F-11D3-BF4B-00C04F79EFBC}") = "I", "I\I.csproj", "{DB7306AA-9187-4F98-A3EF-CC455D748BBB}"
EndProject
Project("{FAE04EC0-301F-11D3-BF4B-00C04F79EFBC}") = "I.Tests", "I.Tests\I.Tests.csproj", "{AF88781D-EA3C-46E5-BE14-40AF4477C304}"
EndProject
Project("{FAE04EC0-301F-11D3-BF4B-00C04F79EFBC}") = "J", "J\J.csproj", "{99CF4F8F-7D78-47E2-A405-4085369B0D1C}"
EndProject
Project("{FAE04EC0-301F-11D3-BF4B-00C04F79EFBC}") = "J.Tests", "J.Tests\J.Tests.csproj", "{124D7180-395B-4737-B33F-D4063C30F522}"
EndProject
Project("{FAE04EC0-301F-11D3-BF4B-00C04F79EFBC}") = "K", "K\K.csproj", "{DCC28038-5D01-4D6D-B3C1-E371F2B6F183}"
EndProject
Project("{FAE04EC0-301F-11D3-BF4B-00C04F79EFBC}") = "K.Tests", "K.Tests\K.Tests.csproj", "{E81D0BB3-5C51-438E-B835-1A1876C9DB47}"
EndProject
Project("{FAE04EC0-301F-11D3-BF4B-00C04F79EFBC}") = "L", "L\L.csproj", "{4506846B-93E6-407C-AD42-88AAAD5DBB7F}"
EndProject
Project("{FAE04EC0-301F-11D3-BF4B-00C04F79EFBC}") = "L.Tests", "L.Tests\L.Tests.csproj", "{74B69B15-2857-4C20-8ED0-D0B1E5D9725D}"
EndProject
Project("{FAE04EC0-301F-11D3-BF4B-00C04F79EFBC}") = "M", "M\M.csproj", "{AFB495CA-368A-4608-9A2A-D870C0A54E95}"
EndProject
Project("{FAE04EC0-301F-11D3-BF4B-00C04F79EFBC}") = "M.Tests", "M.Tests\M.Tests.csproj", "{25B8ACAB-6EC4-45C1-9E42-9D64EE206D5E}"
EndProject
Global
	GlobalSection(SolutionConfigurationPlatforms) = preSolution
		Debug|Any CPU = Debug|Any CPU
		Release|Any CPU = Release|Any CPU
	EndGlobalSection
	GlobalSection(ProjectConfigurationPlatforms) = postSolution
		{990D4370-4B8D-48E4-A899-4D1BEC2A88DD}.Debug|Any CPU.ActiveCfg = Debug|Any CPU
		{990D4370-4B8D-48E4-A899-4D1BEC2A88DD}.Debug|Any CPU.Build.0 = Debug|Any CPU
		{990D4370-4B8D-48E4-A899-4D1BEC2A88DD}.Release|Any CPU.ActiveCfg = Release|Any CPU
		{990D4370-4B8D-48E4-A899-4D1BEC2A88DD}.Release|Any CPU.Build.0 = Release|Any CPU
		{37100BAC-4CF0-4591-8083-F4AA5E6288E5}.Debug|Any CPU.ActiveCfg = Debug|Any CPU
		{37100BAC-4CF0-4591-8083-F4AA5E6288E5}.Debug|Any CPU.Build.0 = Debug|Any CPU
		{37100BAC-4CF0-4591-8083-F4AA5E6288E5}.Release|Any CPU.ActiveCfg = Release|Any CPU
		{37100BAC-4CF0-4591-8083-F4AA5E6288E5}.Release|Any CPU.Build.0 = Release|Any CPU
		{7EDA2733-7A5D-419B-BB2E-EA6D941F1F34}.Debug|Any CPU.ActiveCfg = Debug|Any CPU
		{7EDA2733-7A5D-419B-BB2E-EA6D941F1F34}.Debug|Any CPU.Build.0 = Debug|Any CPU
		{7EDA2733-7A5D-419B-BB2E-EA6D941F1F34}.Release|Any CPU.ActiveCfg = Release|Any CPU
		{7EDA2733-7A5D-419B-BB2E-EA6D941F1F34}.Release|Any CPU.Build.0 = Release|Any CPU
		{B02CDD5F-D2EA-45B7-8627-B4910FD4E257}.Debug|Any CPU.ActiveCfg = Debug|Any CPU
		{B02CDD5F-D2EA-45B7-8627-B4910FD4E257}.Debug|Any CPU.Build.0 = Debug|Any CPU
		{B02CDD5F-D2EA-45B7-8627-B4910FD4E257}.Release|Any CPU.ActiveCfg = Release|Any CPU
		{B02CDD5F-D2EA-45B7-8627-B4910FD4E257}.Release|Any CPU.Build.0 = Release|Any CPU
		{9B5A9166-755A-480F-B23F-FB4014F45A4A}.Debug|Any CPU.ActiveCfg = Debug|Any CPU
		{9B5A9166-755A-480F-B23F-FB4014F45A4A}.Debug|Any CPU.Build.0 = Debug|Any CPU
		{9B5A9166-755A-480F-B23F-FB4014F45A4A}.Release|Any CPU.ActiveCfg = Release|Any CPU
		{9B5A9166-755A-480F-B23F-FB4014F45A4A}.Release|Any CPU.Build.0 = Release|Any CPU
		{96C0A146-3F0D-4FC2-8957-1805F010A665}.Debug|Any CPU.ActiveCfg = Debug|Any CPU
		{96C0A146-3F0D-4FC2-8957-1805F010A665}.Debug|Any CPU.Build.0 = Debug|Any CPU
		{96C0A146-3F0D-4FC2-8957-1805F010A665}.Release|Any CPU.ActiveCfg = Release|Any CPU
		{96C0A146-3F0D-4FC2-8957-1805F010A665}.Release|Any CPU.Build.0 = Release|Any CPU
		{A5E60CDC-EEA1-45F5-90DB-1612F1DDF557}.Debug|Any CPU.ActiveCfg = Debug|Any CPU
		{A5E60CDC-EEA1-45F5-90DB-1612F1DDF557}.Debug|Any CPU.Build.0 = Debug|Any CPU
		{A5E60CDC-EEA1-45F5-90DB-1612F1DDF557}.Release|Any CPU.ActiveCfg = Release|Any CPU
		{A5E60CDC-EEA1-45F5-90DB-1612F1DDF557}.Release|Any CPU.Build.0 = Release|Any CPU
		{008D99E1-4A40-48A9-8247-F571A687843A}.Debug|Any CPU.ActiveCfg = Debug|Any CPU
		{008D99E1-4A40-48A9-8247-F571A687843A}.Debug|Any CPU.Build.0 = Debug|Any CPU
		{008D99E1-4A40-48A9-8247-F571A687843A}.Release|Any CPU.ActiveCfg = Release|Any CPU
		{008D99E1-4A40-48A9-8247-F571A687843A}.Release|Any CPU.Build.0 = Release|Any CPU
		{77649E2D-ECF2-4B8C-B3E6-67A6A26A54A6}.Debug|Any CPU.ActiveCfg = Debug|Any CPU
		{77649E2D-ECF2-4B8C-B3E6-67A6A26A54A6}.Debug|Any CPU.Build.0 = Debug|Any CPU
		{77649E2D-ECF2-4B8C-B3E6-67A6A26A54A6}.Release|Any CPU.ActiveCfg = Release|Any CPU
		{77649E2D-ECF2-4B8C-B3E6-67A6A26A54A6}.Release|Any CPU.Build.0 = Release|Any CPU
		{4276ABD7-E6DC-4F18-B3A7-966A5A6F306B}.Debug|Any CPU.ActiveCfg = Debug|Any CPU
		{4276ABD7-E6DC-4F18-B3A7-966A5A6F306B}.Debug|Any CPU.Build.0 = Debug|Any CPU
		{4276ABD7-E6DC-4F18-B3A7-966A5A6F306B}.Release|Any CPU.ActiveCfg = Release|Any CPU
		{4276ABD7-E6DC-4F18-B3A7-966A5A6F306B}.Release|Any CPU.Build.0 = Release|Any CPU
		{11C63C6E-1ACD-4767-95AC-F0ED8EA5CDE4}.Debug|Any CPU.ActiveCfg = Debug|Any CPU
		{11C63C6E-1ACD-4767-95AC-F0ED8EA5CDE4}.Debug|Any CPU.Build.0 = Debug|Any CPU
		{11C63C6E-1ACD-4767-95AC-F0ED8EA5CDE4}.Release|Any CPU.ActiveCfg = Release|Any CPU
		{11C63C6E-1ACD-4767-95AC-F0ED8EA5CDE4}.Release|Any CPU.Build.0 = Release|Any CPU
		{7631D7FB-1B01-474E-8FB9-D8EEAAEAFE94}.Debug|Any CPU.ActiveCfg = Debug|Any CPU
		{7631D7FB-1B01-474E-8FB9-D8EEAAEAFE94}.Debug|Any CPU.Build.0 = Debug|Any CPU
		{7631D7FB-1B01-474E-8FB9-D8EEAAEAFE94}.Release|Any CPU.ActiveCfg = Release|Any CPU
		{7631D7FB-1B01-474E-8FB9-D8EEAAEAFE94}.Release|Any CPU.Build.0 = Release|Any CPU
		{6888162E-37B3-405D-AFEF-B44B2A89808A}.Debug|Any CPU.ActiveCfg = Debug|Any CPU
		{6888162E-37B3-405D-AFEF-B44B2A89808A}.Debug|Any CPU.Build.0 = Debug|Any CPU
		{6888162E-37B3-405D-AFEF-B44B2A89808A}.Release|Any CPU.ActiveCfg = Release|Any CPU
		{6888162E-37B3-405D-AFEF-B44B2A89808A}.Release|Any CPU.Build.0 = Release|Any CPU
		{3F304767-C38F-4C1C-9E96-4F4E7ADE28B5}.Debug|Any CPU.ActiveCfg = Debug|Any CPU
		{3F304767-C38F-4C1C-9E96-4F4E7ADE28B5}.Debug|Any CPU.Build.0 = Debug|Any CPU
		{3F304767-C38F-4C1C-9E96-4F4E7ADE28B5}.Release|Any CPU.ActiveCfg = Release|Any CPU
		{3F304767-C38F-4C1C-9E96-4F4E7ADE28B5}.Release|Any CPU.Build.0 = Release|Any CPU
		{0307F4F0-5571-4BBF-AAE3-159BEFDA2EB0}.Debug|Any CPU.ActiveCfg = Debug|Any CPU
		{0307F4F0-5571-4BBF-AAE3-159BEFDA2EB0}.Debug|Any CPU.Build.0 = Debug|Any CPU
		{0307F4F0-5571-4BBF-AAE3-159BEFDA2EB0}.Release|Any CPU.ActiveCfg = Release|Any CPU
		{0307F4F0-5571-4BBF-AAE3-159BEFDA2EB0}.Release|Any CPU.Build.0 = Release|Any CPU
		{24C53561-5E71-443B-B784-51B4EDC99C2B}.Debug|Any CPU.ActiveCfg = Debug|Any CPU
		{24C53561-5E71-443B-B784-51B4EDC99C2B}.Debug|Any CPU.Build.0 = Debug|Any CPU
		{24C53561-5E71-443B-B784-51B4EDC99C2B}.Release|Any CPU.ActiveCfg = Release|Any CPU
		{24C53561-5E71-443B-B784-51B4EDC99C2B}.Release|Any CPU.Build.0 = Release|Any CPU
		{DB7306AA-9187-4F98-A3EF-CC455D748BBB}.Debug|Any CPU.ActiveCfg = Debug|Any CPU
		{DB7306AA-9187-4F98-A3EF-CC455D748BBB}.Debug|Any CPU.Build.0 = Debug|Any CPU
		{DB7306AA-9187-4F98-A3EF-CC455D748BBB}.Release|Any CPU.ActiveCfg = Release|Any CPU
		{DB7306AA-9187-4F98-A3EF-CC455D748BBB}.Release|Any CPU.Build.0 = Release|Any CPU
		{AF88781D-EA3C-46E5-BE14-40AF4477C304}.Debug|Any CPU.ActiveCfg = Debug|Any CPU
		{AF88781D-EA3C-46E5-BE14-40AF4477C304}.Debug|Any CPU.Build.0 = Debug|Any CPU
		{AF88781D-EA3C-46E5-BE14-40AF4477C304}.Release|Any CPU.ActiveCfg = Release|Any CPU
		{AF88781D-EA3C-46E5-BE14-40AF4477C304}.Release|Any CPU.Build.0 = Release|Any CPU
		{99CF4F8F-7D78-47E2-A405-4085369B0D1C}.Debug|Any CPU.ActiveCfg = Debug|Any CPU
		{99CF4F8F-7D78-47E2-A405-4085369B0D1C}.Debug|Any CPU.Build.0 = Debug|Any CPU
		{99CF4F8F-7D78-47E2-A405-4085369B0D1C}.Release|Any CPU.ActiveCfg = Release|Any CPU
		{99CF4F8F-7D78-47E2-A405-4085369B0D1C}.Release|Any CPU.Build.0 = Release|Any CPU
		{124D7180-395B-4737-B33F-D4063C30F522}.Debug|Any CPU.ActiveCfg = Debug|Any CPU
		{124D7180-395B-4737-B33F-D4063C30F522}.Debug|Any CPU.Build.0 = Debug|Any CPU
		{124D7180-395B-4737-B33F-D4063C30F522}.Release|Any CPU.ActiveCfg = Release|Any CPU
		{124D7180-395B-4737-B33F-D4063C30F522}.Release|Any CPU.Build.0 = Release|Any CPU
		{DCC28038-5D01-4D6D-B3C1-E371F2B6F183}.Debug|Any CPU.ActiveCfg = Debug|Any CPU
		{DCC28038-5D01-4D6D-B3C1-E371F2B6F183}.Debug|Any CPU.Build.0 = Debug|Any CPU
		{DCC28038-5D01-4D6D-B3C1-E371F2B6F183}.Release|Any CPU.ActiveCfg = Release|Any CPU
		{DCC28038-5D01-4D6D-B3C1-E371F2B6F183}.Release|Any CPU.Build.0 = Release|Any CPU
		{E81D0BB3-5C51-438E-B835-1A1876C9DB47}.Debug|Any CPU.ActiveCfg = Debug|Any CPU
		{E81D0BB3-5C51-438E-B835-1A1876C9DB47}.Debug|Any CPU.Build.0 = Debug|Any CPU
		{E81D0BB3-5C51-438E-B835-1A1876C9DB47}.Release|Any CPU.ActiveCfg = Release|Any CPU
		{E81D0BB3-5C51-438E-B835-1A1876C9DB47}.Release|Any CPU.Build.0 = Release|Any CPU
		{4506846B-93E6-407C-AD42-88AAAD5DBB7F}.Debug|Any CPU.ActiveCfg = Debug|Any CPU
		{4506846B-93E6-407C-AD42-88AAAD5DBB7F}.Debug|Any CPU.Build.0 = Debug|Any CPU
		{4506846B-93E6-407C-AD42-88AAAD5DBB7F}.Release|Any CPU.ActiveCfg = Release|Any CPU
		{4506846B-93E6-407C-AD42-88AAAD5DBB7F}.Release|Any CPU.Build.0 = Release|Any CPU
		{74B69B15-2857-4C20-8ED0-D0B1E5D9725D}.Debug|Any CPU.ActiveCfg = Debug|Any CPU
		{74B69B15-2857-4C20-8ED0-D0B1E5D9725D}.Debug|Any CPU.Build.0 = Debug|Any CPU
		{74B69B15-2857-4C20-8ED0-D0B1E5D9725D}.Release|Any CPU.ActiveCfg = Release|Any CPU
		{74B69B15-2857-4C20-8ED0-D0B1E5D9725D}.Release|Any CPU.Build.0 = Release|Any CPU
		{AFB495CA-368A-4608-9A2A-D870C0A54E95}.Debug|Any CPU.ActiveCfg = Debug|Any CPU
		{AFB495CA-368A-4608-9A2A-D870C0A54E95}.Debug|Any CPU.Build.0 = Debug|Any CPU
		{AFB495CA-368A-4608-9A2A-D870C0A54E95}.Release|Any CPU.ActiveCfg = Release|Any CPU
		{AFB495CA-368A-4608-9A2A-D870C0A54E95}.Release|Any CPU.Build.0 = Release|Any CPU
		{25B8ACAB-6EC4-45C1-9E42-9D64EE206D5E}.Debug|Any CPU.ActiveCfg = Debug|Any CPU
		{25B8ACAB-6EC4-45C1-9E42-9D64EE206D5E}.Debug|Any CPU.Build.0 = Debug|Any CPU
		{25B8ACAB-6EC4-45C1-9E42-9D64EE206D5E}.Release|Any CPU.ActiveCfg = Release|Any CPU
		{25B8ACAB-6EC4-45C1-9E42-9D64EE206D5E}.Release|Any CPU.Build.0 = Release|Any CPU
	EndGlobalSection
EndGlobal
